// !$*UTF8*$!
{
	archiveVersion = 1;
	classes = {
	};
	objectVersion = 50;
	objects = {

/* Begin PBXBuildFile section */
		130C00B820D2AD2A007C3163 /* AppDelegate.swift in Sources */ = {isa = PBXBuildFile; fileRef = 130C00B720D2AD2A007C3163 /* AppDelegate.swift */; };
		130C00BA20D2AD2A007C3163 /* art.scnassets in Resources */ = {isa = PBXBuildFile; fileRef = 130C00B920D2AD2A007C3163 /* art.scnassets */; };
		130C00BC20D2AD2A007C3163 /* ViewController.swift in Sources */ = {isa = PBXBuildFile; fileRef = 130C00BB20D2AD2A007C3163 /* ViewController.swift */; };
		130C00BF20D2AD2A007C3163 /* Main.storyboard in Resources */ = {isa = PBXBuildFile; fileRef = 130C00BD20D2AD2A007C3163 /* Main.storyboard */; };
		130C00C120D2AD2C007C3163 /* Assets.xcassets in Resources */ = {isa = PBXBuildFile; fileRef = 130C00C020D2AD2C007C3163 /* Assets.xcassets */; };
		130C00C420D2AD2C007C3163 /* LaunchScreen.storyboard in Resources */ = {isa = PBXBuildFile; fileRef = 130C00C220D2AD2C007C3163 /* LaunchScreen.storyboard */; };
		13204C572180E559005410FC /* SixButtonKeyboardViewController.swift in Sources */ = {isa = PBXBuildFile; fileRef = 13204C562180E559005410FC /* SixButtonKeyboardViewController.swift */; };
		13204C592180E564005410FC /* SixButtonKeyboardViewController.storyboard in Resources */ = {isa = PBXBuildFile; fileRef = 13204C582180E564005410FC /* SixButtonKeyboardViewController.storyboard */; };
		13204C5B2180EBD1005410FC /* KeyView.swift in Sources */ = {isa = PBXBuildFile; fileRef = 13204C5A2180EBD1005410FC /* KeyView.swift */; };
		13204C5D2180EC2D005410FC /* KeyView.xib in Resources */ = {isa = PBXBuildFile; fileRef = 13204C5C2180EC2D005410FC /* KeyView.xib */; };
		13204C5F2180EC61005410FC /* NibBackedView.swift in Sources */ = {isa = PBXBuildFile; fileRef = 13204C5E2180EC61005410FC /* NibBackedView.swift */; };
		1349DA50218FCDF400FC0411 /* TrackingEngine.swift in Sources */ = {isa = PBXBuildFile; fileRef = 1349DA4F218FCDF400FC0411 /* TrackingEngine.swift */; };
		134B6417214C03FC00285AD5 /* LookAtDirectionIntersectionMethod.swift in Sources */ = {isa = PBXBuildFile; fileRef = 13A7B915214C033700714057 /* LookAtDirectionIntersectionMethod.swift */; };
		134B6419214C3A4B00285AD5 /* TrackingNode.swift in Sources */ = {isa = PBXBuildFile; fileRef = 134B6418214C3A4B00285AD5 /* TrackingNode.swift */; };
		139EDEEC21419D700009A99F /* ScreenTrackingViewController.swift in Sources */ = {isa = PBXBuildFile; fileRef = 139EDEEB21419D700009A99F /* ScreenTrackingViewController.swift */; };
		13A7B912214C027300714057 /* TrackingMethod.swift in Sources */ = {isa = PBXBuildFile; fileRef = 13A7B911214C027300714057 /* TrackingMethod.swift */; };
		13A7B914214C032A00714057 /* HeadDirectionIntersectionMethod.swift in Sources */ = {isa = PBXBuildFile; fileRef = 13A7B913214C032A00714057 /* HeadDirectionIntersectionMethod.swift */; };
		13B1865E2108E8030099D278 /* FaceNode.swift in Sources */ = {isa = PBXBuildFile; fileRef = 13B1865D2108E8030099D278 /* FaceNode.swift */; };
		13B71583214840F600B3612A /* ScreenTrackingViewControllerDelegate.swift in Sources */ = {isa = PBXBuildFile; fileRef = 13B71582214840F600B3612A /* ScreenTrackingViewControllerDelegate.swift */; };
		13B715852148464000B3612A /* Constants.swift in Sources */ = {isa = PBXBuildFile; fileRef = 13B715842148464000B3612A /* Constants.swift */; };
		13B7158721484B6600B3612A /* TrackingConfiguration.swift in Sources */ = {isa = PBXBuildFile; fileRef = 13B7158621484B6600B3612A /* TrackingConfiguration.swift */; };
		13B715892149509200B3612A /* IntersectionUtilities.swift in Sources */ = {isa = PBXBuildFile; fileRef = 13B715882149509200B3612A /* IntersectionUtilities.swift */; };
		13C32B84213990D60090BB7D /* SCNVector3+Extensions.swift in Sources */ = {isa = PBXBuildFile; fileRef = 13C32B83213990D60090BB7D /* SCNVector3+Extensions.swift */; };
		13C32B86213990EB0090BB7D /* SCNVector4+Extensions.swift in Sources */ = {isa = PBXBuildFile; fileRef = 13C32B85213990EB0090BB7D /* SCNVector4+Extensions.swift */; };
		13C32B88213991190090BB7D /* LineSegment.swift in Sources */ = {isa = PBXBuildFile; fileRef = 13C32B87213991190090BB7D /* LineSegment.swift */; };
		13C32B8A2139A2440090BB7D /* IntersectionPointNode.swift in Sources */ = {isa = PBXBuildFile; fileRef = 13C32B892139A2440090BB7D /* IntersectionPointNode.swift */; };
		13DA0768219121DE0081754A /* TrackingView.swift in Sources */ = {isa = PBXBuildFile; fileRef = 13DA0767219121DE0081754A /* TrackingView.swift */; };
		13DA076A219297140081754A /* TrackingButton.swift in Sources */ = {isa = PBXBuildFile; fileRef = 13DA0769219297140081754A /* TrackingButton.swift */; };
		13DA076C21929D760081754A /* Array+Split.swift in Sources */ = {isa = PBXBuildFile; fileRef = 13DA076B21929D760081754A /* Array+Split.swift */; };
		13DA8E8920DACDB900B19B70 /* VectorUtils.swift in Sources */ = {isa = PBXBuildFile; fileRef = 13DA8E8820DACDB900B19B70 /* VectorUtils.swift */; };
		13FE39142153F63000B6110F /* TrackingRegion.swift in Sources */ = {isa = PBXBuildFile; fileRef = 13FE39132153F63000B6110F /* TrackingRegion.swift */; };
		13FE39172153F93600B6110F /* RectangleTrackingRegion.swift in Sources */ = {isa = PBXBuildFile; fileRef = 13FE39162153F93600B6110F /* RectangleTrackingRegion.swift */; };
		13FE391A2154150900B6110F /* Bounded.swift in Sources */ = {isa = PBXBuildFile; fileRef = 13FE39192154150900B6110F /* Bounded.swift */; };
		13FE391C2154166600B6110F /* ClosedRange+UnitSpace.swift in Sources */ = {isa = PBXBuildFile; fileRef = 13FE391B2154166600B6110F /* ClosedRange+UnitSpace.swift */; };
		13FE3922215577E300B6110F /* ConfigurationListTableViewController.swift in Sources */ = {isa = PBXBuildFile; fileRef = 13FE3921215577E300B6110F /* ConfigurationListTableViewController.swift */; };
		13FE392421557DA900B6110F /* QuadrilateralTrackingRegion.swift in Sources */ = {isa = PBXBuildFile; fileRef = 13FE392321557DA900B6110F /* QuadrilateralTrackingRegion.swift */; };
		13FE392721557E5500B6110F /* Quadrilateral.swift in Sources */ = {isa = PBXBuildFile; fileRef = 13FE392621557E5500B6110F /* Quadrilateral.swift */; };
		13FE392921557E7500B6110F /* QuadrilateralInterpolator.swift in Sources */ = {isa = PBXBuildFile; fileRef = 13FE392821557E7500B6110F /* QuadrilateralInterpolator.swift */; };
		9D15E0552271F0DC0058DF57 /* CursorView.swift in Sources */ = {isa = PBXBuildFile; fileRef = 9D15E0542271F0DC0058DF57 /* CursorView.swift */; };
		9D15E058227211AB0058DF57 /* FixedQueue.swift in Sources */ = {isa = PBXBuildFile; fileRef = 9D15E057227211AB0058DF57 /* FixedQueue.swift */; };
		9D219D5E22C3D6A10087BF1B /* EyeState.swift in Sources */ = {isa = PBXBuildFile; fileRef = 9D219D5D22C3D6A10087BF1B /* EyeState.swift */; };
		9D219D6022C3D6CF0087BF1B /* FaceGesture.swift in Sources */ = {isa = PBXBuildFile; fileRef = 9D219D5F22C3D6CF0087BF1B /* FaceGesture.swift */; };
		9D219D6222C3D6EF0087BF1B /* BlinkGesture.swift in Sources */ = {isa = PBXBuildFile; fileRef = 9D219D6122C3D6EF0087BF1B /* BlinkGesture.swift */; };
		9D219D6422C3D7060087BF1B /* EyesBlinkGesture.swift in Sources */ = {isa = PBXBuildFile; fileRef = 9D219D6322C3D7060087BF1B /* EyesBlinkGesture.swift */; };
		9D2BB540227A35DA002BB068 /* HotCornerTrackable+Component.swift in Sources */ = {isa = PBXBuildFile; fileRef = 9D2BB53F227A35DA002BB068 /* HotCornerTrackable+Component.swift */; };
		9D2BB542227A3AFB002BB068 /* PrettyExtensions.swift in Sources */ = {isa = PBXBuildFile; fileRef = 9D2BB541227A3AFB002BB068 /* PrettyExtensions.swift */; };
		9D2BB544227B3BFF002BB068 /* FaceGestureEngine.swift in Sources */ = {isa = PBXBuildFile; fileRef = 9D2BB543227B3BFF002BB068 /* FaceGestureEngine.swift */; };
		9D3FC1F52268B64C003C5841 /* HotCornerView.swift in Sources */ = {isa = PBXBuildFile; fileRef = 9D3FC1F42268B64C003C5841 /* HotCornerView.swift */; };
		9D3FC1F72268B923003C5841 /* ExpandingAnimatable.swift in Sources */ = {isa = PBXBuildFile; fileRef = 9D3FC1F62268B923003C5841 /* ExpandingAnimatable.swift */; };
		9D5CC0D22270D10100F0E3CF /* HasTextComponent.swift in Sources */ = {isa = PBXBuildFile; fileRef = 9D5CC0D12270D10100F0E3CF /* HasTextComponent.swift */; };
		9D739DF12269FEFA00FEFFAC /* PresetsViewController.swift in Sources */ = {isa = PBXBuildFile; fileRef = 9D739DF02269FEFA00FEFFAC /* PresetsViewController.swift */; };
		9D739DF32269FF6A00FEFFAC /* PresetsCollectionViewController.swift in Sources */ = {isa = PBXBuildFile; fileRef = 9D739DF22269FF6A00FEFFAC /* PresetsCollectionViewController.swift */; };
		9D739DF6226A012000FEFFAC /* CoreDataStack.swift in Sources */ = {isa = PBXBuildFile; fileRef = 9D739DF5226A012000FEFFAC /* CoreDataStack.swift */; };
		9D739DF9226A01B800FEFFAC /* Eyespeak.xcdatamodeld in Sources */ = {isa = PBXBuildFile; fileRef = 9D739DF7226A01B800FEFFAC /* Eyespeak.xcdatamodeld */; };
		9D739DFB226A026E00FEFFAC /* PresetsCollectionViewFlowLayout.swift in Sources */ = {isa = PBXBuildFile; fileRef = 9D739DFA226A026E00FEFFAC /* PresetsCollectionViewFlowLayout.swift */; };
		9D739DFD226A090C00FEFFAC /* Presets.storyboard in Resources */ = {isa = PBXBuildFile; fileRef = 9D739DFC226A090C00FEFFAC /* Presets.storyboard */; };
		9D739E01226A0A2F00FEFFAC /* UIViewController+Segues.swift in Sources */ = {isa = PBXBuildFile; fileRef = 9D739E00226A0A2F00FEFFAC /* UIViewController+Segues.swift */; };
		9D739E03226A0B3A00FEFFAC /* UIStoryboardSegue+Identifier.swift in Sources */ = {isa = PBXBuildFile; fileRef = 9D739E02226A0B3A00FEFFAC /* UIStoryboardSegue+Identifier.swift */; };
		9D739E05226A0BBE00FEFFAC /* Cell+NibLoading.swift in Sources */ = {isa = PBXBuildFile; fileRef = 9D739E04226A0BBE00FEFFAC /* Cell+NibLoading.swift */; };
		9D739E07226A0C1500FEFFAC /* PresetsCollectionViewCell.swift in Sources */ = {isa = PBXBuildFile; fileRef = 9D739E06226A0C1500FEFFAC /* PresetsCollectionViewCell.swift */; };
		9D739E09226A0C2200FEFFAC /* PresetsCollectionViewCell.xib in Resources */ = {isa = PBXBuildFile; fileRef = 9D739E08226A0C2200FEFFAC /* PresetsCollectionViewCell.xib */; };
		9D739E0D226F433F00FEFFAC /* HotCornersTracking.storyboard in Resources */ = {isa = PBXBuildFile; fileRef = 9D739E0C226F433F00FEFFAC /* HotCornersTracking.storyboard */; };
		9D739E0F226F451A00FEFFAC /* UIViewController+Children.swift in Sources */ = {isa = PBXBuildFile; fileRef = 9D739E0E226F451A00FEFFAC /* UIViewController+Children.swift */; };
		9D739E11226F47C500FEFFAC /* UIStoryboard+ViewControllers.swift in Sources */ = {isa = PBXBuildFile; fileRef = 9D739E10226F47C500FEFFAC /* UIStoryboard+ViewControllers.swift */; };
		9D739E13226F5EB700FEFFAC /* String+Utilities.swift in Sources */ = {isa = PBXBuildFile; fileRef = 9D739E12226F5EB700FEFFAC /* String+Utilities.swift */; };
		9DA02929228CF5ED002C8D21 /* CoreGraphics+Utilities.swift in Sources */ = {isa = PBXBuildFile; fileRef = 9DA02928228CF5ED002C8D21 /* CoreGraphics+Utilities.swift */; };
		9DB58D032264DF1B00E99C3B /* TextPredictionController.swift in Sources */ = {isa = PBXBuildFile; fileRef = 9DB58D022264DF1B00E99C3B /* TextPredictionController.swift */; };
		9DB58D05226524F800E99C3B /* TrackingGroup.swift in Sources */ = {isa = PBXBuildFile; fileRef = 9DB58D04226524F800E99C3B /* TrackingGroup.swift */; };
		9DB58D072265252300E99C3B /* TrackableWidget.swift in Sources */ = {isa = PBXBuildFile; fileRef = 9DB58D062265252300E99C3B /* TrackableWidget.swift */; };
		9DB58D092266170000E99C3B /* TextExpression.swift in Sources */ = {isa = PBXBuildFile; fileRef = 9DB58D082266170000E99C3B /* TextExpression.swift */; };
		9DB58D47226664C500E99C3B /* UIView+Utilities.swift in Sources */ = {isa = PBXBuildFile; fileRef = 9DB58D46226664C500E99C3B /* UIView+Utilities.swift */; };
		9DB58D4922666BC200E99C3B /* UIColor+AppExtensions.swift in Sources */ = {isa = PBXBuildFile; fileRef = 9DB58D4822666BC200E99C3B /* UIColor+AppExtensions.swift */; };
		9DC7C03222676AA400A1D503 /* CircularAnimatable.swift in Sources */ = {isa = PBXBuildFile; fileRef = 9DC7C03122676AA400A1D503 /* CircularAnimatable.swift */; };
		9DC7C03522677F1700A1D503 /* TrackingTextView.swift in Sources */ = {isa = PBXBuildFile; fileRef = 9DC7C03422677F1700A1D503 /* TrackingTextView.swift */; };
		9DDBFD7D229852FA00D19BCA /* AnimatingState.swift in Sources */ = {isa = PBXBuildFile; fileRef = 9DDBFD7C229852FA00D19BCA /* AnimatingState.swift */; };
		9DDF1EF7226F61450072A248 /* TrackingType.swift in Sources */ = {isa = PBXBuildFile; fileRef = 13FE391D215572EC00B6110F /* TrackingType.swift */; };
		9DDF1EF9226F61690072A248 /* HotCornersTrackableViewController.swift in Sources */ = {isa = PBXBuildFile; fileRef = 9DDF1EF8226F61690072A248 /* HotCornersTrackableViewController.swift */; };
		9DDF1EFF226F654B0072A248 /* HotCornerGazeableComponent.swift in Sources */ = {isa = PBXBuildFile; fileRef = 9DDF1EFE226F654B0072A248 /* HotCornerGazeableComponent.swift */; };
		9DDF1F01226F66630072A248 /* HotCornerTrackable.swift in Sources */ = {isa = PBXBuildFile; fileRef = 9DDF1F00226F66630072A248 /* HotCornerTrackable.swift */; };
		9DDF1F03226F7A160072A248 /* TrackingCollectionViewCell.swift in Sources */ = {isa = PBXBuildFile; fileRef = 9DDF1F02226F7A160072A248 /* TrackingCollectionViewCell.swift */; };
/* End PBXBuildFile section */

/* Begin PBXFileReference section */
		130C00B420D2AD2A007C3163 /* EyeSpeak.app */ = {isa = PBXFileReference; explicitFileType = wrapper.application; includeInIndex = 0; path = EyeSpeak.app; sourceTree = BUILT_PRODUCTS_DIR; };
		130C00B720D2AD2A007C3163 /* AppDelegate.swift */ = {isa = PBXFileReference; lastKnownFileType = sourcecode.swift; path = AppDelegate.swift; sourceTree = "<group>"; };
		130C00B920D2AD2A007C3163 /* art.scnassets */ = {isa = PBXFileReference; lastKnownFileType = wrapper.scnassets; path = art.scnassets; sourceTree = "<group>"; };
		130C00BB20D2AD2A007C3163 /* ViewController.swift */ = {isa = PBXFileReference; lastKnownFileType = sourcecode.swift; path = ViewController.swift; sourceTree = "<group>"; };
		130C00BE20D2AD2A007C3163 /* Base */ = {isa = PBXFileReference; lastKnownFileType = file.storyboard; name = Base; path = Base.lproj/Main.storyboard; sourceTree = "<group>"; };
		130C00C020D2AD2C007C3163 /* Assets.xcassets */ = {isa = PBXFileReference; lastKnownFileType = folder.assetcatalog; path = Assets.xcassets; sourceTree = "<group>"; };
		130C00C320D2AD2C007C3163 /* Base */ = {isa = PBXFileReference; lastKnownFileType = file.storyboard; name = Base; path = Base.lproj/LaunchScreen.storyboard; sourceTree = "<group>"; };
		130C00C520D2AD2C007C3163 /* Info.plist */ = {isa = PBXFileReference; lastKnownFileType = text.plist.xml; path = Info.plist; sourceTree = "<group>"; };
		13204C562180E559005410FC /* SixButtonKeyboardViewController.swift */ = {isa = PBXFileReference; lastKnownFileType = sourcecode.swift; path = SixButtonKeyboardViewController.swift; sourceTree = "<group>"; };
		13204C582180E564005410FC /* SixButtonKeyboardViewController.storyboard */ = {isa = PBXFileReference; lastKnownFileType = file.storyboard; path = SixButtonKeyboardViewController.storyboard; sourceTree = "<group>"; };
		13204C5A2180EBD1005410FC /* KeyView.swift */ = {isa = PBXFileReference; lastKnownFileType = sourcecode.swift; path = KeyView.swift; sourceTree = "<group>"; };
		13204C5C2180EC2D005410FC /* KeyView.xib */ = {isa = PBXFileReference; lastKnownFileType = file.xib; path = KeyView.xib; sourceTree = "<group>"; };
		13204C5E2180EC61005410FC /* NibBackedView.swift */ = {isa = PBXFileReference; lastKnownFileType = sourcecode.swift; path = NibBackedView.swift; sourceTree = "<group>"; };
		1349DA4F218FCDF400FC0411 /* TrackingEngine.swift */ = {isa = PBXFileReference; lastKnownFileType = sourcecode.swift; path = TrackingEngine.swift; sourceTree = "<group>"; };
		134B6418214C3A4B00285AD5 /* TrackingNode.swift */ = {isa = PBXFileReference; lastKnownFileType = sourcecode.swift; path = TrackingNode.swift; sourceTree = "<group>"; };
		139EDEEB21419D700009A99F /* ScreenTrackingViewController.swift */ = {isa = PBXFileReference; lastKnownFileType = sourcecode.swift; path = ScreenTrackingViewController.swift; sourceTree = "<group>"; };
		13A7B911214C027300714057 /* TrackingMethod.swift */ = {isa = PBXFileReference; lastKnownFileType = sourcecode.swift; path = TrackingMethod.swift; sourceTree = "<group>"; };
		13A7B913214C032A00714057 /* HeadDirectionIntersectionMethod.swift */ = {isa = PBXFileReference; lastKnownFileType = sourcecode.swift; path = HeadDirectionIntersectionMethod.swift; sourceTree = "<group>"; };
		13A7B915214C033700714057 /* LookAtDirectionIntersectionMethod.swift */ = {isa = PBXFileReference; lastKnownFileType = sourcecode.swift; path = LookAtDirectionIntersectionMethod.swift; sourceTree = "<group>"; };
		13B1865D2108E8030099D278 /* FaceNode.swift */ = {isa = PBXFileReference; lastKnownFileType = sourcecode.swift; path = FaceNode.swift; sourceTree = "<group>"; };
		13B71582214840F600B3612A /* ScreenTrackingViewControllerDelegate.swift */ = {isa = PBXFileReference; lastKnownFileType = sourcecode.swift; path = ScreenTrackingViewControllerDelegate.swift; sourceTree = "<group>"; };
		13B715842148464000B3612A /* Constants.swift */ = {isa = PBXFileReference; lastKnownFileType = sourcecode.swift; path = Constants.swift; sourceTree = "<group>"; };
		13B7158621484B6600B3612A /* TrackingConfiguration.swift */ = {isa = PBXFileReference; lastKnownFileType = sourcecode.swift; path = TrackingConfiguration.swift; sourceTree = "<group>"; };
		13B715882149509200B3612A /* IntersectionUtilities.swift */ = {isa = PBXFileReference; lastKnownFileType = sourcecode.swift; path = IntersectionUtilities.swift; sourceTree = "<group>"; };
		13C32B83213990D60090BB7D /* SCNVector3+Extensions.swift */ = {isa = PBXFileReference; lastKnownFileType = sourcecode.swift; path = "SCNVector3+Extensions.swift"; sourceTree = "<group>"; };
		13C32B85213990EB0090BB7D /* SCNVector4+Extensions.swift */ = {isa = PBXFileReference; lastKnownFileType = sourcecode.swift; path = "SCNVector4+Extensions.swift"; sourceTree = "<group>"; };
		13C32B87213991190090BB7D /* LineSegment.swift */ = {isa = PBXFileReference; lastKnownFileType = sourcecode.swift; path = LineSegment.swift; sourceTree = "<group>"; };
		13C32B892139A2440090BB7D /* IntersectionPointNode.swift */ = {isa = PBXFileReference; lastKnownFileType = sourcecode.swift; path = IntersectionPointNode.swift; sourceTree = "<group>"; };
		13DA0767219121DE0081754A /* TrackingView.swift */ = {isa = PBXFileReference; lastKnownFileType = sourcecode.swift; path = TrackingView.swift; sourceTree = "<group>"; };
		13DA0769219297140081754A /* TrackingButton.swift */ = {isa = PBXFileReference; lastKnownFileType = sourcecode.swift; path = TrackingButton.swift; sourceTree = "<group>"; };
		13DA076B21929D760081754A /* Array+Split.swift */ = {isa = PBXFileReference; lastKnownFileType = sourcecode.swift; path = "Array+Split.swift"; sourceTree = "<group>"; };
		13DA8E8820DACDB900B19B70 /* VectorUtils.swift */ = {isa = PBXFileReference; lastKnownFileType = sourcecode.swift; path = VectorUtils.swift; sourceTree = "<group>"; };
		13FE39132153F63000B6110F /* TrackingRegion.swift */ = {isa = PBXFileReference; lastKnownFileType = sourcecode.swift; path = TrackingRegion.swift; sourceTree = "<group>"; };
		13FE39162153F93600B6110F /* RectangleTrackingRegion.swift */ = {isa = PBXFileReference; lastKnownFileType = sourcecode.swift; path = RectangleTrackingRegion.swift; sourceTree = "<group>"; };
		13FE39192154150900B6110F /* Bounded.swift */ = {isa = PBXFileReference; lastKnownFileType = sourcecode.swift; path = Bounded.swift; sourceTree = "<group>"; };
		13FE391B2154166600B6110F /* ClosedRange+UnitSpace.swift */ = {isa = PBXFileReference; lastKnownFileType = sourcecode.swift; path = "ClosedRange+UnitSpace.swift"; sourceTree = "<group>"; };
		13FE391D215572EC00B6110F /* TrackingType.swift */ = {isa = PBXFileReference; lastKnownFileType = sourcecode.swift; path = TrackingType.swift; sourceTree = "<group>"; };
		13FE3921215577E300B6110F /* ConfigurationListTableViewController.swift */ = {isa = PBXFileReference; lastKnownFileType = sourcecode.swift; path = ConfigurationListTableViewController.swift; sourceTree = "<group>"; };
		13FE392321557DA900B6110F /* QuadrilateralTrackingRegion.swift */ = {isa = PBXFileReference; lastKnownFileType = sourcecode.swift; path = QuadrilateralTrackingRegion.swift; sourceTree = "<group>"; };
		13FE392621557E5500B6110F /* Quadrilateral.swift */ = {isa = PBXFileReference; lastKnownFileType = sourcecode.swift; path = Quadrilateral.swift; sourceTree = "<group>"; };
		13FE392821557E7500B6110F /* QuadrilateralInterpolator.swift */ = {isa = PBXFileReference; lastKnownFileType = sourcecode.swift; path = QuadrilateralInterpolator.swift; sourceTree = "<group>"; };
		9D15E0542271F0DC0058DF57 /* CursorView.swift */ = {isa = PBXFileReference; lastKnownFileType = sourcecode.swift; path = CursorView.swift; sourceTree = "<group>"; };
		9D15E057227211AB0058DF57 /* FixedQueue.swift */ = {isa = PBXFileReference; lastKnownFileType = sourcecode.swift; path = FixedQueue.swift; sourceTree = "<group>"; };
		9D219D5D22C3D6A10087BF1B /* EyeState.swift */ = {isa = PBXFileReference; lastKnownFileType = sourcecode.swift; path = EyeState.swift; sourceTree = "<group>"; };
		9D219D5F22C3D6CF0087BF1B /* FaceGesture.swift */ = {isa = PBXFileReference; lastKnownFileType = sourcecode.swift; path = FaceGesture.swift; sourceTree = "<group>"; };
		9D219D6122C3D6EF0087BF1B /* BlinkGesture.swift */ = {isa = PBXFileReference; lastKnownFileType = sourcecode.swift; path = BlinkGesture.swift; sourceTree = "<group>"; };
		9D219D6322C3D7060087BF1B /* EyesBlinkGesture.swift */ = {isa = PBXFileReference; lastKnownFileType = sourcecode.swift; path = EyesBlinkGesture.swift; sourceTree = "<group>"; };
		9D2BB53F227A35DA002BB068 /* HotCornerTrackable+Component.swift */ = {isa = PBXFileReference; lastKnownFileType = sourcecode.swift; path = "HotCornerTrackable+Component.swift"; sourceTree = "<group>"; };
		9D2BB541227A3AFB002BB068 /* PrettyExtensions.swift */ = {isa = PBXFileReference; lastKnownFileType = sourcecode.swift; path = PrettyExtensions.swift; sourceTree = "<group>"; };
		9D2BB543227B3BFF002BB068 /* FaceGestureEngine.swift */ = {isa = PBXFileReference; lastKnownFileType = sourcecode.swift; path = FaceGestureEngine.swift; sourceTree = "<group>"; };
		9D3FC1F42268B64C003C5841 /* HotCornerView.swift */ = {isa = PBXFileReference; lastKnownFileType = sourcecode.swift; path = HotCornerView.swift; sourceTree = "<group>"; };
		9D3FC1F62268B923003C5841 /* ExpandingAnimatable.swift */ = {isa = PBXFileReference; lastKnownFileType = sourcecode.swift; path = ExpandingAnimatable.swift; sourceTree = "<group>"; };
		9D5CC0D12270D10100F0E3CF /* HasTextComponent.swift */ = {isa = PBXFileReference; lastKnownFileType = sourcecode.swift; path = HasTextComponent.swift; sourceTree = "<group>"; };
		9D739DF02269FEFA00FEFFAC /* PresetsViewController.swift */ = {isa = PBXFileReference; lastKnownFileType = sourcecode.swift; path = PresetsViewController.swift; sourceTree = "<group>"; };
		9D739DF22269FF6A00FEFFAC /* PresetsCollectionViewController.swift */ = {isa = PBXFileReference; lastKnownFileType = sourcecode.swift; path = PresetsCollectionViewController.swift; sourceTree = "<group>"; };
		9D739DF5226A012000FEFFAC /* CoreDataStack.swift */ = {isa = PBXFileReference; lastKnownFileType = sourcecode.swift; path = CoreDataStack.swift; sourceTree = "<group>"; };
		9D739DF8226A01B800FEFFAC /* Eyespeak.xcdatamodel */ = {isa = PBXFileReference; lastKnownFileType = wrapper.xcdatamodel; path = Eyespeak.xcdatamodel; sourceTree = "<group>"; };
		9D739DFA226A026E00FEFFAC /* PresetsCollectionViewFlowLayout.swift */ = {isa = PBXFileReference; lastKnownFileType = sourcecode.swift; path = PresetsCollectionViewFlowLayout.swift; sourceTree = "<group>"; };
		9D739DFC226A090C00FEFFAC /* Presets.storyboard */ = {isa = PBXFileReference; lastKnownFileType = file.storyboard; path = Presets.storyboard; sourceTree = "<group>"; };
		9D739E00226A0A2F00FEFFAC /* UIViewController+Segues.swift */ = {isa = PBXFileReference; lastKnownFileType = sourcecode.swift; path = "UIViewController+Segues.swift"; sourceTree = "<group>"; };
		9D739E02226A0B3A00FEFFAC /* UIStoryboardSegue+Identifier.swift */ = {isa = PBXFileReference; lastKnownFileType = sourcecode.swift; path = "UIStoryboardSegue+Identifier.swift"; sourceTree = "<group>"; };
		9D739E04226A0BBE00FEFFAC /* Cell+NibLoading.swift */ = {isa = PBXFileReference; lastKnownFileType = sourcecode.swift; path = "Cell+NibLoading.swift"; sourceTree = "<group>"; };
		9D739E06226A0C1500FEFFAC /* PresetsCollectionViewCell.swift */ = {isa = PBXFileReference; lastKnownFileType = sourcecode.swift; path = PresetsCollectionViewCell.swift; sourceTree = "<group>"; };
		9D739E08226A0C2200FEFFAC /* PresetsCollectionViewCell.xib */ = {isa = PBXFileReference; lastKnownFileType = file.xib; path = PresetsCollectionViewCell.xib; sourceTree = "<group>"; };
		9D739E0C226F433F00FEFFAC /* HotCornersTracking.storyboard */ = {isa = PBXFileReference; lastKnownFileType = file.storyboard; path = HotCornersTracking.storyboard; sourceTree = "<group>"; };
		9D739E0E226F451A00FEFFAC /* UIViewController+Children.swift */ = {isa = PBXFileReference; lastKnownFileType = sourcecode.swift; path = "UIViewController+Children.swift"; sourceTree = "<group>"; };
		9D739E10226F47C500FEFFAC /* UIStoryboard+ViewControllers.swift */ = {isa = PBXFileReference; lastKnownFileType = sourcecode.swift; path = "UIStoryboard+ViewControllers.swift"; sourceTree = "<group>"; };
		9D739E12226F5EB700FEFFAC /* String+Utilities.swift */ = {isa = PBXFileReference; lastKnownFileType = sourcecode.swift; path = "String+Utilities.swift"; sourceTree = "<group>"; };
		9DA02928228CF5ED002C8D21 /* CoreGraphics+Utilities.swift */ = {isa = PBXFileReference; lastKnownFileType = sourcecode.swift; path = "CoreGraphics+Utilities.swift"; sourceTree = "<group>"; };
		9DB58D022264DF1B00E99C3B /* TextPredictionController.swift */ = {isa = PBXFileReference; lastKnownFileType = sourcecode.swift; path = TextPredictionController.swift; sourceTree = "<group>"; };
		9DB58D04226524F800E99C3B /* TrackingGroup.swift */ = {isa = PBXFileReference; lastKnownFileType = sourcecode.swift; path = TrackingGroup.swift; sourceTree = "<group>"; };
		9DB58D062265252300E99C3B /* TrackableWidget.swift */ = {isa = PBXFileReference; lastKnownFileType = sourcecode.swift; path = TrackableWidget.swift; sourceTree = "<group>"; };
		9DB58D082266170000E99C3B /* TextExpression.swift */ = {isa = PBXFileReference; lastKnownFileType = sourcecode.swift; path = TextExpression.swift; sourceTree = "<group>"; };
		9DB58D46226664C500E99C3B /* UIView+Utilities.swift */ = {isa = PBXFileReference; lastKnownFileType = sourcecode.swift; path = "UIView+Utilities.swift"; sourceTree = "<group>"; };
		9DB58D4822666BC200E99C3B /* UIColor+AppExtensions.swift */ = {isa = PBXFileReference; lastKnownFileType = sourcecode.swift; path = "UIColor+AppExtensions.swift"; sourceTree = "<group>"; };
		9DC7C03122676AA400A1D503 /* CircularAnimatable.swift */ = {isa = PBXFileReference; lastKnownFileType = sourcecode.swift; path = CircularAnimatable.swift; sourceTree = "<group>"; };
		9DC7C03422677F1700A1D503 /* TrackingTextView.swift */ = {isa = PBXFileReference; lastKnownFileType = sourcecode.swift; path = TrackingTextView.swift; sourceTree = "<group>"; };
		9DDBFD7C229852FA00D19BCA /* AnimatingState.swift */ = {isa = PBXFileReference; lastKnownFileType = sourcecode.swift; path = AnimatingState.swift; sourceTree = "<group>"; };
		9DDF1EF8226F61690072A248 /* HotCornersTrackableViewController.swift */ = {isa = PBXFileReference; lastKnownFileType = sourcecode.swift; path = HotCornersTrackableViewController.swift; sourceTree = "<group>"; };
		9DDF1EFE226F654B0072A248 /* HotCornerGazeableComponent.swift */ = {isa = PBXFileReference; lastKnownFileType = sourcecode.swift; path = HotCornerGazeableComponent.swift; sourceTree = "<group>"; };
		9DDF1F00226F66630072A248 /* HotCornerTrackable.swift */ = {isa = PBXFileReference; lastKnownFileType = sourcecode.swift; path = HotCornerTrackable.swift; sourceTree = "<group>"; };
		9DDF1F02226F7A160072A248 /* TrackingCollectionViewCell.swift */ = {isa = PBXFileReference; lastKnownFileType = sourcecode.swift; path = TrackingCollectionViewCell.swift; sourceTree = "<group>"; };
/* End PBXFileReference section */

/* Begin PBXFrameworksBuildPhase section */
		130C00B120D2AD2A007C3163 /* Frameworks */ = {
			isa = PBXFrameworksBuildPhase;
			buildActionMask = 2147483647;
			files = (
			);
			runOnlyForDeploymentPostprocessing = 0;
		};
/* End PBXFrameworksBuildPhase section */

/* Begin PBXGroup section */
		130C00AB20D2AD2A007C3163 = {
			isa = PBXGroup;
			children = (
				130C00B620D2AD2A007C3163 /* EyeSpeak */,
				130C00B520D2AD2A007C3163 /* Products */,
			);
			sourceTree = "<group>";
		};
		130C00B520D2AD2A007C3163 /* Products */ = {
			isa = PBXGroup;
			children = (
				130C00B420D2AD2A007C3163 /* EyeSpeak.app */,
			);
			name = Products;
			sourceTree = "<group>";
		};
		130C00B620D2AD2A007C3163 /* EyeSpeak */ = {
			isa = PBXGroup;
			children = (
				9D219D5C22C3D6940087BF1B /* Gestures */,
				9D15E0562272119E0058DF57 /* Utilities */,
				130C00B720D2AD2A007C3163 /* AppDelegate.swift */,
				13FE3921215577E300B6110F /* ConfigurationListTableViewController.swift */,
				130C00BB20D2AD2A007C3163 /* ViewController.swift */,
				130C00BD20D2AD2A007C3163 /* Main.storyboard */,
				13204C5E2180EC61005410FC /* NibBackedView.swift */,
				9DDF1EF8226F61690072A248 /* HotCornersTrackableViewController.swift */,
				9D739E0C226F433F00FEFFAC /* HotCornersTracking.storyboard */,
				9D15E0542271F0DC0058DF57 /* CursorView.swift */,
				13204C552180E52F005410FC /* 6Keyboard */,
				13B71581214840B100B3612A /* ScreenTrackingViewController */,
				9D739DEF2269FEDE00FEFFAC /* Presets */,
				9D739DF4226A011100FEFFAC /* CoreData */,
				13FE3918215414FA00B6110F /* Extensions */,
				9DC7C03322676DF100A1D503 /* Animations */,
				139EDEE921419C400009A99F /* Supporting Files */,
			);
			path = EyeSpeak;
			sourceTree = "<group>";
		};
		13204C552180E52F005410FC /* 6Keyboard */ = {
			isa = PBXGroup;
			children = (
				13204C562180E559005410FC /* SixButtonKeyboardViewController.swift */,
				13204C582180E564005410FC /* SixButtonKeyboardViewController.storyboard */,
				13204C5A2180EBD1005410FC /* KeyView.swift */,
				13204C5C2180EC2D005410FC /* KeyView.xib */,
				1349DA4F218FCDF400FC0411 /* TrackingEngine.swift */,
				13DA0767219121DE0081754A /* TrackingView.swift */,
				13DA0769219297140081754A /* TrackingButton.swift */,
				9DB58D022264DF1B00E99C3B /* TextPredictionController.swift */,
				9DB58D04226524F800E99C3B /* TrackingGroup.swift */,
				9DB58D062265252300E99C3B /* TrackableWidget.swift */,
				9DB58D082266170000E99C3B /* TextExpression.swift */,
				9DC7C03422677F1700A1D503 /* TrackingTextView.swift */,
				9D3FC1F42268B64C003C5841 /* HotCornerView.swift */,
				9DDF1EFE226F654B0072A248 /* HotCornerGazeableComponent.swift */,
				9DDF1F00226F66630072A248 /* HotCornerTrackable.swift */,
			);
			path = 6Keyboard;
			sourceTree = "<group>";
		};
		139EDEE821419C220009A99F /* SceneKit */ = {
			isa = PBXGroup;
			children = (
				134B6418214C3A4B00285AD5 /* TrackingNode.swift */,
				13C32B87213991190090BB7D /* LineSegment.swift */,
				13B715882149509200B3612A /* IntersectionUtilities.swift */,
				13C32B83213990D60090BB7D /* SCNVector3+Extensions.swift */,
				13C32B85213990EB0090BB7D /* SCNVector4+Extensions.swift */,
				139EDEEA21419C870009A99F /* Debug Visualization */,
			);
			path = SceneKit;
			sourceTree = "<group>";
		};
		139EDEE921419C400009A99F /* Supporting Files */ = {
			isa = PBXGroup;
			children = (
				130C00B920D2AD2A007C3163 /* art.scnassets */,
				130C00C020D2AD2C007C3163 /* Assets.xcassets */,
				130C00C220D2AD2C007C3163 /* LaunchScreen.storyboard */,
				130C00C520D2AD2C007C3163 /* Info.plist */,
			);
			path = "Supporting Files";
			sourceTree = "<group>";
		};
		139EDEEA21419C870009A99F /* Debug Visualization */ = {
			isa = PBXGroup;
			children = (
				13B1865D2108E8030099D278 /* FaceNode.swift */,
				13C32B892139A2440090BB7D /* IntersectionPointNode.swift */,
			);
			path = "Debug Visualization";
			sourceTree = "<group>";
		};
		13A7B917214C033C00714057 /* Tracking Methods */ = {
			isa = PBXGroup;
			children = (
				13A7B911214C027300714057 /* TrackingMethod.swift */,
				13A7B913214C032A00714057 /* HeadDirectionIntersectionMethod.swift */,
				13A7B915214C033700714057 /* LookAtDirectionIntersectionMethod.swift */,
			);
			path = "Tracking Methods";
			sourceTree = "<group>";
		};
		13B71581214840B100B3612A /* ScreenTrackingViewController */ = {
			isa = PBXGroup;
			children = (
				13B715842148464000B3612A /* Constants.swift */,
				13FE391D215572EC00B6110F /* TrackingType.swift */,
				13B7158621484B6600B3612A /* TrackingConfiguration.swift */,
				139EDEEB21419D700009A99F /* ScreenTrackingViewController.swift */,
				13B71582214840F600B3612A /* ScreenTrackingViewControllerDelegate.swift */,
				13A7B917214C033C00714057 /* Tracking Methods */,
				13FE39152153F63B00B6110F /* Tracking Regions */,
				139EDEE821419C220009A99F /* SceneKit */,
			);
			path = ScreenTrackingViewController;
			sourceTree = "<group>";
		};
		13FE39152153F63B00B6110F /* Tracking Regions */ = {
			isa = PBXGroup;
			children = (
				13FE39132153F63000B6110F /* TrackingRegion.swift */,
				13FE39162153F93600B6110F /* RectangleTrackingRegion.swift */,
				13FE392521557E3D00B6110F /* QuadrilateralTrackingRegion */,
			);
			path = "Tracking Regions";
			sourceTree = "<group>";
		};
		13FE3918215414FA00B6110F /* Extensions */ = {
			isa = PBXGroup;
			children = (
				9D5CC0D12270D10100F0E3CF /* HasTextComponent.swift */,
				13DA076B21929D760081754A /* Array+Split.swift */,
				9D739E00226A0A2F00FEFFAC /* UIViewController+Segues.swift */,
				9DB58D4822666BC200E99C3B /* UIColor+AppExtensions.swift */,
				9DB58D46226664C500E99C3B /* UIView+Utilities.swift */,
				13DA8E8820DACDB900B19B70 /* VectorUtils.swift */,
				13FE39192154150900B6110F /* Bounded.swift */,
				13FE391B2154166600B6110F /* ClosedRange+UnitSpace.swift */,
				9D739E02226A0B3A00FEFFAC /* UIStoryboardSegue+Identifier.swift */,
				9D739E04226A0BBE00FEFFAC /* Cell+NibLoading.swift */,
				9D739E0E226F451A00FEFFAC /* UIViewController+Children.swift */,
				9D739E10226F47C500FEFFAC /* UIStoryboard+ViewControllers.swift */,
				9D739E12226F5EB700FEFFAC /* String+Utilities.swift */,
				9D2BB53F227A35DA002BB068 /* HotCornerTrackable+Component.swift */,
				9D2BB541227A3AFB002BB068 /* PrettyExtensions.swift */,
				9DA02928228CF5ED002C8D21 /* CoreGraphics+Utilities.swift */,
			);
			path = Extensions;
			sourceTree = "<group>";
		};
		13FE392521557E3D00B6110F /* QuadrilateralTrackingRegion */ = {
			isa = PBXGroup;
			children = (
				13FE392321557DA900B6110F /* QuadrilateralTrackingRegion.swift */,
				13FE392621557E5500B6110F /* Quadrilateral.swift */,
				13FE392821557E7500B6110F /* QuadrilateralInterpolator.swift */,
			);
			path = QuadrilateralTrackingRegion;
			sourceTree = "<group>";
		};
		9D15E0562272119E0058DF57 /* Utilities */ = {
			isa = PBXGroup;
			children = (
				9D15E057227211AB0058DF57 /* FixedQueue.swift */,
			);
			path = Utilities;
			sourceTree = "<group>";
		};
		9D219D5C22C3D6940087BF1B /* Gestures */ = {
			isa = PBXGroup;
			children = (
				9D219D5D22C3D6A10087BF1B /* EyeState.swift */,
				9D2BB543227B3BFF002BB068 /* FaceGestureEngine.swift */,
				9D219D5F22C3D6CF0087BF1B /* FaceGesture.swift */,
				9D219D6122C3D6EF0087BF1B /* BlinkGesture.swift */,
				9D219D6322C3D7060087BF1B /* EyesBlinkGesture.swift */,
			);
			path = Gestures;
			sourceTree = "<group>";
		};
		9D739DEF2269FEDE00FEFFAC /* Presets */ = {
			isa = PBXGroup;
			children = (
				9D739DF02269FEFA00FEFFAC /* PresetsViewController.swift */,
				9D739DF22269FF6A00FEFFAC /* PresetsCollectionViewController.swift */,
				9D739DFA226A026E00FEFFAC /* PresetsCollectionViewFlowLayout.swift */,
				9D739DFC226A090C00FEFFAC /* Presets.storyboard */,
				9D739E06226A0C1500FEFFAC /* PresetsCollectionViewCell.swift */,
				9D739E08226A0C2200FEFFAC /* PresetsCollectionViewCell.xib */,
				9DDF1F02226F7A160072A248 /* TrackingCollectionViewCell.swift */,
			);
			path = Presets;
			sourceTree = "<group>";
		};
		9D739DF4226A011100FEFFAC /* CoreData */ = {
			isa = PBXGroup;
			children = (
				9D739DF5226A012000FEFFAC /* CoreDataStack.swift */,
				9D739DF7226A01B800FEFFAC /* Eyespeak.xcdatamodeld */,
			);
			path = CoreData;
			sourceTree = "<group>";
		};
		9DC7C03322676DF100A1D503 /* Animations */ = {
			isa = PBXGroup;
			children = (
				9DC7C03122676AA400A1D503 /* CircularAnimatable.swift */,
				9D3FC1F62268B923003C5841 /* ExpandingAnimatable.swift */,
				9DDBFD7C229852FA00D19BCA /* AnimatingState.swift */,
			);
			path = Animations;
			sourceTree = "<group>";
		};
/* End PBXGroup section */

/* Begin PBXNativeTarget section */
		130C00B320D2AD2A007C3163 /* EyeSpeak */ = {
			isa = PBXNativeTarget;
			buildConfigurationList = 130C00C820D2AD2C007C3163 /* Build configuration list for PBXNativeTarget "EyeSpeak" */;
			buildPhases = (
				130C00B020D2AD2A007C3163 /* Sources */,
				130C00B120D2AD2A007C3163 /* Frameworks */,
				130C00B220D2AD2A007C3163 /* Resources */,
			);
			buildRules = (
			);
			dependencies = (
			);
			name = EyeSpeak;
			productName = EyeTrackingTest;
			productReference = 130C00B420D2AD2A007C3163 /* EyeSpeak.app */;
			productType = "com.apple.product-type.application";
		};
/* End PBXNativeTarget section */

/* Begin PBXProject section */
		130C00AC20D2AD2A007C3163 /* Project object */ = {
			isa = PBXProject;
			attributes = {
				LastSwiftUpdateCheck = 1000;
				LastUpgradeCheck = 1000;
				ORGANIZATIONNAME = WillowTree;
				TargetAttributes = {
					130C00B320D2AD2A007C3163 = {
						CreatedOnToolsVersion = 10.0;
						LastSwiftMigration = 1030;
					};
				};
			};
			buildConfigurationList = 130C00AF20D2AD2A007C3163 /* Build configuration list for PBXProject "EyeSpeak" */;
			compatibilityVersion = "Xcode 9.3";
			developmentRegion = en;
			hasScannedForEncodings = 0;
			knownRegions = (
				en,
				Base,
			);
			mainGroup = 130C00AB20D2AD2A007C3163;
			productRefGroup = 130C00B520D2AD2A007C3163 /* Products */;
			projectDirPath = "";
			projectRoot = "";
			targets = (
				130C00B320D2AD2A007C3163 /* EyeSpeak */,
			);
		};
/* End PBXProject section */

/* Begin PBXResourcesBuildPhase section */
		130C00B220D2AD2A007C3163 /* Resources */ = {
			isa = PBXResourcesBuildPhase;
			buildActionMask = 2147483647;
			files = (
				13204C5D2180EC2D005410FC /* KeyView.xib in Resources */,
				130C00BA20D2AD2A007C3163 /* art.scnassets in Resources */,
				9D739DFD226A090C00FEFFAC /* Presets.storyboard in Resources */,
				9D739E09226A0C2200FEFFAC /* PresetsCollectionViewCell.xib in Resources */,
				130C00C420D2AD2C007C3163 /* LaunchScreen.storyboard in Resources */,
				13204C592180E564005410FC /* SixButtonKeyboardViewController.storyboard in Resources */,
				9D739E0D226F433F00FEFFAC /* HotCornersTracking.storyboard in Resources */,
				130C00C120D2AD2C007C3163 /* Assets.xcassets in Resources */,
				130C00BF20D2AD2A007C3163 /* Main.storyboard in Resources */,
			);
			runOnlyForDeploymentPostprocessing = 0;
		};
/* End PBXResourcesBuildPhase section */

/* Begin PBXSourcesBuildPhase section */
		130C00B020D2AD2A007C3163 /* Sources */ = {
			isa = PBXSourcesBuildPhase;
			buildActionMask = 2147483647;
			files = (
				9DDF1EF7226F61450072A248 /* TrackingType.swift in Sources */,
				9D739DF6226A012000FEFFAC /* CoreDataStack.swift in Sources */,
				130C00BC20D2AD2A007C3163 /* ViewController.swift in Sources */,
				9D3FC1F72268B923003C5841 /* ExpandingAnimatable.swift in Sources */,
				9D219D6022C3D6CF0087BF1B /* FaceGesture.swift in Sources */,
				13FE391A2154150900B6110F /* Bounded.swift in Sources */,
				9DB58D47226664C500E99C3B /* UIView+Utilities.swift in Sources */,
				13B715852148464000B3612A /* Constants.swift in Sources */,
				13DA8E8920DACDB900B19B70 /* VectorUtils.swift in Sources */,
				9D2BB540227A35DA002BB068 /* HotCornerTrackable+Component.swift in Sources */,
				9DDF1F01226F66630072A248 /* HotCornerTrackable.swift in Sources */,
				9D5CC0D22270D10100F0E3CF /* HasTextComponent.swift in Sources */,
				13C32B86213990EB0090BB7D /* SCNVector4+Extensions.swift in Sources */,
				1349DA50218FCDF400FC0411 /* TrackingEngine.swift in Sources */,
				13FE39172153F93600B6110F /* RectangleTrackingRegion.swift in Sources */,
				9D739E0F226F451A00FEFFAC /* UIViewController+Children.swift in Sources */,
				9DC7C03522677F1700A1D503 /* TrackingTextView.swift in Sources */,
				9D739DF12269FEFA00FEFFAC /* PresetsViewController.swift in Sources */,
				13C32B88213991190090BB7D /* LineSegment.swift in Sources */,
				9D739E03226A0B3A00FEFFAC /* UIStoryboardSegue+Identifier.swift in Sources */,
				13204C572180E559005410FC /* SixButtonKeyboardViewController.swift in Sources */,
				9DA02929228CF5ED002C8D21 /* CoreGraphics+Utilities.swift in Sources */,
				9D15E0552271F0DC0058DF57 /* CursorView.swift in Sources */,
				9DDBFD7D229852FA00D19BCA /* AnimatingState.swift in Sources */,
				9DDF1EF9226F61690072A248 /* HotCornersTrackableViewController.swift in Sources */,
				134B6417214C03FC00285AD5 /* LookAtDirectionIntersectionMethod.swift in Sources */,
				13DA076C21929D760081754A /* Array+Split.swift in Sources */,
				134B6419214C3A4B00285AD5 /* TrackingNode.swift in Sources */,
				9DC7C03222676AA400A1D503 /* CircularAnimatable.swift in Sources */,
				9D739DFB226A026E00FEFFAC /* PresetsCollectionViewFlowLayout.swift in Sources */,
				13FE392921557E7500B6110F /* QuadrilateralInterpolator.swift in Sources */,
				9D739E05226A0BBE00FEFFAC /* Cell+NibLoading.swift in Sources */,
				13A7B912214C027300714057 /* TrackingMethod.swift in Sources */,
				9D739E07226A0C1500FEFFAC /* PresetsCollectionViewCell.swift in Sources */,
				9DB58D092266170000E99C3B /* TextExpression.swift in Sources */,
				13204C5F2180EC61005410FC /* NibBackedView.swift in Sources */,
				13DA0768219121DE0081754A /* TrackingView.swift in Sources */,
				9DB58D072265252300E99C3B /* TrackableWidget.swift in Sources */,
				9D739DF32269FF6A00FEFFAC /* PresetsCollectionViewController.swift in Sources */,
				9DB58D032264DF1B00E99C3B /* TextPredictionController.swift in Sources */,
				13A7B914214C032A00714057 /* HeadDirectionIntersectionMethod.swift in Sources */,
				13B1865E2108E8030099D278 /* FaceNode.swift in Sources */,
				13C32B8A2139A2440090BB7D /* IntersectionPointNode.swift in Sources */,
				9D739DF9226A01B800FEFFAC /* Eyespeak.xcdatamodeld in Sources */,
				9D2BB542227A3AFB002BB068 /* PrettyExtensions.swift in Sources */,
				13FE391C2154166600B6110F /* ClosedRange+UnitSpace.swift in Sources */,
				9D2BB544227B3BFF002BB068 /* FaceGestureEngine.swift in Sources */,
				13B71583214840F600B3612A /* ScreenTrackingViewControllerDelegate.swift in Sources */,
				130C00B820D2AD2A007C3163 /* AppDelegate.swift in Sources */,
				9DDF1EFF226F654B0072A248 /* HotCornerGazeableComponent.swift in Sources */,
				9D3FC1F52268B64C003C5841 /* HotCornerView.swift in Sources */,
				13FE3922215577E300B6110F /* ConfigurationListTableViewController.swift in Sources */,
				13FE392421557DA900B6110F /* QuadrilateralTrackingRegion.swift in Sources */,
				13FE392721557E5500B6110F /* Quadrilateral.swift in Sources */,
				9D739E01226A0A2F00FEFFAC /* UIViewController+Segues.swift in Sources */,
				9DB58D4922666BC200E99C3B /* UIColor+AppExtensions.swift in Sources */,
				13B715892149509200B3612A /* IntersectionUtilities.swift in Sources */,
				13C32B84213990D60090BB7D /* SCNVector3+Extensions.swift in Sources */,
				9D219D6422C3D7060087BF1B /* EyesBlinkGesture.swift in Sources */,
				9D739E13226F5EB700FEFFAC /* String+Utilities.swift in Sources */,
				9DB58D05226524F800E99C3B /* TrackingGroup.swift in Sources */,
				9D219D6222C3D6EF0087BF1B /* BlinkGesture.swift in Sources */,
				9D15E058227211AB0058DF57 /* FixedQueue.swift in Sources */,
				9DDF1F03226F7A160072A248 /* TrackingCollectionViewCell.swift in Sources */,
				13204C5B2180EBD1005410FC /* KeyView.swift in Sources */,
				139EDEEC21419D700009A99F /* ScreenTrackingViewController.swift in Sources */,
				13FE39142153F63000B6110F /* TrackingRegion.swift in Sources */,
				9D739E11226F47C500FEFFAC /* UIStoryboard+ViewControllers.swift in Sources */,
				9D219D5E22C3D6A10087BF1B /* EyeState.swift in Sources */,
				13DA076A219297140081754A /* TrackingButton.swift in Sources */,
				13B7158721484B6600B3612A /* TrackingConfiguration.swift in Sources */,
			);
			runOnlyForDeploymentPostprocessing = 0;
		};
/* End PBXSourcesBuildPhase section */

/* Begin PBXVariantGroup section */
		130C00BD20D2AD2A007C3163 /* Main.storyboard */ = {
			isa = PBXVariantGroup;
			children = (
				130C00BE20D2AD2A007C3163 /* Base */,
			);
			name = Main.storyboard;
			sourceTree = "<group>";
		};
		130C00C220D2AD2C007C3163 /* LaunchScreen.storyboard */ = {
			isa = PBXVariantGroup;
			children = (
				130C00C320D2AD2C007C3163 /* Base */,
			);
			name = LaunchScreen.storyboard;
			sourceTree = "<group>";
		};
/* End PBXVariantGroup section */

/* Begin XCBuildConfiguration section */
		130C00C620D2AD2C007C3163 /* Debug */ = {
			isa = XCBuildConfiguration;
			buildSettings = {
				ALWAYS_SEARCH_USER_PATHS = NO;
				CLANG_ANALYZER_NONNULL = YES;
				CLANG_ANALYZER_NUMBER_OBJECT_CONVERSION = YES_AGGRESSIVE;
				CLANG_CXX_LANGUAGE_STANDARD = "gnu++14";
				CLANG_CXX_LIBRARY = "libc++";
				CLANG_ENABLE_MODULES = YES;
				CLANG_ENABLE_OBJC_ARC = YES;
				CLANG_ENABLE_OBJC_WEAK = YES;
				CLANG_WARN_BLOCK_CAPTURE_AUTORELEASING = YES;
				CLANG_WARN_BOOL_CONVERSION = YES;
				CLANG_WARN_COMMA = YES;
				CLANG_WARN_CONSTANT_CONVERSION = YES;
				CLANG_WARN_DEPRECATED_OBJC_IMPLEMENTATIONS = YES;
				CLANG_WARN_DIRECT_OBJC_ISA_USAGE = YES_ERROR;
				CLANG_WARN_DOCUMENTATION_COMMENTS = YES;
				CLANG_WARN_EMPTY_BODY = YES;
				CLANG_WARN_ENUM_CONVERSION = YES;
				CLANG_WARN_INFINITE_RECURSION = YES;
				CLANG_WARN_INT_CONVERSION = YES;
				CLANG_WARN_NON_LITERAL_NULL_CONVERSION = YES;
				CLANG_WARN_OBJC_IMPLICIT_RETAIN_SELF = YES;
				CLANG_WARN_OBJC_LITERAL_CONVERSION = YES;
				CLANG_WARN_OBJC_ROOT_CLASS = YES_ERROR;
				CLANG_WARN_RANGE_LOOP_ANALYSIS = YES;
				CLANG_WARN_STRICT_PROTOTYPES = YES;
				CLANG_WARN_SUSPICIOUS_MOVE = YES;
				CLANG_WARN_UNGUARDED_AVAILABILITY = YES_AGGRESSIVE;
				CLANG_WARN_UNREACHABLE_CODE = YES;
				CLANG_WARN__DUPLICATE_METHOD_MATCH = YES;
				CODE_SIGN_IDENTITY = "iPhone Developer";
				COPY_PHASE_STRIP = NO;
				DEBUG_INFORMATION_FORMAT = dwarf;
				ENABLE_STRICT_OBJC_MSGSEND = YES;
				ENABLE_TESTABILITY = YES;
				GCC_C_LANGUAGE_STANDARD = gnu11;
				GCC_DYNAMIC_NO_PIC = NO;
				GCC_NO_COMMON_BLOCKS = YES;
				GCC_OPTIMIZATION_LEVEL = 0;
				GCC_PREPROCESSOR_DEFINITIONS = (
					"DEBUG=1",
					"$(inherited)",
				);
				GCC_WARN_64_TO_32_BIT_CONVERSION = YES;
				GCC_WARN_ABOUT_RETURN_TYPE = YES_ERROR;
				GCC_WARN_UNDECLARED_SELECTOR = YES;
				GCC_WARN_UNINITIALIZED_AUTOS = YES_AGGRESSIVE;
				GCC_WARN_UNUSED_FUNCTION = YES;
				GCC_WARN_UNUSED_VARIABLE = YES;
				IPHONEOS_DEPLOYMENT_TARGET = 12.0;
				MTL_ENABLE_DEBUG_INFO = INCLUDE_SOURCE;
				ONLY_ACTIVE_ARCH = YES;
				SDKROOT = iphoneos;
				SWIFT_ACTIVE_COMPILATION_CONDITIONS = DEBUG;
				SWIFT_OPTIMIZATION_LEVEL = "-Onone";
			};
			name = Debug;
		};
		130C00C720D2AD2C007C3163 /* Release */ = {
			isa = XCBuildConfiguration;
			buildSettings = {
				ALWAYS_SEARCH_USER_PATHS = NO;
				CLANG_ANALYZER_NONNULL = YES;
				CLANG_ANALYZER_NUMBER_OBJECT_CONVERSION = YES_AGGRESSIVE;
				CLANG_CXX_LANGUAGE_STANDARD = "gnu++14";
				CLANG_CXX_LIBRARY = "libc++";
				CLANG_ENABLE_MODULES = YES;
				CLANG_ENABLE_OBJC_ARC = YES;
				CLANG_ENABLE_OBJC_WEAK = YES;
				CLANG_WARN_BLOCK_CAPTURE_AUTORELEASING = YES;
				CLANG_WARN_BOOL_CONVERSION = YES;
				CLANG_WARN_COMMA = YES;
				CLANG_WARN_CONSTANT_CONVERSION = YES;
				CLANG_WARN_DEPRECATED_OBJC_IMPLEMENTATIONS = YES;
				CLANG_WARN_DIRECT_OBJC_ISA_USAGE = YES_ERROR;
				CLANG_WARN_DOCUMENTATION_COMMENTS = YES;
				CLANG_WARN_EMPTY_BODY = YES;
				CLANG_WARN_ENUM_CONVERSION = YES;
				CLANG_WARN_INFINITE_RECURSION = YES;
				CLANG_WARN_INT_CONVERSION = YES;
				CLANG_WARN_NON_LITERAL_NULL_CONVERSION = YES;
				CLANG_WARN_OBJC_IMPLICIT_RETAIN_SELF = YES;
				CLANG_WARN_OBJC_LITERAL_CONVERSION = YES;
				CLANG_WARN_OBJC_ROOT_CLASS = YES_ERROR;
				CLANG_WARN_RANGE_LOOP_ANALYSIS = YES;
				CLANG_WARN_STRICT_PROTOTYPES = YES;
				CLANG_WARN_SUSPICIOUS_MOVE = YES;
				CLANG_WARN_UNGUARDED_AVAILABILITY = YES_AGGRESSIVE;
				CLANG_WARN_UNREACHABLE_CODE = YES;
				CLANG_WARN__DUPLICATE_METHOD_MATCH = YES;
				CODE_SIGN_IDENTITY = "iPhone Developer";
				COPY_PHASE_STRIP = NO;
				DEBUG_INFORMATION_FORMAT = "dwarf-with-dsym";
				ENABLE_NS_ASSERTIONS = NO;
				ENABLE_STRICT_OBJC_MSGSEND = YES;
				GCC_C_LANGUAGE_STANDARD = gnu11;
				GCC_NO_COMMON_BLOCKS = YES;
				GCC_WARN_64_TO_32_BIT_CONVERSION = YES;
				GCC_WARN_ABOUT_RETURN_TYPE = YES_ERROR;
				GCC_WARN_UNDECLARED_SELECTOR = YES;
				GCC_WARN_UNINITIALIZED_AUTOS = YES_AGGRESSIVE;
				GCC_WARN_UNUSED_FUNCTION = YES;
				GCC_WARN_UNUSED_VARIABLE = YES;
				IPHONEOS_DEPLOYMENT_TARGET = 12.0;
				MTL_ENABLE_DEBUG_INFO = NO;
				SDKROOT = iphoneos;
				SWIFT_COMPILATION_MODE = wholemodule;
				SWIFT_OPTIMIZATION_LEVEL = "-O";
				VALIDATE_PRODUCT = YES;
			};
			name = Release;
		};
		130C00C920D2AD2C007C3163 /* Debug */ = {
			isa = XCBuildConfiguration;
			buildSettings = {
				ASSETCATALOG_COMPILER_APPICON_NAME = AppIcon;
				CODE_SIGN_IDENTITY = "iPhone Developer";
				CODE_SIGN_STYLE = Manual;
				DEVELOPMENT_TEAM = 753J68XC6W;
				INFOPLIST_FILE = "$(SRCROOT)/EyeSpeak/Supporting Files/Info.plist";
				IPHONEOS_DEPLOYMENT_TARGET = 12.0;
				LD_RUNPATH_SEARCH_PATHS = (
					"$(inherited)",
					"@executable_path/Frameworks",
				);
				PRODUCT_BUNDLE_IDENTIFIER = com.willowtreeapps.eyespeakaac;
				PRODUCT_NAME = "$(TARGET_NAME)";
				PROVISIONING_PROFILE_SPECIFIER = "match Development com.willowtreeapps.eyespeakaac";
				SWIFT_VERSION = 5.0;
				TARGETED_DEVICE_FAMILY = "1,2";
			};
			name = Debug;
		};
		130C00CA20D2AD2C007C3163 /* Release */ = {
			isa = XCBuildConfiguration;
			buildSettings = {
				ASSETCATALOG_COMPILER_APPICON_NAME = AppIcon;
				CODE_SIGN_IDENTITY = "iPhone Distribution";
				CODE_SIGN_STYLE = Manual;
				DEVELOPMENT_TEAM = 753J68XC6W;
				INFOPLIST_FILE = "$(SRCROOT)/EyeSpeak/Supporting Files/Info.plist";
				IPHONEOS_DEPLOYMENT_TARGET = 12.0;
				LD_RUNPATH_SEARCH_PATHS = (
					"$(inherited)",
					"@executable_path/Frameworks",
				);
				PRODUCT_BUNDLE_IDENTIFIER = com.willowtreeapps.eyespeakaac;
				PRODUCT_NAME = "$(TARGET_NAME)";
				PROVISIONING_PROFILE_SPECIFIER = "match AdHoc com.willowtreeapps.eyespeakaac";
				SWIFT_VERSION = 5.0;
				TARGETED_DEVICE_FAMILY = "1,2";
			};
			name = Release;
		};
/* End XCBuildConfiguration section */

/* Begin XCConfigurationList section */
		130C00AF20D2AD2A007C3163 /* Build configuration list for PBXProject "EyeSpeak" */ = {
			isa = XCConfigurationList;
			buildConfigurations = (
				130C00C620D2AD2C007C3163 /* Debug */,
				130C00C720D2AD2C007C3163 /* Release */,
			);
			defaultConfigurationIsVisible = 0;
			defaultConfigurationName = Release;
		};
		130C00C820D2AD2C007C3163 /* Build configuration list for PBXNativeTarget "EyeSpeak" */ = {
			isa = XCConfigurationList;
			buildConfigurations = (
				130C00C920D2AD2C007C3163 /* Debug */,
				130C00CA20D2AD2C007C3163 /* Release */,
			);
			defaultConfigurationIsVisible = 0;
			defaultConfigurationName = Release;
		};
/* End XCConfigurationList section */

/* Begin XCVersionGroup section */
		9D739DF7226A01B800FEFFAC /* Eyespeak.xcdatamodeld */ = {
			isa = XCVersionGroup;
			children = (
				9D739DF8226A01B800FEFFAC /* Eyespeak.xcdatamodel */,
			);
			currentVersion = 9D739DF8226A01B800FEFFAC /* Eyespeak.xcdatamodel */;
			path = Eyespeak.xcdatamodeld;
			sourceTree = "<group>";
			versionGroupType = wrapper.xcdatamodel;
		};
/* End XCVersionGroup section */
	};
	rootObject = 130C00AC20D2AD2A007C3163 /* Project object */;
}
