// !$*UTF8*$!
{
	archiveVersion = 1;
	classes = {
	};
	objectVersion = 50;
	objects = {

/* Begin PBXBuildFile section */
		130C00B820D2AD2A007C3163 /* AppDelegate.swift in Sources */ = {isa = PBXBuildFile; fileRef = 130C00B720D2AD2A007C3163 /* AppDelegate.swift */; };
		130C00BF20D2AD2A007C3163 /* Main.storyboard in Resources */ = {isa = PBXBuildFile; fileRef = 130C00BD20D2AD2A007C3163 /* Main.storyboard */; };
		130C00C120D2AD2C007C3163 /* Assets.xcassets in Resources */ = {isa = PBXBuildFile; fileRef = 130C00C020D2AD2C007C3163 /* Assets.xcassets */; };
		130C00C420D2AD2C007C3163 /* LaunchScreen.storyboard in Resources */ = {isa = PBXBuildFile; fileRef = 130C00C220D2AD2C007C3163 /* LaunchScreen.storyboard */; };
		54D3C41723E37CD40061EF47 /* EyeSpeakTests.swift in Sources */ = {isa = PBXBuildFile; fileRef = 54D3C41623E37CD40061EF47 /* EyeSpeakTests.swift */; };
		6B17CD7C23E9DFD50050BCB8 /* AVSpeechSynthesizer+Shared.swift in Sources */ = {isa = PBXBuildFile; fileRef = 6B17CD7B23E9DFD50050BCB8 /* AVSpeechSynthesizer+Shared.swift */; };
		6B17CD7E23E9F85F0050BCB8 /* HotCornerOverlayViewController.swift in Sources */ = {isa = PBXBuildFile; fileRef = 6B17CD7D23E9F85F0050BCB8 /* HotCornerOverlayViewController.swift */; };
		6B17CD8023EA045D0050BCB8 /* ViewControllerWrapperView.swift in Sources */ = {isa = PBXBuildFile; fileRef = 6B17CD7F23EA045D0050BCB8 /* ViewControllerWrapperView.swift */; };
		6B1C7F3223F5BB5200BB3FD9 /* HeadGazeTrackingInterpolator.swift in Sources */ = {isa = PBXBuildFile; fileRef = 6B1C7F3123F5BB5200BB3FD9 /* HeadGazeTrackingInterpolator.swift */; };
		6B823BC223F4ADE30099F65E /* PIDControlConstants.swift in Sources */ = {isa = PBXBuildFile; fileRef = 6B823BAD23F4ADE30099F65E /* PIDControlConstants.swift */; };
		6B823BC623F4ADE30099F65E /* FormatterExtensions.swift in Sources */ = {isa = PBXBuildFile; fileRef = 6B823BB323F4ADE30099F65E /* FormatterExtensions.swift */; };
		6B823BC823F4ADE30099F65E /* SingleControlDisplayable.swift in Sources */ = {isa = PBXBuildFile; fileRef = 6B823BB623F4ADE30099F65E /* SingleControlDisplayable.swift */; };
		6B823BC923F4ADE30099F65E /* SingleControlView.swift in Sources */ = {isa = PBXBuildFile; fileRef = 6B823BB723F4ADE30099F65E /* SingleControlView.swift */; };
		6B823BCA23F4ADE30099F65E /* ControlsView.swift in Sources */ = {isa = PBXBuildFile; fileRef = 6B823BB823F4ADE30099F65E /* ControlsView.swift */; };
		6B823BCB23F4ADE30099F65E /* Pulse.swift in Sources */ = {isa = PBXBuildFile; fileRef = 6B823BB923F4ADE30099F65E /* Pulse.swift */; };
		6B823BCC23F4ADE30099F65E /* TunningView.swift in Sources */ = {isa = PBXBuildFile; fileRef = 6B823BBB23F4ADE30099F65E /* TunningView.swift */; };
		6B823BCD23F4ADE30099F65E /* TunningWindow.swift in Sources */ = {isa = PBXBuildFile; fileRef = 6B823BBC23F4ADE30099F65E /* TunningWindow.swift */; };
		6B823BCE23F4ADE30099F65E /* Queue.swift in Sources */ = {isa = PBXBuildFile; fileRef = 6B823BBD23F4ADE30099F65E /* Queue.swift */; };
		6B823BCF23F4ADE30099F65E /* TunningViewController.swift in Sources */ = {isa = PBXBuildFile; fileRef = 6B823BBE23F4ADE30099F65E /* TunningViewController.swift */; };
		6B823BD023F4ADE30099F65E /* PulseExtension.swift in Sources */ = {isa = PBXBuildFile; fileRef = 6B823BBF23F4ADE30099F65E /* PulseExtension.swift */; };
		6B823BD323F4AE250099F65E /* PIDInterpolator.swift in Sources */ = {isa = PBXBuildFile; fileRef = 6B823BD223F4AE250099F65E /* PIDInterpolator.swift */; };
		6B9DFA5B23E889DB0037673E /* UIHeadGazeViewController.swift in Sources */ = {isa = PBXBuildFile; fileRef = 6B9DFA4C23E889DB0037673E /* UIHeadGazeViewController.swift */; };
		6B9DFA5C23E889DB0037673E /* HeadGazeWindow.swift in Sources */ = {isa = PBXBuildFile; fileRef = 6B9DFA4D23E889DB0037673E /* HeadGazeWindow.swift */; };
		6B9DFA5D23E889DB0037673E /* UIHeadGaze.swift in Sources */ = {isa = PBXBuildFile; fileRef = 6B9DFA4E23E889DB0037673E /* UIHeadGaze.swift */; };
		6B9DFA5F23E889DB0037673E /* UIHeadGazeEvent.swift in Sources */ = {isa = PBXBuildFile; fileRef = 6B9DFA5023E889DB0037673E /* UIHeadGazeEvent.swift */; };
		6B9DFA6023E889DB0037673E /* Extensions.swift in Sources */ = {isa = PBXBuildFile; fileRef = 6B9DFA5123E889DB0037673E /* Extensions.swift */; };
		6B9DFA6223E889DB0037673E /* UIVirtualCursorView.swift in Sources */ = {isa = PBXBuildFile; fileRef = 6B9DFA5423E889DB0037673E /* UIVirtualCursorView.swift */; };
		6B9DFA6423E889DB0037673E /* UIHeadGazeRecognizer.swift in Sources */ = {isa = PBXBuildFile; fileRef = 6B9DFA5623E889DB0037673E /* UIHeadGazeRecognizer.swift */; };
		6B9DFA6923E88A1B0037673E /* GazeLib.scnassets in Resources */ = {isa = PBXBuildFile; fileRef = 6B9DFA6823E88A1B0037673E /* GazeLib.scnassets */; };
		6B9DFA6E23E88A5F0037673E /* LowPassInterpolator.swift in Sources */ = {isa = PBXBuildFile; fileRef = 6B9DFA6D23E88A250037673E /* LowPassInterpolator.swift */; };
		6B9DFA6F23E88A610037673E /* Interpolation.swift in Sources */ = {isa = PBXBuildFile; fileRef = 6B9DFA6C23E88A250037673E /* Interpolation.swift */; };
		6B9DFA7023E88A630037673E /* InterpolableValues.swift in Sources */ = {isa = PBXBuildFile; fileRef = 6B9DFA6B23E88A250037673E /* InterpolableValues.swift */; };
		6B9DFA7423E8D1270037673E /* TrackingContainerViewController.swift in Sources */ = {isa = PBXBuildFile; fileRef = 6B9DFA7323E8D1270037673E /* TrackingContainerViewController.swift */; };
		6B9DFA7623E8D59A0037673E /* UICollectionView+Gaze.swift in Sources */ = {isa = PBXBuildFile; fileRef = 6B9DFA7523E8D5990037673E /* UICollectionView+Gaze.swift */; };
		9D15E0552271F0DC0058DF57 /* CursorView.swift in Sources */ = {isa = PBXBuildFile; fileRef = 9D15E0542271F0DC0058DF57 /* CursorView.swift */; };
		9DB58D4922666BC200E99C3B /* UIColor+AppExtensions.swift in Sources */ = {isa = PBXBuildFile; fileRef = 9DB58D4822666BC200E99C3B /* UIColor+AppExtensions.swift */; };
		A920A4AF23EA1BD300CF5B08 /* PresetUICollectionViewCompositionalLayout.swift in Sources */ = {isa = PBXBuildFile; fileRef = A920A4AE23EA1BD300CF5B08 /* PresetUICollectionViewCompositionalLayout.swift */; };
		A9299C7523F5FBEE00903AB6 /* KeyboardKeyCollectionViewCell.swift in Sources */ = {isa = PBXBuildFile; fileRef = A9299C7423F5FBEE00903AB6 /* KeyboardKeyCollectionViewCell.swift */; };
		A9299C7723F5FC6F00903AB6 /* KeyboardKeyCollectionViewCell.xib in Resources */ = {isa = PBXBuildFile; fileRef = A9299C7623F5FC6F00903AB6 /* KeyboardKeyCollectionViewCell.xib */; };
		A92FFB8D23ECCB5400AF2D0B /* SettingsViewController.swift in Sources */ = {isa = PBXBuildFile; fileRef = A92FFB8C23ECCB5400AF2D0B /* SettingsViewController.swift */; };
		A92FFB8F23ECD6F200AF2D0B /* HotCorners.storyboard in Resources */ = {isa = PBXBuildFile; fileRef = A92FFB8E23ECD6F200AF2D0B /* HotCorners.storyboard */; };
		A98E8A2323F1DBDF00BF1F22 /* SettingsFooterCollectionViewCell.swift in Sources */ = {isa = PBXBuildFile; fileRef = A98E8A2223F1DBDF00BF1F22 /* SettingsFooterCollectionViewCell.swift */; };
		A98E8A2523F1DBF200BF1F22 /* SettingsFooterCollectionViewCell.xib in Resources */ = {isa = PBXBuildFile; fileRef = A98E8A2423F1DBF200BF1F22 /* SettingsFooterCollectionViewCell.xib */; };
		A9DE16FE23F48FD30094DB64 /* TextSuggestionController.swift in Sources */ = {isa = PBXBuildFile; fileRef = A9DE16FD23F48FD30094DB64 /* TextSuggestionController.swift */; };
		A9DE170023F4900C0094DB64 /* TextExpression.swift in Sources */ = {isa = PBXBuildFile; fileRef = A9DE16FF23F4900C0094DB64 /* TextExpression.swift */; };
		A9DE170223F492B20094DB64 /* Array+Split.swift in Sources */ = {isa = PBXBuildFile; fileRef = A9DE170123F492B20094DB64 /* Array+Split.swift */; };
		A9DE170623F4C0AF0094DB64 /* TextSuggestion.swift in Sources */ = {isa = PBXBuildFile; fileRef = A9DE170523F4C0AF0094DB64 /* TextSuggestion.swift */; };
		A9DF00FA23E38DB00072C7E1 /* PageControlReusableView.swift in Sources */ = {isa = PBXBuildFile; fileRef = A9DF00F923E38DB00072C7E1 /* PageControlReusableView.swift */; };
		B838200F23F4B011005A79CD /* VocableCollectionViewCell.swift in Sources */ = {isa = PBXBuildFile; fileRef = B838200E23F4B011005A79CD /* VocableCollectionViewCell.swift */; };
		B838201123F4B1C2005A79CD /* KeyboardGroupCollectionViewCell.swift in Sources */ = {isa = PBXBuildFile; fileRef = B838201023F4B1C2005A79CD /* KeyboardGroupCollectionViewCell.swift */; };
		B879831123E0CEC300DC1A81 /* PresetsViewController.swift in Sources */ = {isa = PBXBuildFile; fileRef = B879831023E0CEC300DC1A81 /* PresetsViewController.swift */; };
		B879831523E0DA8300DC1A81 /* PresetItemCollectionViewCell.swift in Sources */ = {isa = PBXBuildFile; fileRef = B879831323E0DA8300DC1A81 /* PresetItemCollectionViewCell.swift */; };
		B879831623E0DA8300DC1A81 /* PresetItemCollectionViewCell.xib in Resources */ = {isa = PBXBuildFile; fileRef = B879831423E0DA8300DC1A81 /* PresetItemCollectionViewCell.xib */; };
		B8B779E723F349C600FEE660 /* KeyboardGroupCollectionViewCell.xib in Resources */ = {isa = PBXBuildFile; fileRef = B8B779E623F349C600FEE660 /* KeyboardGroupCollectionViewCell.xib */; };
		B8B779E923F34A7B00FEE660 /* KeyboardKeyGroup.swift in Sources */ = {isa = PBXBuildFile; fileRef = B8B779E823F34A7B00FEE660 /* KeyboardKeyGroup.swift */; };
		B8DA9DE823EB833200FEBE19 /* BorderedView.swift in Sources */ = {isa = PBXBuildFile; fileRef = B8DA9DE723EB833200FEBE19 /* BorderedView.swift */; };
		B8DA9DEA23EB8E2900FEBE19 /* CategoryItemCollectionViewCell.xib in Resources */ = {isa = PBXBuildFile; fileRef = B8DA9DE923EB8E2900FEBE19 /* CategoryItemCollectionViewCell.xib */; };
		B8DA9DEC23EB8FB900FEBE19 /* CategorySectionBackground.swift in Sources */ = {isa = PBXBuildFile; fileRef = B8DA9DEB23EB8FB900FEBE19 /* CategorySectionBackground.swift */; };
		B8DA9DF023EDECEE00FEBE19 /* AppConfig.swift in Sources */ = {isa = PBXBuildFile; fileRef = B8DA9DEF23EDECEE00FEBE19 /* AppConfig.swift */; };
		B8DA9DF223F30BAF00FEBE19 /* Cell+NibLoading.swift in Sources */ = {isa = PBXBuildFile; fileRef = B8DA9DF123F30BAF00FEBE19 /* Cell+NibLoading.swift */; };
		B8DA9DF423F30BD200FEBE19 /* VectorUtils.swift in Sources */ = {isa = PBXBuildFile; fileRef = B8DA9DF323F30BD200FEBE19 /* VectorUtils.swift */; };
		B8DA9DFE23F3407000FEBE19 /* TextPresets.swift in Sources */ = {isa = PBXBuildFile; fileRef = B8DA9DFD23F3407000FEBE19 /* TextPresets.swift */; };
/* End PBXBuildFile section */

/* Begin PBXContainerItemProxy section */
		54D3C41923E37CD40061EF47 /* PBXContainerItemProxy */ = {
			isa = PBXContainerItemProxy;
			containerPortal = 130C00AC20D2AD2A007C3163 /* Project object */;
			proxyType = 1;
			remoteGlobalIDString = 130C00B320D2AD2A007C3163;
			remoteInfo = EyeSpeak;
		};
/* End PBXContainerItemProxy section */

/* Begin PBXFileReference section */
		130C00B420D2AD2A007C3163 /* EyeSpeak.app */ = {isa = PBXFileReference; explicitFileType = wrapper.application; includeInIndex = 0; path = EyeSpeak.app; sourceTree = BUILT_PRODUCTS_DIR; };
		130C00B720D2AD2A007C3163 /* AppDelegate.swift */ = {isa = PBXFileReference; lastKnownFileType = sourcecode.swift; path = AppDelegate.swift; sourceTree = "<group>"; };
		130C00BE20D2AD2A007C3163 /* Base */ = {isa = PBXFileReference; lastKnownFileType = file.storyboard; name = Base; path = Base.lproj/Main.storyboard; sourceTree = "<group>"; };
		130C00C020D2AD2C007C3163 /* Assets.xcassets */ = {isa = PBXFileReference; lastKnownFileType = folder.assetcatalog; path = Assets.xcassets; sourceTree = "<group>"; };
		130C00C320D2AD2C007C3163 /* Base */ = {isa = PBXFileReference; lastKnownFileType = file.storyboard; name = Base; path = Base.lproj/LaunchScreen.storyboard; sourceTree = "<group>"; };
		130C00C520D2AD2C007C3163 /* Info.plist */ = {isa = PBXFileReference; lastKnownFileType = text.plist.xml; path = Info.plist; sourceTree = "<group>"; };
		54D3C41423E37CD40061EF47 /* EyeSpeakTests.xctest */ = {isa = PBXFileReference; explicitFileType = wrapper.cfbundle; includeInIndex = 0; path = EyeSpeakTests.xctest; sourceTree = BUILT_PRODUCTS_DIR; };
		54D3C41623E37CD40061EF47 /* EyeSpeakTests.swift */ = {isa = PBXFileReference; lastKnownFileType = sourcecode.swift; path = EyeSpeakTests.swift; sourceTree = "<group>"; };
		54D3C41823E37CD40061EF47 /* Info.plist */ = {isa = PBXFileReference; lastKnownFileType = text.plist.xml; path = Info.plist; sourceTree = "<group>"; };
		6B17CD7B23E9DFD50050BCB8 /* AVSpeechSynthesizer+Shared.swift */ = {isa = PBXFileReference; lastKnownFileType = sourcecode.swift; path = "AVSpeechSynthesizer+Shared.swift"; sourceTree = "<group>"; };
		6B17CD7D23E9F85F0050BCB8 /* HotCornerOverlayViewController.swift */ = {isa = PBXFileReference; lastKnownFileType = sourcecode.swift; path = HotCornerOverlayViewController.swift; sourceTree = "<group>"; };
		6B17CD7F23EA045D0050BCB8 /* ViewControllerWrapperView.swift */ = {isa = PBXFileReference; lastKnownFileType = sourcecode.swift; path = ViewControllerWrapperView.swift; sourceTree = "<group>"; };
		6B1C7F3123F5BB5200BB3FD9 /* HeadGazeTrackingInterpolator.swift */ = {isa = PBXFileReference; lastKnownFileType = sourcecode.swift; path = HeadGazeTrackingInterpolator.swift; sourceTree = "<group>"; };
		6B823BAD23F4ADE30099F65E /* PIDControlConstants.swift */ = {isa = PBXFileReference; fileEncoding = 4; lastKnownFileType = sourcecode.swift; path = PIDControlConstants.swift; sourceTree = "<group>"; };
		6B823BB323F4ADE30099F65E /* FormatterExtensions.swift */ = {isa = PBXFileReference; fileEncoding = 4; lastKnownFileType = sourcecode.swift; path = FormatterExtensions.swift; sourceTree = "<group>"; };
		6B823BB623F4ADE30099F65E /* SingleControlDisplayable.swift */ = {isa = PBXFileReference; fileEncoding = 4; lastKnownFileType = sourcecode.swift; path = SingleControlDisplayable.swift; sourceTree = "<group>"; };
		6B823BB723F4ADE30099F65E /* SingleControlView.swift */ = {isa = PBXFileReference; fileEncoding = 4; lastKnownFileType = sourcecode.swift; path = SingleControlView.swift; sourceTree = "<group>"; };
		6B823BB823F4ADE30099F65E /* ControlsView.swift */ = {isa = PBXFileReference; fileEncoding = 4; lastKnownFileType = sourcecode.swift; path = ControlsView.swift; sourceTree = "<group>"; };
		6B823BB923F4ADE30099F65E /* Pulse.swift */ = {isa = PBXFileReference; fileEncoding = 4; lastKnownFileType = sourcecode.swift; path = Pulse.swift; sourceTree = "<group>"; };
		6B823BBB23F4ADE30099F65E /* TunningView.swift */ = {isa = PBXFileReference; fileEncoding = 4; lastKnownFileType = sourcecode.swift; path = TunningView.swift; sourceTree = "<group>"; };
		6B823BBC23F4ADE30099F65E /* TunningWindow.swift */ = {isa = PBXFileReference; fileEncoding = 4; lastKnownFileType = sourcecode.swift; path = TunningWindow.swift; sourceTree = "<group>"; };
		6B823BBD23F4ADE30099F65E /* Queue.swift */ = {isa = PBXFileReference; fileEncoding = 4; lastKnownFileType = sourcecode.swift; path = Queue.swift; sourceTree = "<group>"; };
		6B823BBE23F4ADE30099F65E /* TunningViewController.swift */ = {isa = PBXFileReference; fileEncoding = 4; lastKnownFileType = sourcecode.swift; path = TunningViewController.swift; sourceTree = "<group>"; };
		6B823BBF23F4ADE30099F65E /* PulseExtension.swift */ = {isa = PBXFileReference; fileEncoding = 4; lastKnownFileType = sourcecode.swift; path = PulseExtension.swift; sourceTree = "<group>"; };
		6B823BD223F4AE250099F65E /* PIDInterpolator.swift */ = {isa = PBXFileReference; lastKnownFileType = sourcecode.swift; path = PIDInterpolator.swift; sourceTree = "<group>"; };
		6B9DFA4C23E889DB0037673E /* UIHeadGazeViewController.swift */ = {isa = PBXFileReference; fileEncoding = 4; lastKnownFileType = sourcecode.swift; path = UIHeadGazeViewController.swift; sourceTree = "<group>"; };
		6B9DFA4D23E889DB0037673E /* HeadGazeWindow.swift */ = {isa = PBXFileReference; fileEncoding = 4; lastKnownFileType = sourcecode.swift; path = HeadGazeWindow.swift; sourceTree = "<group>"; };
		6B9DFA4E23E889DB0037673E /* UIHeadGaze.swift */ = {isa = PBXFileReference; fileEncoding = 4; lastKnownFileType = sourcecode.swift; path = UIHeadGaze.swift; sourceTree = "<group>"; };
		6B9DFA5023E889DB0037673E /* UIHeadGazeEvent.swift */ = {isa = PBXFileReference; fileEncoding = 4; lastKnownFileType = sourcecode.swift; path = UIHeadGazeEvent.swift; sourceTree = "<group>"; };
		6B9DFA5123E889DB0037673E /* Extensions.swift */ = {isa = PBXFileReference; fileEncoding = 4; lastKnownFileType = sourcecode.swift; path = Extensions.swift; sourceTree = "<group>"; };
		6B9DFA5423E889DB0037673E /* UIVirtualCursorView.swift */ = {isa = PBXFileReference; fileEncoding = 4; lastKnownFileType = sourcecode.swift; path = UIVirtualCursorView.swift; sourceTree = "<group>"; };
		6B9DFA5623E889DB0037673E /* UIHeadGazeRecognizer.swift */ = {isa = PBXFileReference; fileEncoding = 4; lastKnownFileType = sourcecode.swift; path = UIHeadGazeRecognizer.swift; sourceTree = "<group>"; };
		6B9DFA6823E88A1B0037673E /* GazeLib.scnassets */ = {isa = PBXFileReference; lastKnownFileType = wrapper.scnassets; path = GazeLib.scnassets; sourceTree = "<group>"; };
		6B9DFA6B23E88A250037673E /* InterpolableValues.swift */ = {isa = PBXFileReference; lastKnownFileType = sourcecode.swift; path = InterpolableValues.swift; sourceTree = "<group>"; };
		6B9DFA6C23E88A250037673E /* Interpolation.swift */ = {isa = PBXFileReference; lastKnownFileType = sourcecode.swift; path = Interpolation.swift; sourceTree = "<group>"; };
		6B9DFA6D23E88A250037673E /* LowPassInterpolator.swift */ = {isa = PBXFileReference; lastKnownFileType = sourcecode.swift; path = LowPassInterpolator.swift; sourceTree = "<group>"; };
		6B9DFA7323E8D1270037673E /* TrackingContainerViewController.swift */ = {isa = PBXFileReference; lastKnownFileType = sourcecode.swift; path = TrackingContainerViewController.swift; sourceTree = "<group>"; };
		6B9DFA7523E8D5990037673E /* UICollectionView+Gaze.swift */ = {isa = PBXFileReference; lastKnownFileType = sourcecode.swift; path = "UICollectionView+Gaze.swift"; sourceTree = "<group>"; };
		9D15E0542271F0DC0058DF57 /* CursorView.swift */ = {isa = PBXFileReference; lastKnownFileType = sourcecode.swift; path = CursorView.swift; sourceTree = "<group>"; };
		9DB58D4822666BC200E99C3B /* UIColor+AppExtensions.swift */ = {isa = PBXFileReference; lastKnownFileType = sourcecode.swift; path = "UIColor+AppExtensions.swift"; sourceTree = "<group>"; };
		A920A4AE23EA1BD300CF5B08 /* PresetUICollectionViewCompositionalLayout.swift */ = {isa = PBXFileReference; lastKnownFileType = sourcecode.swift; path = PresetUICollectionViewCompositionalLayout.swift; sourceTree = "<group>"; };
		A9299C7423F5FBEE00903AB6 /* KeyboardKeyCollectionViewCell.swift */ = {isa = PBXFileReference; lastKnownFileType = sourcecode.swift; path = KeyboardKeyCollectionViewCell.swift; sourceTree = "<group>"; };
		A9299C7623F5FC6F00903AB6 /* KeyboardKeyCollectionViewCell.xib */ = {isa = PBXFileReference; lastKnownFileType = file.xib; path = KeyboardKeyCollectionViewCell.xib; sourceTree = "<group>"; };
		A92FFB8C23ECCB5400AF2D0B /* SettingsViewController.swift */ = {isa = PBXFileReference; lastKnownFileType = sourcecode.swift; path = SettingsViewController.swift; sourceTree = "<group>"; };
		A92FFB8E23ECD6F200AF2D0B /* HotCorners.storyboard */ = {isa = PBXFileReference; lastKnownFileType = file.storyboard; path = HotCorners.storyboard; sourceTree = "<group>"; };
		A98E8A2223F1DBDF00BF1F22 /* SettingsFooterCollectionViewCell.swift */ = {isa = PBXFileReference; lastKnownFileType = sourcecode.swift; path = SettingsFooterCollectionViewCell.swift; sourceTree = "<group>"; };
		A98E8A2423F1DBF200BF1F22 /* SettingsFooterCollectionViewCell.xib */ = {isa = PBXFileReference; lastKnownFileType = file.xib; path = SettingsFooterCollectionViewCell.xib; sourceTree = "<group>"; };
		A9DE16FD23F48FD30094DB64 /* TextSuggestionController.swift */ = {isa = PBXFileReference; lastKnownFileType = sourcecode.swift; path = TextSuggestionController.swift; sourceTree = "<group>"; };
		A9DE16FF23F4900C0094DB64 /* TextExpression.swift */ = {isa = PBXFileReference; lastKnownFileType = sourcecode.swift; path = TextExpression.swift; sourceTree = "<group>"; };
		A9DE170123F492B20094DB64 /* Array+Split.swift */ = {isa = PBXFileReference; lastKnownFileType = sourcecode.swift; path = "Array+Split.swift"; sourceTree = "<group>"; };
		A9DE170523F4C0AF0094DB64 /* TextSuggestion.swift */ = {isa = PBXFileReference; lastKnownFileType = sourcecode.swift; path = TextSuggestion.swift; sourceTree = "<group>"; };
		A9DF00F923E38DB00072C7E1 /* PageControlReusableView.swift */ = {isa = PBXFileReference; lastKnownFileType = sourcecode.swift; path = PageControlReusableView.swift; sourceTree = "<group>"; };
		B838200E23F4B011005A79CD /* VocableCollectionViewCell.swift */ = {isa = PBXFileReference; lastKnownFileType = sourcecode.swift; path = VocableCollectionViewCell.swift; sourceTree = "<group>"; };
		B838201023F4B1C2005A79CD /* KeyboardGroupCollectionViewCell.swift */ = {isa = PBXFileReference; lastKnownFileType = sourcecode.swift; path = KeyboardGroupCollectionViewCell.swift; sourceTree = "<group>"; };
		B879831023E0CEC300DC1A81 /* PresetsViewController.swift */ = {isa = PBXFileReference; fileEncoding = 4; lastKnownFileType = sourcecode.swift; path = PresetsViewController.swift; sourceTree = "<group>"; };
		B879831323E0DA8300DC1A81 /* PresetItemCollectionViewCell.swift */ = {isa = PBXFileReference; lastKnownFileType = sourcecode.swift; path = PresetItemCollectionViewCell.swift; sourceTree = "<group>"; };
		B879831423E0DA8300DC1A81 /* PresetItemCollectionViewCell.xib */ = {isa = PBXFileReference; lastKnownFileType = file.xib; path = PresetItemCollectionViewCell.xib; sourceTree = "<group>"; };
		B8B779E623F349C600FEE660 /* KeyboardGroupCollectionViewCell.xib */ = {isa = PBXFileReference; fileEncoding = 4; lastKnownFileType = file.xib; path = KeyboardGroupCollectionViewCell.xib; sourceTree = "<group>"; };
		B8B779E823F34A7B00FEE660 /* KeyboardKeyGroup.swift */ = {isa = PBXFileReference; lastKnownFileType = sourcecode.swift; path = KeyboardKeyGroup.swift; sourceTree = "<group>"; };
		B8DA9DE723EB833200FEBE19 /* BorderedView.swift */ = {isa = PBXFileReference; fileEncoding = 4; lastKnownFileType = sourcecode.swift; path = BorderedView.swift; sourceTree = "<group>"; };
		B8DA9DE923EB8E2900FEBE19 /* CategoryItemCollectionViewCell.xib */ = {isa = PBXFileReference; fileEncoding = 4; lastKnownFileType = file.xib; path = CategoryItemCollectionViewCell.xib; sourceTree = "<group>"; };
		B8DA9DEB23EB8FB900FEBE19 /* CategorySectionBackground.swift */ = {isa = PBXFileReference; lastKnownFileType = sourcecode.swift; path = CategorySectionBackground.swift; sourceTree = "<group>"; };
		B8DA9DEF23EDECEE00FEBE19 /* AppConfig.swift */ = {isa = PBXFileReference; fileEncoding = 4; lastKnownFileType = sourcecode.swift; path = AppConfig.swift; sourceTree = "<group>"; };
		B8DA9DF123F30BAF00FEBE19 /* Cell+NibLoading.swift */ = {isa = PBXFileReference; fileEncoding = 4; lastKnownFileType = sourcecode.swift; path = "Cell+NibLoading.swift"; sourceTree = "<group>"; };
		B8DA9DF323F30BD200FEBE19 /* VectorUtils.swift */ = {isa = PBXFileReference; fileEncoding = 4; lastKnownFileType = sourcecode.swift; path = VectorUtils.swift; sourceTree = "<group>"; };
		B8DA9DFD23F3407000FEBE19 /* TextPresets.swift */ = {isa = PBXFileReference; lastKnownFileType = sourcecode.swift; path = TextPresets.swift; sourceTree = "<group>"; };
/* End PBXFileReference section */

/* Begin PBXFrameworksBuildPhase section */
		130C00B120D2AD2A007C3163 /* Frameworks */ = {
			isa = PBXFrameworksBuildPhase;
			buildActionMask = 2147483647;
			files = (
			);
			runOnlyForDeploymentPostprocessing = 0;
		};
		54D3C41123E37CD40061EF47 /* Frameworks */ = {
			isa = PBXFrameworksBuildPhase;
			buildActionMask = 2147483647;
			files = (
			);
			runOnlyForDeploymentPostprocessing = 0;
		};
/* End PBXFrameworksBuildPhase section */

/* Begin PBXGroup section */
		130C00AB20D2AD2A007C3163 = {
			isa = PBXGroup;
			children = (
				130C00B620D2AD2A007C3163 /* EyeSpeak */,
				54D3C41523E37CD40061EF47 /* EyeSpeakTests */,
				130C00B520D2AD2A007C3163 /* Products */,
			);
			sourceTree = "<group>";
		};
		130C00B520D2AD2A007C3163 /* Products */ = {
			isa = PBXGroup;
			children = (
				130C00B420D2AD2A007C3163 /* EyeSpeak.app */,
				54D3C41423E37CD40061EF47 /* EyeSpeakTests.xctest */,
			);
			name = Products;
			sourceTree = "<group>";
		};
		130C00B620D2AD2A007C3163 /* EyeSpeak */ = {
			isa = PBXGroup;
			children = (
				B879831223E0DA5800DC1A81 /* Common */,
				B8DA9DF723F30D9900FEBE19 /* Extensions */,
				6B9DFA4B23E889DB0037673E /* HeadGazeLib */,
				B8DA9DF523F30C5E00FEBE19 /* Features */,
				9D15E0562272119E0058DF57 /* Utilities */,
				130C00B720D2AD2A007C3163 /* AppDelegate.swift */,
				B8DA9DEF23EDECEE00FEBE19 /* AppConfig.swift */,
				130C00BD20D2AD2A007C3163 /* Main.storyboard */,
				139EDEE921419C400009A99F /* Supporting Files */,
			);
			path = EyeSpeak;
			sourceTree = "<group>";
		};
		139EDEE921419C400009A99F /* Supporting Files */ = {
			isa = PBXGroup;
			children = (
				130C00C020D2AD2C007C3163 /* Assets.xcassets */,
				130C00C220D2AD2C007C3163 /* LaunchScreen.storyboard */,
				130C00C520D2AD2C007C3163 /* Info.plist */,
			);
			path = "Supporting Files";
			sourceTree = "<group>";
		};
		54D3C41523E37CD40061EF47 /* EyeSpeakTests */ = {
			isa = PBXGroup;
			children = (
				54D3C41623E37CD40061EF47 /* EyeSpeakTests.swift */,
				54D3C41823E37CD40061EF47 /* Info.plist */,
			);
			path = EyeSpeakTests;
			sourceTree = "<group>";
		};
		6B823BA923F4ADE30099F65E /* PulseController */ = {
			isa = PBXGroup;
			children = (
				6B823BB323F4ADE30099F65E /* FormatterExtensions.swift */,
				6B823BAD23F4ADE30099F65E /* PIDControlConstants.swift */,
				6B823BB623F4ADE30099F65E /* SingleControlDisplayable.swift */,
				6B823BB723F4ADE30099F65E /* SingleControlView.swift */,
				6B823BB823F4ADE30099F65E /* ControlsView.swift */,
				6B823BB923F4ADE30099F65E /* Pulse.swift */,
				6B823BBF23F4ADE30099F65E /* PulseExtension.swift */,
				6B823BBB23F4ADE30099F65E /* TunningView.swift */,
				6B823BBC23F4ADE30099F65E /* TunningWindow.swift */,
				6B823BBD23F4ADE30099F65E /* Queue.swift */,
				6B823BBE23F4ADE30099F65E /* TunningViewController.swift */,
			);
			path = PulseController;
			sourceTree = "<group>";
		};
		6B9DFA4B23E889DB0037673E /* HeadGazeLib */ = {
			isa = PBXGroup;
			children = (
				6B9DFA5123E889DB0037673E /* Extensions.swift */,
				6B9DFA4D23E889DB0037673E /* HeadGazeWindow.swift */,
				6B1C7F3123F5BB5200BB3FD9 /* HeadGazeTrackingInterpolator.swift */,
				6B9DFA4C23E889DB0037673E /* UIHeadGazeViewController.swift */,
				6B9DFA4E23E889DB0037673E /* UIHeadGaze.swift */,
				6B9DFA5023E889DB0037673E /* UIHeadGazeEvent.swift */,
				6B9DFA5423E889DB0037673E /* UIVirtualCursorView.swift */,
				6B9DFA5623E889DB0037673E /* UIHeadGazeRecognizer.swift */,
				6B9DFA6823E88A1B0037673E /* GazeLib.scnassets */,
				6B9DFA6A23E88A250037673E /* Interpolation */,
			);
			path = HeadGazeLib;
			sourceTree = "<group>";
		};
		6B9DFA6A23E88A250037673E /* Interpolation */ = {
			isa = PBXGroup;
			children = (
				6B9DFA6B23E88A250037673E /* InterpolableValues.swift */,
				6B9DFA6C23E88A250037673E /* Interpolation.swift */,
				6B9DFA6D23E88A250037673E /* LowPassInterpolator.swift */,
				6B823BD223F4AE250099F65E /* PIDInterpolator.swift */,
				6B823BA923F4ADE30099F65E /* PulseController */,
			);
			path = Interpolation;
			sourceTree = "<group>";
		};
		9D15E0562272119E0058DF57 /* Utilities */ = {
			isa = PBXGroup;
			children = (
				6B17CD7B23E9DFD50050BCB8 /* AVSpeechSynthesizer+Shared.swift */,
				B8DA9DF323F30BD200FEBE19 /* VectorUtils.swift */,
				A9DE16FD23F48FD30094DB64 /* TextSuggestionController.swift */,
				A9DE16FF23F4900C0094DB64 /* TextExpression.swift */,
				A9DE170123F492B20094DB64 /* Array+Split.swift */,
			);
			path = Utilities;
			sourceTree = "<group>";
		};
		A920A4B023ECB76400CF5B08 /* HotCorners */ = {
			isa = PBXGroup;
			children = (
				6B17CD7D23E9F85F0050BCB8 /* HotCornerOverlayViewController.swift */,
				A92FFB8E23ECD6F200AF2D0B /* HotCorners.storyboard */,
			);
			path = HotCorners;
			sourceTree = "<group>";
		};
		A92FFB9023ECD73400AF2D0B /* Settings */ = {
			isa = PBXGroup;
			children = (
				A92FFB8C23ECCB5400AF2D0B /* SettingsViewController.swift */,
				A98E8A2223F1DBDF00BF1F22 /* SettingsFooterCollectionViewCell.swift */,
				A98E8A2423F1DBF200BF1F22 /* SettingsFooterCollectionViewCell.xib */,
			);
			path = Settings;
			sourceTree = "<group>";
		};
		B879831223E0DA5800DC1A81 /* Common */ = {
			isa = PBXGroup;
			children = (
				B8DA9DE723EB833200FEBE19 /* BorderedView.swift */,
				9D15E0542271F0DC0058DF57 /* CursorView.swift */,
				A9DF00F923E38DB00072C7E1 /* PageControlReusableView.swift */,
				6B9DFA7323E8D1270037673E /* TrackingContainerViewController.swift */,
				6B17CD7F23EA045D0050BCB8 /* ViewControllerWrapperView.swift */,
				B838200E23F4B011005A79CD /* VocableCollectionViewCell.swift */,
			);
			path = Common;
			sourceTree = "<group>";
		};
		B8DA9DF523F30C5E00FEBE19 /* Features */ = {
			isa = PBXGroup;
			children = (
				B8DA9DF823F33B1B00FEBE19 /* Keyboard */,
				A920A4B023ECB76400CF5B08 /* HotCorners */,
				B8DA9DF623F30CC400FEBE19 /* Presets */,
				A92FFB9023ECD73400AF2D0B /* Settings */,
			);
			path = Features;
			sourceTree = "<group>";
		};
		B8DA9DF623F30CC400FEBE19 /* Presets */ = {
			isa = PBXGroup;
			children = (
				B8DA9DFF23F3436800FEBE19 /* Models */,
				B879831023E0CEC300DC1A81 /* PresetsViewController.swift */,
				B8DA9DE923EB8E2900FEBE19 /* CategoryItemCollectionViewCell.xib */,
				B8DA9DEB23EB8FB900FEBE19 /* CategorySectionBackground.swift */,
				B879831323E0DA8300DC1A81 /* PresetItemCollectionViewCell.swift */,
				B879831423E0DA8300DC1A81 /* PresetItemCollectionViewCell.xib */,
				A920A4AE23EA1BD300CF5B08 /* PresetUICollectionViewCompositionalLayout.swift */,
			);
			path = Presets;
			sourceTree = "<group>";
		};
		B8DA9DF723F30D9900FEBE19 /* Extensions */ = {
			isa = PBXGroup;
			children = (
				6B9DFA7523E8D5990037673E /* UICollectionView+Gaze.swift */,
				B8DA9DF123F30BAF00FEBE19 /* Cell+NibLoading.swift */,
				9DB58D4822666BC200E99C3B /* UIColor+AppExtensions.swift */,
			);
			path = Extensions;
			sourceTree = "<group>";
		};
		B8DA9DF823F33B1B00FEBE19 /* Keyboard */ = {
			isa = PBXGroup;
			children = (
				B8B779E623F349C600FEE660 /* KeyboardGroupCollectionViewCell.xib */,
				B838201023F4B1C2005A79CD /* KeyboardGroupCollectionViewCell.swift */,
				A9299C7423F5FBEE00903AB6 /* KeyboardKeyCollectionViewCell.swift */,
				A9299C7623F5FC6F00903AB6 /* KeyboardKeyCollectionViewCell.xib */,
			);
			path = Keyboard;
			sourceTree = "<group>";
		};
		B8DA9DFF23F3436800FEBE19 /* Models */ = {
			isa = PBXGroup;
			children = (
				B8DA9DFD23F3407000FEBE19 /* TextPresets.swift */,
				B8B779E823F34A7B00FEE660 /* KeyboardKeyGroup.swift */,
				A9DE170523F4C0AF0094DB64 /* TextSuggestion.swift */,
			);
			path = Models;
			sourceTree = "<group>";
		};
/* End PBXGroup section */

/* Begin PBXNativeTarget section */
		130C00B320D2AD2A007C3163 /* EyeSpeak */ = {
			isa = PBXNativeTarget;
			buildConfigurationList = 130C00C820D2AD2C007C3163 /* Build configuration list for PBXNativeTarget "EyeSpeak" */;
			buildPhases = (
				130C00B020D2AD2A007C3163 /* Sources */,
				130C00B120D2AD2A007C3163 /* Frameworks */,
				130C00B220D2AD2A007C3163 /* Resources */,
				54481D4823E9CBF000ECF249 /* ShellScript */,
			);
			buildRules = (
			);
			dependencies = (
			);
			name = EyeSpeak;
			productName = EyeTrackingTest;
			productReference = 130C00B420D2AD2A007C3163 /* EyeSpeak.app */;
			productType = "com.apple.product-type.application";
		};
		54D3C41323E37CD40061EF47 /* EyeSpeakTests */ = {
			isa = PBXNativeTarget;
			buildConfigurationList = 54D3C41D23E37CD40061EF47 /* Build configuration list for PBXNativeTarget "EyeSpeakTests" */;
			buildPhases = (
				54D3C41023E37CD40061EF47 /* Sources */,
				54D3C41123E37CD40061EF47 /* Frameworks */,
				54D3C41223E37CD40061EF47 /* Resources */,
			);
			buildRules = (
			);
			dependencies = (
				54D3C41A23E37CD40061EF47 /* PBXTargetDependency */,
			);
			name = EyeSpeakTests;
			productName = EyeSpeakTests;
			productReference = 54D3C41423E37CD40061EF47 /* EyeSpeakTests.xctest */;
			productType = "com.apple.product-type.bundle.unit-test";
		};
/* End PBXNativeTarget section */

/* Begin PBXProject section */
		130C00AC20D2AD2A007C3163 /* Project object */ = {
			isa = PBXProject;
			attributes = {
				LastSwiftUpdateCheck = 1130;
				LastUpgradeCheck = 1000;
				ORGANIZATIONNAME = WillowTree;
				TargetAttributes = {
					130C00B320D2AD2A007C3163 = {
						CreatedOnToolsVersion = 10.0;
						LastSwiftMigration = 1030;
					};
					54D3C41323E37CD40061EF47 = {
						CreatedOnToolsVersion = 11.3.1;
						TestTargetID = 130C00B320D2AD2A007C3163;
					};
				};
			};
			buildConfigurationList = 130C00AF20D2AD2A007C3163 /* Build configuration list for PBXProject "EyeSpeak" */;
			compatibilityVersion = "Xcode 9.3";
			developmentRegion = en;
			hasScannedForEncodings = 0;
			knownRegions = (
				en,
				Base,
			);
			mainGroup = 130C00AB20D2AD2A007C3163;
			productRefGroup = 130C00B520D2AD2A007C3163 /* Products */;
			projectDirPath = "";
			projectRoot = "";
			targets = (
				130C00B320D2AD2A007C3163 /* EyeSpeak */,
				54D3C41323E37CD40061EF47 /* EyeSpeakTests */,
			);
		};
/* End PBXProject section */

/* Begin PBXResourcesBuildPhase section */
		130C00B220D2AD2A007C3163 /* Resources */ = {
			isa = PBXResourcesBuildPhase;
			buildActionMask = 2147483647;
			files = (
				B879831623E0DA8300DC1A81 /* PresetItemCollectionViewCell.xib in Resources */,
				A9299C7723F5FC6F00903AB6 /* KeyboardKeyCollectionViewCell.xib in Resources */,
				A98E8A2523F1DBF200BF1F22 /* SettingsFooterCollectionViewCell.xib in Resources */,
				A92FFB8F23ECD6F200AF2D0B /* HotCorners.storyboard in Resources */,
				130C00C420D2AD2C007C3163 /* LaunchScreen.storyboard in Resources */,
				6B9DFA6923E88A1B0037673E /* GazeLib.scnassets in Resources */,
				130C00C120D2AD2C007C3163 /* Assets.xcassets in Resources */,
				130C00BF20D2AD2A007C3163 /* Main.storyboard in Resources */,
				B8B779E723F349C600FEE660 /* KeyboardGroupCollectionViewCell.xib in Resources */,
				B8DA9DEA23EB8E2900FEBE19 /* CategoryItemCollectionViewCell.xib in Resources */,
			);
			runOnlyForDeploymentPostprocessing = 0;
		};
		54D3C41223E37CD40061EF47 /* Resources */ = {
			isa = PBXResourcesBuildPhase;
			buildActionMask = 2147483647;
			files = (
			);
			runOnlyForDeploymentPostprocessing = 0;
		};
/* End PBXResourcesBuildPhase section */

/* Begin PBXShellScriptBuildPhase section */
		54481D4823E9CBF000ECF249 /* ShellScript */ = {
			isa = PBXShellScriptBuildPhase;
			buildActionMask = 2147483647;
			files = (
			);
			inputFileListPaths = (
			);
			inputPaths = (
			);
			outputFileListPaths = (
			);
			outputPaths = (
			);
			runOnlyForDeploymentPostprocessing = 0;
			shellPath = /bin/sh;
			shellScript = "if which swiftlint >/dev/null; then\n  swiftlint\nelse\n  echo \"warning: SwiftLint not installed, download from https://github.com/realm/SwiftLint\"\nfi\n";
		};
/* End PBXShellScriptBuildPhase section */

/* Begin PBXSourcesBuildPhase section */
		130C00B020D2AD2A007C3163 /* Sources */ = {
			isa = PBXSourcesBuildPhase;
			buildActionMask = 2147483647;
			files = (
				6B823BCA23F4ADE30099F65E /* ControlsView.swift in Sources */,
				6B823BCE23F4ADE30099F65E /* Queue.swift in Sources */,
				6B823BC623F4ADE30099F65E /* FormatterExtensions.swift in Sources */,
				B879831123E0CEC300DC1A81 /* PresetsViewController.swift in Sources */,
				A920A4AF23EA1BD300CF5B08 /* PresetUICollectionViewCompositionalLayout.swift in Sources */,
				6B823BC923F4ADE30099F65E /* SingleControlView.swift in Sources */,
				6B823BD323F4AE250099F65E /* PIDInterpolator.swift in Sources */,
				B8DA9DE823EB833200FEBE19 /* BorderedView.swift in Sources */,
				6B9DFA6023E889DB0037673E /* Extensions.swift in Sources */,
				6B17CD7C23E9DFD50050BCB8 /* AVSpeechSynthesizer+Shared.swift in Sources */,
				B838201123F4B1C2005A79CD /* KeyboardGroupCollectionViewCell.swift in Sources */,
				B8DA9DFE23F3407000FEBE19 /* TextPresets.swift in Sources */,
				9D15E0552271F0DC0058DF57 /* CursorView.swift in Sources */,
				6B9DFA5C23E889DB0037673E /* HeadGazeWindow.swift in Sources */,
				6B823BCF23F4ADE30099F65E /* TunningViewController.swift in Sources */,
				6B9DFA6423E889DB0037673E /* UIHeadGazeRecognizer.swift in Sources */,
				6B17CD8023EA045D0050BCB8 /* ViewControllerWrapperView.swift in Sources */,
				B8DA9DF223F30BAF00FEBE19 /* Cell+NibLoading.swift in Sources */,
				6B9DFA6E23E88A5F0037673E /* LowPassInterpolator.swift in Sources */,
				6B9DFA7423E8D1270037673E /* TrackingContainerViewController.swift in Sources */,
				6B17CD7E23E9F85F0050BCB8 /* HotCornerOverlayViewController.swift in Sources */,
				A9DE170623F4C0AF0094DB64 /* TextSuggestion.swift in Sources */,
				6B823BC823F4ADE30099F65E /* SingleControlDisplayable.swift in Sources */,
				B8DA9DF023EDECEE00FEBE19 /* AppConfig.swift in Sources */,
				B8B779E923F34A7B00FEE660 /* KeyboardKeyGroup.swift in Sources */,
				B8DA9DEC23EB8FB900FEBE19 /* CategorySectionBackground.swift in Sources */,
				6B9DFA7623E8D59A0037673E /* UICollectionView+Gaze.swift in Sources */,
				6B9DFA7023E88A630037673E /* InterpolableValues.swift in Sources */,
				A9DE16FE23F48FD30094DB64 /* TextSuggestionController.swift in Sources */,
				6B1C7F3223F5BB5200BB3FD9 /* HeadGazeTrackingInterpolator.swift in Sources */,
				A9DE170223F492B20094DB64 /* Array+Split.swift in Sources */,
				6B9DFA5D23E889DB0037673E /* UIHeadGaze.swift in Sources */,
				6B9DFA6F23E88A610037673E /* Interpolation.swift in Sources */,
				6B823BD023F4ADE30099F65E /* PulseExtension.swift in Sources */,
				130C00B820D2AD2A007C3163 /* AppDelegate.swift in Sources */,
				A9DF00FA23E38DB00072C7E1 /* PageControlReusableView.swift in Sources */,
				9DB58D4922666BC200E99C3B /* UIColor+AppExtensions.swift in Sources */,
				6B823BCB23F4ADE30099F65E /* Pulse.swift in Sources */,
				B8DA9DF423F30BD200FEBE19 /* VectorUtils.swift in Sources */,
				A92FFB8D23ECCB5400AF2D0B /* SettingsViewController.swift in Sources */,
				B879831523E0DA8300DC1A81 /* PresetItemCollectionViewCell.swift in Sources */,
				6B823BCC23F4ADE30099F65E /* TunningView.swift in Sources */,
				6B9DFA5F23E889DB0037673E /* UIHeadGazeEvent.swift in Sources */,
				A9DE170023F4900C0094DB64 /* TextExpression.swift in Sources */,
				A9299C7523F5FBEE00903AB6 /* KeyboardKeyCollectionViewCell.swift in Sources */,
				6B9DFA5B23E889DB0037673E /* UIHeadGazeViewController.swift in Sources */,
				6B823BCD23F4ADE30099F65E /* TunningWindow.swift in Sources */,
				B838200F23F4B011005A79CD /* VocableCollectionViewCell.swift in Sources */,
				A98E8A2323F1DBDF00BF1F22 /* SettingsFooterCollectionViewCell.swift in Sources */,
				6B9DFA6223E889DB0037673E /* UIVirtualCursorView.swift in Sources */,
				6B823BC223F4ADE30099F65E /* PIDControlConstants.swift in Sources */,
			);
			runOnlyForDeploymentPostprocessing = 0;
		};
		54D3C41023E37CD40061EF47 /* Sources */ = {
			isa = PBXSourcesBuildPhase;
			buildActionMask = 2147483647;
			files = (
				54D3C41723E37CD40061EF47 /* EyeSpeakTests.swift in Sources */,
			);
			runOnlyForDeploymentPostprocessing = 0;
		};
/* End PBXSourcesBuildPhase section */

/* Begin PBXTargetDependency section */
		54D3C41A23E37CD40061EF47 /* PBXTargetDependency */ = {
			isa = PBXTargetDependency;
			target = 130C00B320D2AD2A007C3163 /* EyeSpeak */;
			targetProxy = 54D3C41923E37CD40061EF47 /* PBXContainerItemProxy */;
		};
/* End PBXTargetDependency section */

/* Begin PBXVariantGroup section */
		130C00BD20D2AD2A007C3163 /* Main.storyboard */ = {
			isa = PBXVariantGroup;
			children = (
				130C00BE20D2AD2A007C3163 /* Base */,
			);
			name = Main.storyboard;
			sourceTree = "<group>";
		};
		130C00C220D2AD2C007C3163 /* LaunchScreen.storyboard */ = {
			isa = PBXVariantGroup;
			children = (
				130C00C320D2AD2C007C3163 /* Base */,
			);
			name = LaunchScreen.storyboard;
			sourceTree = "<group>";
		};
/* End PBXVariantGroup section */

/* Begin XCBuildConfiguration section */
		130C00C620D2AD2C007C3163 /* Debug */ = {
			isa = XCBuildConfiguration;
			buildSettings = {
				ALWAYS_SEARCH_USER_PATHS = NO;
				CLANG_ANALYZER_NONNULL = YES;
				CLANG_ANALYZER_NUMBER_OBJECT_CONVERSION = YES_AGGRESSIVE;
				CLANG_CXX_LANGUAGE_STANDARD = "gnu++14";
				CLANG_CXX_LIBRARY = "libc++";
				CLANG_ENABLE_MODULES = YES;
				CLANG_ENABLE_OBJC_ARC = YES;
				CLANG_ENABLE_OBJC_WEAK = YES;
				CLANG_WARN_BLOCK_CAPTURE_AUTORELEASING = YES;
				CLANG_WARN_BOOL_CONVERSION = YES;
				CLANG_WARN_COMMA = YES;
				CLANG_WARN_CONSTANT_CONVERSION = YES;
				CLANG_WARN_DEPRECATED_OBJC_IMPLEMENTATIONS = YES;
				CLANG_WARN_DIRECT_OBJC_ISA_USAGE = YES_ERROR;
				CLANG_WARN_DOCUMENTATION_COMMENTS = YES;
				CLANG_WARN_EMPTY_BODY = YES;
				CLANG_WARN_ENUM_CONVERSION = YES;
				CLANG_WARN_INFINITE_RECURSION = YES;
				CLANG_WARN_INT_CONVERSION = YES;
				CLANG_WARN_NON_LITERAL_NULL_CONVERSION = YES;
				CLANG_WARN_OBJC_IMPLICIT_RETAIN_SELF = YES;
				CLANG_WARN_OBJC_LITERAL_CONVERSION = YES;
				CLANG_WARN_OBJC_ROOT_CLASS = YES_ERROR;
				CLANG_WARN_RANGE_LOOP_ANALYSIS = YES;
				CLANG_WARN_STRICT_PROTOTYPES = YES;
				CLANG_WARN_SUSPICIOUS_MOVE = YES;
				CLANG_WARN_UNGUARDED_AVAILABILITY = YES_AGGRESSIVE;
				CLANG_WARN_UNREACHABLE_CODE = YES;
				CLANG_WARN__DUPLICATE_METHOD_MATCH = YES;
				CODE_SIGN_IDENTITY = "iPhone Developer";
				COPY_PHASE_STRIP = NO;
				CURRENT_PROJECT_VERSION = 1.0.0;
				DEBUG_INFORMATION_FORMAT = dwarf;
				ENABLE_STRICT_OBJC_MSGSEND = YES;
				ENABLE_TESTABILITY = YES;
				GCC_C_LANGUAGE_STANDARD = gnu11;
				GCC_DYNAMIC_NO_PIC = NO;
				GCC_NO_COMMON_BLOCKS = YES;
				GCC_OPTIMIZATION_LEVEL = 0;
				GCC_PREPROCESSOR_DEFINITIONS = (
					"DEBUG=1",
					"$(inherited)",
				);
				GCC_WARN_64_TO_32_BIT_CONVERSION = YES;
				GCC_WARN_ABOUT_RETURN_TYPE = YES_ERROR;
				GCC_WARN_UNDECLARED_SELECTOR = YES;
				GCC_WARN_UNINITIALIZED_AUTOS = YES_AGGRESSIVE;
				GCC_WARN_UNUSED_FUNCTION = YES;
				GCC_WARN_UNUSED_VARIABLE = YES;
				IPHONEOS_DEPLOYMENT_TARGET = 13.0;
				MTL_ENABLE_DEBUG_INFO = INCLUDE_SOURCE;
				ONLY_ACTIVE_ARCH = YES;
				SDKROOT = iphoneos;
				SWIFT_ACTIVE_COMPILATION_CONDITIONS = DEBUG;
				SWIFT_OPTIMIZATION_LEVEL = "-Onone";
				VERSIONING_SYSTEM = "apple-generic";
			};
			name = Debug;
		};
		130C00C720D2AD2C007C3163 /* Release */ = {
			isa = XCBuildConfiguration;
			buildSettings = {
				ALWAYS_SEARCH_USER_PATHS = NO;
				CLANG_ANALYZER_NONNULL = YES;
				CLANG_ANALYZER_NUMBER_OBJECT_CONVERSION = YES_AGGRESSIVE;
				CLANG_CXX_LANGUAGE_STANDARD = "gnu++14";
				CLANG_CXX_LIBRARY = "libc++";
				CLANG_ENABLE_MODULES = YES;
				CLANG_ENABLE_OBJC_ARC = YES;
				CLANG_ENABLE_OBJC_WEAK = YES;
				CLANG_WARN_BLOCK_CAPTURE_AUTORELEASING = YES;
				CLANG_WARN_BOOL_CONVERSION = YES;
				CLANG_WARN_COMMA = YES;
				CLANG_WARN_CONSTANT_CONVERSION = YES;
				CLANG_WARN_DEPRECATED_OBJC_IMPLEMENTATIONS = YES;
				CLANG_WARN_DIRECT_OBJC_ISA_USAGE = YES_ERROR;
				CLANG_WARN_DOCUMENTATION_COMMENTS = YES;
				CLANG_WARN_EMPTY_BODY = YES;
				CLANG_WARN_ENUM_CONVERSION = YES;
				CLANG_WARN_INFINITE_RECURSION = YES;
				CLANG_WARN_INT_CONVERSION = YES;
				CLANG_WARN_NON_LITERAL_NULL_CONVERSION = YES;
				CLANG_WARN_OBJC_IMPLICIT_RETAIN_SELF = YES;
				CLANG_WARN_OBJC_LITERAL_CONVERSION = YES;
				CLANG_WARN_OBJC_ROOT_CLASS = YES_ERROR;
				CLANG_WARN_RANGE_LOOP_ANALYSIS = YES;
				CLANG_WARN_STRICT_PROTOTYPES = YES;
				CLANG_WARN_SUSPICIOUS_MOVE = YES;
				CLANG_WARN_UNGUARDED_AVAILABILITY = YES_AGGRESSIVE;
				CLANG_WARN_UNREACHABLE_CODE = YES;
				CLANG_WARN__DUPLICATE_METHOD_MATCH = YES;
				CODE_SIGN_IDENTITY = "iPhone Developer";
				COPY_PHASE_STRIP = NO;
				CURRENT_PROJECT_VERSION = 1.0.0;
				DEBUG_INFORMATION_FORMAT = "dwarf-with-dsym";
				ENABLE_NS_ASSERTIONS = NO;
				ENABLE_STRICT_OBJC_MSGSEND = YES;
				GCC_C_LANGUAGE_STANDARD = gnu11;
				GCC_NO_COMMON_BLOCKS = YES;
				GCC_WARN_64_TO_32_BIT_CONVERSION = YES;
				GCC_WARN_ABOUT_RETURN_TYPE = YES_ERROR;
				GCC_WARN_UNDECLARED_SELECTOR = YES;
				GCC_WARN_UNINITIALIZED_AUTOS = YES_AGGRESSIVE;
				GCC_WARN_UNUSED_FUNCTION = YES;
				GCC_WARN_UNUSED_VARIABLE = YES;
				IPHONEOS_DEPLOYMENT_TARGET = 13.0;
				MTL_ENABLE_DEBUG_INFO = NO;
				SDKROOT = iphoneos;
				SWIFT_COMPILATION_MODE = wholemodule;
				SWIFT_OPTIMIZATION_LEVEL = "-O";
				VALIDATE_PRODUCT = YES;
				VERSIONING_SYSTEM = "apple-generic";
			};
			name = Release;
		};
		130C00C920D2AD2C007C3163 /* Debug */ = {
			isa = XCBuildConfiguration;
			buildSettings = {
				ASSETCATALOG_COMPILER_APPICON_NAME = AppIcon;
				CODE_SIGN_IDENTITY = "iPhone Developer";
				CODE_SIGN_STYLE = Manual;
				CURRENT_PROJECT_VERSION = 1;
				DEBUG_INFORMATION_FORMAT = "dwarf-with-dsym";
				DEVELOPMENT_TEAM = 753J68XC6W;
				INFOPLIST_FILE = "EyeSpeak/Supporting Files/Info.plist";
				IPHONEOS_DEPLOYMENT_TARGET = 13.0;
				LD_RUNPATH_SEARCH_PATHS = (
					"$(inherited)",
					"@executable_path/Frameworks",
				);
				MARKETING_VERSION = 1.0.1;
				PRODUCT_BUNDLE_IDENTIFIER = com.willowtreeapps.eyespeakaac;
				PRODUCT_NAME = "$(TARGET_NAME)";
				PROVISIONING_PROFILE_SPECIFIER = "match Development com.willowtreeapps.eyespeakaac";
				SWIFT_VERSION = 5.0;
				TARGETED_DEVICE_FAMILY = 2;
			};
			name = Debug;
		};
		130C00CA20D2AD2C007C3163 /* Release */ = {
			isa = XCBuildConfiguration;
			buildSettings = {
				ASSETCATALOG_COMPILER_APPICON_NAME = AppIcon;
				CODE_SIGN_IDENTITY = "iPhone Distribution";
				CODE_SIGN_STYLE = Manual;
				CURRENT_PROJECT_VERSION = 1;
				DEVELOPMENT_TEAM = 753J68XC6W;
				INFOPLIST_FILE = "EyeSpeak/Supporting Files/Info.plist";
				IPHONEOS_DEPLOYMENT_TARGET = 13.0;
				LD_RUNPATH_SEARCH_PATHS = (
					"$(inherited)",
					"@executable_path/Frameworks",
				);
				MARKETING_VERSION = 1.0.1;
				PRODUCT_BUNDLE_IDENTIFIER = com.willowtreeapps.eyespeakaac;
				PRODUCT_NAME = "$(TARGET_NAME)";
				PROVISIONING_PROFILE_SPECIFIER = "match AdHoc com.willowtreeapps.eyespeakaac";
				SWIFT_ACTIVE_COMPILATION_CONDITIONS = RELEASE;
				SWIFT_VERSION = 5.0;
				TARGETED_DEVICE_FAMILY = 2;
			};
			name = Release;
		};
		54D3C41B23E37CD40061EF47 /* Debug */ = {
			isa = XCBuildConfiguration;
			buildSettings = {
				BUNDLE_LOADER = "$(TEST_HOST)";
				CODE_SIGN_STYLE = Automatic;
				DEVELOPMENT_TEAM = 753J68XC6W;
				INFOPLIST_FILE = EyeSpeakTests/Info.plist;
				IPHONEOS_DEPLOYMENT_TARGET = 13.0;
				LD_RUNPATH_SEARCH_PATHS = (
					"$(inherited)",
					"@executable_path/Frameworks",
					"@loader_path/Frameworks",
				);
				MTL_FAST_MATH = YES;
				PRODUCT_BUNDLE_IDENTIFIER = com.willowtreeapps.eyespeakaactests;
				PRODUCT_NAME = "$(TARGET_NAME)";
				SWIFT_VERSION = 5.0;
				TARGETED_DEVICE_FAMILY = "1,2";
				TEST_HOST = "$(BUILT_PRODUCTS_DIR)/EyeSpeak.app/EyeSpeak";
			};
			name = Debug;
		};
		54D3C41C23E37CD40061EF47 /* Release */ = {
			isa = XCBuildConfiguration;
			buildSettings = {
				BUNDLE_LOADER = "$(TEST_HOST)";
				CODE_SIGN_STYLE = Automatic;
				DEVELOPMENT_TEAM = 753J68XC6W;
				INFOPLIST_FILE = EyeSpeakTests/Info.plist;
				IPHONEOS_DEPLOYMENT_TARGET = 13.0;
				LD_RUNPATH_SEARCH_PATHS = (
					"$(inherited)",
					"@executable_path/Frameworks",
					"@loader_path/Frameworks",
				);
				MTL_FAST_MATH = YES;
				PRODUCT_BUNDLE_IDENTIFIER = com.willowtreeapps.eyespeakaactests;
				PRODUCT_NAME = "$(TARGET_NAME)";
				SWIFT_VERSION = 5.0;
				TARGETED_DEVICE_FAMILY = "1,2";
				TEST_HOST = "$(BUILT_PRODUCTS_DIR)/EyeSpeak.app/EyeSpeak";
			};
			name = Release;
		};
		54D3C41E23E380440061EF47 /* AppStore */ = {
			isa = XCBuildConfiguration;
			buildSettings = {
				ALWAYS_SEARCH_USER_PATHS = NO;
				CLANG_ANALYZER_NONNULL = YES;
				CLANG_ANALYZER_NUMBER_OBJECT_CONVERSION = YES_AGGRESSIVE;
				CLANG_CXX_LANGUAGE_STANDARD = "gnu++14";
				CLANG_CXX_LIBRARY = "libc++";
				CLANG_ENABLE_MODULES = YES;
				CLANG_ENABLE_OBJC_ARC = YES;
				CLANG_ENABLE_OBJC_WEAK = YES;
				CLANG_WARN_BLOCK_CAPTURE_AUTORELEASING = YES;
				CLANG_WARN_BOOL_CONVERSION = YES;
				CLANG_WARN_COMMA = YES;
				CLANG_WARN_CONSTANT_CONVERSION = YES;
				CLANG_WARN_DEPRECATED_OBJC_IMPLEMENTATIONS = YES;
				CLANG_WARN_DIRECT_OBJC_ISA_USAGE = YES_ERROR;
				CLANG_WARN_DOCUMENTATION_COMMENTS = YES;
				CLANG_WARN_EMPTY_BODY = YES;
				CLANG_WARN_ENUM_CONVERSION = YES;
				CLANG_WARN_INFINITE_RECURSION = YES;
				CLANG_WARN_INT_CONVERSION = YES;
				CLANG_WARN_NON_LITERAL_NULL_CONVERSION = YES;
				CLANG_WARN_OBJC_IMPLICIT_RETAIN_SELF = YES;
				CLANG_WARN_OBJC_LITERAL_CONVERSION = YES;
				CLANG_WARN_OBJC_ROOT_CLASS = YES_ERROR;
				CLANG_WARN_RANGE_LOOP_ANALYSIS = YES;
				CLANG_WARN_STRICT_PROTOTYPES = YES;
				CLANG_WARN_SUSPICIOUS_MOVE = YES;
				CLANG_WARN_UNGUARDED_AVAILABILITY = YES_AGGRESSIVE;
				CLANG_WARN_UNREACHABLE_CODE = YES;
				CLANG_WARN__DUPLICATE_METHOD_MATCH = YES;
				CODE_SIGN_IDENTITY = "iPhone Developer";
				COPY_PHASE_STRIP = NO;
				CURRENT_PROJECT_VERSION = 1.0.0;
				DEBUG_INFORMATION_FORMAT = "dwarf-with-dsym";
				ENABLE_NS_ASSERTIONS = NO;
				ENABLE_STRICT_OBJC_MSGSEND = YES;
				GCC_C_LANGUAGE_STANDARD = gnu11;
				GCC_NO_COMMON_BLOCKS = YES;
				GCC_WARN_64_TO_32_BIT_CONVERSION = YES;
				GCC_WARN_ABOUT_RETURN_TYPE = YES_ERROR;
				GCC_WARN_UNDECLARED_SELECTOR = YES;
				GCC_WARN_UNINITIALIZED_AUTOS = YES_AGGRESSIVE;
				GCC_WARN_UNUSED_FUNCTION = YES;
				GCC_WARN_UNUSED_VARIABLE = YES;
				IPHONEOS_DEPLOYMENT_TARGET = 13.0;
				MTL_ENABLE_DEBUG_INFO = NO;
				SDKROOT = iphoneos;
				SWIFT_COMPILATION_MODE = wholemodule;
				SWIFT_OPTIMIZATION_LEVEL = "-O";
				VALIDATE_PRODUCT = YES;
				VERSIONING_SYSTEM = "apple-generic";
			};
			name = AppStore;
		};
		54D3C41F23E380440061EF47 /* AppStore */ = {
			isa = XCBuildConfiguration;
			buildSettings = {
				ASSETCATALOG_COMPILER_APPICON_NAME = AppIcon;
				CODE_SIGN_IDENTITY = "iPhone Distribution";
				CODE_SIGN_STYLE = Manual;
				CURRENT_PROJECT_VERSION = 1;
				DEVELOPMENT_TEAM = 753J68XC6W;
				INFOPLIST_FILE = "EyeSpeak/Supporting Files/Info.plist";
				IPHONEOS_DEPLOYMENT_TARGET = 13.0;
				LD_RUNPATH_SEARCH_PATHS = (
					"$(inherited)",
					"@executable_path/Frameworks",
				);
				MARKETING_VERSION = 1.0.1;
				PRODUCT_BUNDLE_IDENTIFIER = com.willowtreeapps.eyespeakaac;
				PRODUCT_NAME = "$(TARGET_NAME)";
				PROVISIONING_PROFILE_SPECIFIER = "match AppStore com.willowtreeapps.eyespeakaac";
				SWIFT_ACTIVE_COMPILATION_CONDITIONS = RELEASE;
				SWIFT_VERSION = 5.0;
				TARGETED_DEVICE_FAMILY = 2;
			};
			name = AppStore;
		};
		54D3C42023E380440061EF47 /* AppStore */ = {
			isa = XCBuildConfiguration;
			buildSettings = {
				BUNDLE_LOADER = "$(TEST_HOST)";
				CODE_SIGN_STYLE = Automatic;
				DEVELOPMENT_TEAM = 753J68XC6W;
				INFOPLIST_FILE = EyeSpeakTests/Info.plist;
				IPHONEOS_DEPLOYMENT_TARGET = 13.0;
				LD_RUNPATH_SEARCH_PATHS = (
					"$(inherited)",
					"@executable_path/Frameworks",
					"@loader_path/Frameworks",
				);
				MTL_FAST_MATH = YES;
				PRODUCT_BUNDLE_IDENTIFIER = com.willowtreeapps.eyespeakaactests;
				PRODUCT_NAME = "$(TARGET_NAME)";
				SWIFT_VERSION = 5.0;
				TARGETED_DEVICE_FAMILY = "1,2";
				TEST_HOST = "$(BUILT_PRODUCTS_DIR)/EyeSpeak.app/EyeSpeak";
			};
			name = AppStore;
		};
/* End XCBuildConfiguration section */

/* Begin XCConfigurationList section */
		130C00AF20D2AD2A007C3163 /* Build configuration list for PBXProject "EyeSpeak" */ = {
			isa = XCConfigurationList;
			buildConfigurations = (
				130C00C620D2AD2C007C3163 /* Debug */,
				130C00C720D2AD2C007C3163 /* Release */,
				54D3C41E23E380440061EF47 /* AppStore */,
			);
			defaultConfigurationIsVisible = 0;
			defaultConfigurationName = Release;
		};
		130C00C820D2AD2C007C3163 /* Build configuration list for PBXNativeTarget "EyeSpeak" */ = {
			isa = XCConfigurationList;
			buildConfigurations = (
				130C00C920D2AD2C007C3163 /* Debug */,
				130C00CA20D2AD2C007C3163 /* Release */,
				54D3C41F23E380440061EF47 /* AppStore */,
			);
			defaultConfigurationIsVisible = 0;
			defaultConfigurationName = Release;
		};
		54D3C41D23E37CD40061EF47 /* Build configuration list for PBXNativeTarget "EyeSpeakTests" */ = {
			isa = XCConfigurationList;
			buildConfigurations = (
				54D3C41B23E37CD40061EF47 /* Debug */,
				54D3C41C23E37CD40061EF47 /* Release */,
				54D3C42023E380440061EF47 /* AppStore */,
			);
			defaultConfigurationIsVisible = 0;
			defaultConfigurationName = Release;
		};
/* End XCConfigurationList section */
	};
	rootObject = 130C00AC20D2AD2A007C3163 /* Project object */;
}
