<?xml version="1.0" encoding="UTF-8"?>
<Scheme
   LastUpgradeVersion = "1230"
   version = "1.3">
   <BuildAction
      parallelizeBuildables = "YES"
      buildImplicitDependencies = "YES">
      <BuildActionEntries>
         <BuildActionEntry
            buildForTesting = "YES"
            buildForRunning = "YES"
            buildForProfiling = "YES"
            buildForArchiving = "YES"
            buildForAnalyzing = "YES">
            <BuildableReference
               BuildableIdentifier = "primary"
               BlueprintIdentifier = "130C00B320D2AD2A007C3163"
               BuildableName = "Vocable.app"
               BlueprintName = "Vocable"
               ReferencedContainer = "container:Vocable.xcodeproj">
            </BuildableReference>
         </BuildActionEntry>
      </BuildActionEntries>
   </BuildAction>
   <TestAction
      buildConfiguration = "Debug"
      selectedDebuggerIdentifier = "Xcode.DebuggerFoundation.Debugger.LLDB"
      selectedLauncherIdentifier = "Xcode.DebuggerFoundation.Launcher.LLDB"
      shouldUseLaunchSchemeArgsEnv = "YES">
      <MacroExpansion>
         <BuildableReference
            BuildableIdentifier = "primary"
            BlueprintIdentifier = "130C00B320D2AD2A007C3163"
            BuildableName = "Vocable.app"
            BlueprintName = "Vocable"
            ReferencedContainer = "container:Vocable.xcodeproj">
         </BuildableReference>
      </MacroExpansion>
      <Testables>
         <TestableReference
            skipped = "NO">
            <BuildableReference
               BuildableIdentifier = "primary"
               BlueprintIdentifier = "54D3C41323E37CD40061EF47"
               BuildableName = "VocableTests.xctest"
               BlueprintName = "VocableTests"
               ReferencedContainer = "container:Vocable.xcodeproj">
            </BuildableReference>
         </TestableReference>
         <TestableReference
            skipped = "NO">
            <BuildableReference
               BuildableIdentifier = "primary"
               BlueprintIdentifier = "17191A2E245089270079F9BE"
               BuildableName = "VocableUITests.xctest"
               BlueprintName = "VocableUITests"
               ReferencedContainer = "container:Vocable.xcodeproj">
            </BuildableReference>
            <SkippedTests>
               <Test
                  Identifier = "CustomCategoriesTest">
               </Test>
               <Test
                  Identifier = "MainScreenTests/testCustonCategoryPagination()">
               </Test>
               <Test
                  Identifier = "MainScreenTests/testDefaultCategoriesExist()">
               </Test>
               <Test
                  Identifier = "MainScreenTests/testDisablingCategory()">
               </Test>
               <Test
                  Identifier = "MainScreenTests/testSelectingCategoryChangesPhrases()">
               </Test>
               <Test
                  Identifier = "SettingsScreenTests/testAddCustomCategory()">
               </Test>
               <Test
                  Identifier = "SettingsScreenTests/testHideShowToggle()">
               </Test>
            </SkippedTests>
         </TestableReference>
      </Testables>
   </TestAction>
   <LaunchAction
      buildConfiguration = "Debug"
      selectedDebuggerIdentifier = "Xcode.DebuggerFoundation.Debugger.LLDB"
      selectedLauncherIdentifier = "Xcode.DebuggerFoundation.Launcher.LLDB"
      launchStyle = "0"
      useCustomWorkingDirectory = "NO"
      ignoresPersistentStateOnLaunch = "NO"
      debugDocumentVersioning = "YES"
      debugServiceExtension = "internal"
      allowLocationSimulation = "YES">
      <BuildableProductRunnable
         runnableDebuggingMode = "0">
         <BuildableReference
            BuildableIdentifier = "primary"
            BlueprintIdentifier = "130C00B320D2AD2A007C3163"
            BuildableName = "Vocable.app"
            BlueprintName = "Vocable"
            ReferencedContainer = "container:Vocable.xcodeproj">
         </BuildableReference>
      </BuildableProductRunnable>
      <EnvironmentVariables>
         <EnvironmentVariable
            key = "EmptyStatesEnabled"
            value = ""
            isEnabled = "YES">
         </EnvironmentVariable>
      </EnvironmentVariables>
   </LaunchAction>
   <ProfileAction
      buildConfiguration = "Debug"
      shouldUseLaunchSchemeArgsEnv = "YES"
      savedToolIdentifier = ""
      useCustomWorkingDirectory = "NO"
      debugDocumentVersioning = "YES">
      <BuildableProductRunnable
         runnableDebuggingMode = "0">
         <BuildableReference
            BuildableIdentifier = "primary"
            BlueprintIdentifier = "130C00B320D2AD2A007C3163"
            BuildableName = "Vocable.app"
            BlueprintName = "Vocable"
            ReferencedContainer = "container:Vocable.xcodeproj">
         </BuildableReference>
      </BuildableProductRunnable>
   </ProfileAction>
   <AnalyzeAction
      buildConfiguration = "Debug">
   </AnalyzeAction>
   <ArchiveAction
      buildConfiguration = "Release"
      revealArchiveInOrganizer = "YES">
   </ArchiveAction>
</Scheme>
