// !$*UTF8*$!
{
	archiveVersion = 1;
	classes = {
	};
	objectVersion = 50;
	objects = {

/* Begin PBXBuildFile section */
		130C00B820D2AD2A007C3163 /* AppDelegate.swift in Sources */ = {isa = PBXBuildFile; fileRef = 130C00B720D2AD2A007C3163 /* AppDelegate.swift */; };
		130C00BF20D2AD2A007C3163 /* Main.storyboard in Resources */ = {isa = PBXBuildFile; fileRef = 130C00BD20D2AD2A007C3163 /* Main.storyboard */; };
		130C00C120D2AD2C007C3163 /* Assets.xcassets in Resources */ = {isa = PBXBuildFile; fileRef = 130C00C020D2AD2C007C3163 /* Assets.xcassets */; };
		130C00C420D2AD2C007C3163 /* LaunchScreen.storyboard in Resources */ = {isa = PBXBuildFile; fileRef = 130C00C220D2AD2C007C3163 /* LaunchScreen.storyboard */; };
		3010A599242602E5005A66D7 /* textpresets.json in Resources */ = {isa = PBXBuildFile; fileRef = 3010A59B242602E5005A66D7 /* textpresets.json */; };
		30B979A524254CBC00309D7C /* WarningView.swift in Sources */ = {isa = PBXBuildFile; fileRef = 30B979A424254CBC00309D7C /* WarningView.swift */; };
		30B979B82425583E00309D7C /* InfoPlist.strings in Resources */ = {isa = PBXBuildFile; fileRef = 30B979BA2425583E00309D7C /* InfoPlist.strings */; };
		30B979BE2425587B00309D7C /* Localizable.strings in Resources */ = {isa = PBXBuildFile; fileRef = 30B979BC2425587B00309D7C /* Localizable.strings */; };
		54D3C41723E37CD40061EF47 /* VocableTests.swift in Sources */ = {isa = PBXBuildFile; fileRef = 54D3C41623E37CD40061EF47 /* VocableTests.swift */; };
		64253CED2419358D0044EAAA /* Settings.storyboard in Resources */ = {isa = PBXBuildFile; fileRef = 64253CEC2419358D0044EAAA /* Settings.storyboard */; };
		64A54545242A490700218BE8 /* GazeEatingView.swift in Sources */ = {isa = PBXBuildFile; fileRef = 64A54544242A490700218BE8 /* GazeEatingView.swift */; };
		64D04A58242951C00006962D /* GazeableAlertPresentationController.swift in Sources */ = {isa = PBXBuildFile; fileRef = 64D04A57242951C00006962D /* GazeableAlertPresentationController.swift */; };
		6B14DC732419590E0050C287 /* OutputTextView.swift in Sources */ = {isa = PBXBuildFile; fileRef = 6B14DC722419590E0050C287 /* OutputTextView.swift */; };
		6B17CD7C23E9DFD50050BCB8 /* AVSpeechSynthesizer+Shared.swift in Sources */ = {isa = PBXBuildFile; fileRef = 6B17CD7B23E9DFD50050BCB8 /* AVSpeechSynthesizer+Shared.swift */; };
		6B17CD8023EA045D0050BCB8 /* ViewControllerWrapperView.swift in Sources */ = {isa = PBXBuildFile; fileRef = 6B17CD7F23EA045D0050BCB8 /* ViewControllerWrapperView.swift */; };
		6B1C7F3223F5BB5200BB3FD9 /* HeadGazeTrackingInterpolator.swift in Sources */ = {isa = PBXBuildFile; fileRef = 6B1C7F3123F5BB5200BB3FD9 /* HeadGazeTrackingInterpolator.swift */; };
		6B3DCC1F24101F530039E45E /* TrackingDebugOverlayViewController.storyboard in Resources */ = {isa = PBXBuildFile; fileRef = 6B3DCC1E24101F530039E45E /* TrackingDebugOverlayViewController.storyboard */; };
		6B3DCC2124101FA80039E45E /* TrackingDebugOverlayViewController.swift in Sources */ = {isa = PBXBuildFile; fileRef = 6B3DCC2024101FA80039E45E /* TrackingDebugOverlayViewController.swift */; };
		6B823BC223F4ADE30099F65E /* PIDControlConstants.swift in Sources */ = {isa = PBXBuildFile; fileRef = 6B823BAD23F4ADE30099F65E /* PIDControlConstants.swift */; };
		6B823BC623F4ADE30099F65E /* FormatterExtensions.swift in Sources */ = {isa = PBXBuildFile; fileRef = 6B823BB323F4ADE30099F65E /* FormatterExtensions.swift */; };
		6B823BC823F4ADE30099F65E /* SingleControlDisplayable.swift in Sources */ = {isa = PBXBuildFile; fileRef = 6B823BB623F4ADE30099F65E /* SingleControlDisplayable.swift */; };
		6B823BC923F4ADE30099F65E /* SingleControlView.swift in Sources */ = {isa = PBXBuildFile; fileRef = 6B823BB723F4ADE30099F65E /* SingleControlView.swift */; };
		6B823BCA23F4ADE30099F65E /* ControlsView.swift in Sources */ = {isa = PBXBuildFile; fileRef = 6B823BB823F4ADE30099F65E /* ControlsView.swift */; };
		6B823BCB23F4ADE30099F65E /* Pulse.swift in Sources */ = {isa = PBXBuildFile; fileRef = 6B823BB923F4ADE30099F65E /* Pulse.swift */; };
		6B823BCC23F4ADE30099F65E /* TunningView.swift in Sources */ = {isa = PBXBuildFile; fileRef = 6B823BBB23F4ADE30099F65E /* TunningView.swift */; };
		6B823BCD23F4ADE30099F65E /* TunningWindow.swift in Sources */ = {isa = PBXBuildFile; fileRef = 6B823BBC23F4ADE30099F65E /* TunningWindow.swift */; };
		6B823BCE23F4ADE30099F65E /* Queue.swift in Sources */ = {isa = PBXBuildFile; fileRef = 6B823BBD23F4ADE30099F65E /* Queue.swift */; };
		6B823BCF23F4ADE30099F65E /* TunningViewController.swift in Sources */ = {isa = PBXBuildFile; fileRef = 6B823BBE23F4ADE30099F65E /* TunningViewController.swift */; };
		6B823BD023F4ADE30099F65E /* PulseExtension.swift in Sources */ = {isa = PBXBuildFile; fileRef = 6B823BBF23F4ADE30099F65E /* PulseExtension.swift */; };
		6B823BD323F4AE250099F65E /* PIDInterpolator.swift in Sources */ = {isa = PBXBuildFile; fileRef = 6B823BD223F4AE250099F65E /* PIDInterpolator.swift */; };
		6B9DFA5B23E889DB0037673E /* UIHeadGazeViewController.swift in Sources */ = {isa = PBXBuildFile; fileRef = 6B9DFA4C23E889DB0037673E /* UIHeadGazeViewController.swift */; };
		6B9DFA5C23E889DB0037673E /* HeadGazeWindow.swift in Sources */ = {isa = PBXBuildFile; fileRef = 6B9DFA4D23E889DB0037673E /* HeadGazeWindow.swift */; };
		6B9DFA5D23E889DB0037673E /* UIHeadGaze.swift in Sources */ = {isa = PBXBuildFile; fileRef = 6B9DFA4E23E889DB0037673E /* UIHeadGaze.swift */; };
		6B9DFA5F23E889DB0037673E /* UIHeadGazeEvent.swift in Sources */ = {isa = PBXBuildFile; fileRef = 6B9DFA5023E889DB0037673E /* UIHeadGazeEvent.swift */; };
		6B9DFA6023E889DB0037673E /* Extensions.swift in Sources */ = {isa = PBXBuildFile; fileRef = 6B9DFA5123E889DB0037673E /* Extensions.swift */; };
		6B9DFA6223E889DB0037673E /* UIVirtualCursorView.swift in Sources */ = {isa = PBXBuildFile; fileRef = 6B9DFA5423E889DB0037673E /* UIVirtualCursorView.swift */; };
		6B9DFA6423E889DB0037673E /* UIHeadGazeRecognizer.swift in Sources */ = {isa = PBXBuildFile; fileRef = 6B9DFA5623E889DB0037673E /* UIHeadGazeRecognizer.swift */; };
		6B9DFA6923E88A1B0037673E /* GazeLib.scnassets in Resources */ = {isa = PBXBuildFile; fileRef = 6B9DFA6823E88A1B0037673E /* GazeLib.scnassets */; };
		6B9DFA6E23E88A5F0037673E /* LowPassInterpolator.swift in Sources */ = {isa = PBXBuildFile; fileRef = 6B9DFA6D23E88A250037673E /* LowPassInterpolator.swift */; };
		6B9DFA6F23E88A610037673E /* Interpolation.swift in Sources */ = {isa = PBXBuildFile; fileRef = 6B9DFA6C23E88A250037673E /* Interpolation.swift */; };
		6B9DFA7023E88A630037673E /* InterpolableValues.swift in Sources */ = {isa = PBXBuildFile; fileRef = 6B9DFA6B23E88A250037673E /* InterpolableValues.swift */; };
		6B9DFA7423E8D1270037673E /* TrackingContainerViewController.swift in Sources */ = {isa = PBXBuildFile; fileRef = 6B9DFA7323E8D1270037673E /* TrackingContainerViewController.swift */; };
		6B9DFA7623E8D59A0037673E /* UICollectionView+Gaze.swift in Sources */ = {isa = PBXBuildFile; fileRef = 6B9DFA7523E8D5990037673E /* UICollectionView+Gaze.swift */; };
		6BB56BA82422AC2500EA787E /* ToastView.swift in Sources */ = {isa = PBXBuildFile; fileRef = 6BB56BA72422AC2500EA787E /* ToastView.swift */; };
		6BB56BAA2422B40300EA787E /* PublishedDefault.swift in Sources */ = {isa = PBXBuildFile; fileRef = 6BB56BA92422B40200EA787E /* PublishedDefault.swift */; };
		6BFB18BE24002BFE002C3515 /* NSPersistentContainer+Shared.swift in Sources */ = {isa = PBXBuildFile; fileRef = 6BFB18BD24002BFE002C3515 /* NSPersistentContainer+Shared.swift */; };
		6BFB18C224002C7B002C3515 /* Phrases.xcdatamodeld in Sources */ = {isa = PBXBuildFile; fileRef = 6BFB18C024002C7B002C3515 /* Phrases.xcdatamodeld */; };
		6BFB18C424004406002C3515 /* NSManagedObject+Helpers.swift in Sources */ = {isa = PBXBuildFile; fileRef = 6BFB18C324004406002C3515 /* NSManagedObject+Helpers.swift */; };
		6BFB18C624004711002C3515 /* ModelObjectExtensions.swift in Sources */ = {isa = PBXBuildFile; fileRef = 6BFB18C524004711002C3515 /* ModelObjectExtensions.swift */; };
		6BFB18C724005E18002C3515 /* CategoryPaginationContainerCollectionViewCell.swift in Sources */ = {isa = PBXBuildFile; fileRef = B838202C23FD8934005A79CD /* CategoryPaginationContainerCollectionViewCell.swift */; };
		71004B0D242926A2006833B8 /* SelectionMode.storyboard in Resources */ = {isa = PBXBuildFile; fileRef = 71004B0C242926A2006833B8 /* SelectionMode.storyboard */; };
		714EFD45241964D800DC773C /* EditSayingsViewController.swift in Sources */ = {isa = PBXBuildFile; fileRef = 714EFD44241964D800DC773C /* EditSayingsViewController.swift */; };
		718D7FAE2419546F00FDEF93 /* EditSayingsCollectionViewCell.swift in Sources */ = {isa = PBXBuildFile; fileRef = 718D7FAD2419546F00FDEF93 /* EditSayingsCollectionViewCell.swift */; };
		718D7FB0241954C400FDEF93 /* EditSayingsCollectionViewCell.xib in Resources */ = {isa = PBXBuildFile; fileRef = 718D7FAF241954C400FDEF93 /* EditSayingsCollectionViewCell.xib */; };
		7192E409242BC58F008E4A0A /* ToastWindow.swift in Sources */ = {isa = PBXBuildFile; fileRef = 7192E408242BC58F008E4A0A /* ToastWindow.swift */; };
		7192E40B242E6562008E4A0A /* ToastContainerViewController.swift in Sources */ = {isa = PBXBuildFile; fileRef = 7192E40A242E6562008E4A0A /* ToastContainerViewController.swift */; };
		71B856442416CEB600CB163B /* ToastView.xib in Resources */ = {isa = PBXBuildFile; fileRef = 71B856432416CEB600CB163B /* ToastView.xib */; };
		71DBE5EB240DE4D000BA8D01 /* WarningView.xib in Resources */ = {isa = PBXBuildFile; fileRef = 71DBE5EA240DE4D000BA8D01 /* WarningView.xib */; };
		71FA2855242406540051498A /* SelectionModeViewController.swift in Sources */ = {isa = PBXBuildFile; fileRef = 71FA2854242406540051498A /* SelectionModeViewController.swift */; };
		71FA2857242413670051498A /* SelectionModeCollectionViewController.swift in Sources */ = {isa = PBXBuildFile; fileRef = 71FA2856242413670051498A /* SelectionModeCollectionViewController.swift */; };
		9D15E0552271F0DC0058DF57 /* CursorView.swift in Sources */ = {isa = PBXBuildFile; fileRef = 9D15E0542271F0DC0058DF57 /* CursorView.swift */; };
		9DB58D4922666BC200E99C3B /* UIColor+AppExtensions.swift in Sources */ = {isa = PBXBuildFile; fileRef = 9DB58D4822666BC200E99C3B /* UIColor+AppExtensions.swift */; };
		A91A9F4924192782008552E8 /* EditSayingsKeyboardViewController.swift in Sources */ = {isa = PBXBuildFile; fileRef = A91A9F4824192782008552E8 /* EditSayingsKeyboardViewController.swift */; };
		A920A4AF23EA1BD300CF5B08 /* PresetUICollectionViewCompositionalLayout.swift in Sources */ = {isa = PBXBuildFile; fileRef = A920A4AE23EA1BD300CF5B08 /* PresetUICollectionViewCompositionalLayout.swift */; };
		A9299C7523F5FBEE00903AB6 /* KeyboardKeyCollectionViewCell.swift in Sources */ = {isa = PBXBuildFile; fileRef = A9299C7423F5FBEE00903AB6 /* KeyboardKeyCollectionViewCell.swift */; };
		A9299C7723F5FC6F00903AB6 /* KeyboardKeyCollectionViewCell.xib in Resources */ = {isa = PBXBuildFile; fileRef = A9299C7623F5FC6F00903AB6 /* KeyboardKeyCollectionViewCell.xib */; };
		A92FFB8D23ECCB5400AF2D0B /* SettingsCollectionViewController.swift in Sources */ = {isa = PBXBuildFile; fileRef = A92FFB8C23ECCB5400AF2D0B /* SettingsCollectionViewController.swift */; };
		A9326C8D241C1A3300F7026C /* EditSayingsCollectionViewController.swift in Sources */ = {isa = PBXBuildFile; fileRef = A9326C8C241C1A3300F7026C /* EditSayingsCollectionViewController.swift */; };
		A944D0052405AE8C00F3863E /* GazeableButton.swift in Sources */ = {isa = PBXBuildFile; fileRef = A944D0042405AE8C00F3863E /* GazeableButton.swift */; };
		A944D0072405C61400F3863E /* SettingsViewController.swift in Sources */ = {isa = PBXBuildFile; fileRef = A944D0062405C61400F3863E /* SettingsViewController.swift */; };
		A944D0092406D54400F3863E /* SettingsToggleCollectionViewCell.swift in Sources */ = {isa = PBXBuildFile; fileRef = A944D0082406D54400F3863E /* SettingsToggleCollectionViewCell.swift */; };
		A944D00B2406D55F00F3863E /* SettingsToggleCollectionViewCell.xib in Resources */ = {isa = PBXBuildFile; fileRef = A944D00A2406D55F00F3863E /* SettingsToggleCollectionViewCell.xib */; };
		A946553223FC2CB20033D71F /* TextFieldCollectionViewCell.xib in Resources */ = {isa = PBXBuildFile; fileRef = A946553123FC2CB20033D71F /* TextFieldCollectionViewCell.xib */; };
		A946553423FC2CC20033D71F /* TextFieldCollectionViewCell.swift in Sources */ = {isa = PBXBuildFile; fileRef = A946553323FC2CC20033D71F /* TextFieldCollectionViewCell.swift */; };
		A94720CE241A8D9B00F7B4FF /* PaginationView.swift in Sources */ = {isa = PBXBuildFile; fileRef = A94720CD241A8D9B00F7B4FF /* PaginationView.swift */; };
		A94A6CCD2412D38A00625275 /* NavigationModel.swift in Sources */ = {isa = PBXBuildFile; fileRef = A94A6CCC2412D38A00625275 /* NavigationModel.swift */; };
		A95D07BE24326475004ECE64 /* CursorSensitivity.swift in Sources */ = {isa = PBXBuildFile; fileRef = A95D07BD24326475004ECE64 /* CursorSensitivity.swift */; };
		A96D61D524229F6400577144 /* SettingsCollectionViewCell.swift in Sources */ = {isa = PBXBuildFile; fileRef = A96D61D424229F6400577144 /* SettingsCollectionViewCell.swift */; };
		A96D61D724229F7400577144 /* SettingsCollectionViewCell.xib in Resources */ = {isa = PBXBuildFile; fileRef = A96D61D624229F7400577144 /* SettingsCollectionViewCell.xib */; };
		A97814FA23FF3B1200ECC609 /* CategorySectionBackground.swift in Sources */ = {isa = PBXBuildFile; fileRef = A97814F923FF3B1200ECC609 /* CategorySectionBackground.swift */; };
		A98E8A2323F1DBDF00BF1F22 /* SettingsFooterCollectionViewCell.swift in Sources */ = {isa = PBXBuildFile; fileRef = A98E8A2223F1DBDF00BF1F22 /* SettingsFooterCollectionViewCell.swift */; };
		A98E8A2523F1DBF200BF1F22 /* SettingsFooterCollectionViewCell.xib in Resources */ = {isa = PBXBuildFile; fileRef = A98E8A2423F1DBF200BF1F22 /* SettingsFooterCollectionViewCell.xib */; };
		A99AF23123FC8BF700BE1184 /* TextTransaction.swift in Sources */ = {isa = PBXBuildFile; fileRef = A99AF23023FC8BF700BE1184 /* TextTransaction.swift */; };
		A99AF23323FDA8B600BE1184 /* SuggestionCollectionViewCell.swift in Sources */ = {isa = PBXBuildFile; fileRef = A99AF23223FDA8B600BE1184 /* SuggestionCollectionViewCell.swift */; };
		A99AF23523FDA8DC00BE1184 /* SuggestionCollectionViewCell.xib in Resources */ = {isa = PBXBuildFile; fileRef = A99AF23423FDA8DC00BE1184 /* SuggestionCollectionViewCell.xib */; };
		A9B32C8C240EB6250084E151 /* KeyboardModel.swift in Sources */ = {isa = PBXBuildFile; fileRef = A9B32C8B240EB6250084E151 /* KeyboardModel.swift */; };
		A9C32CFF242271F3000EC6F7 /* Phrase+Helpers.swift in Sources */ = {isa = PBXBuildFile; fileRef = A9C32CFE242271F3000EC6F7 /* Phrase+Helpers.swift */; };
		A9CF2AE9242D41BE005633A7 /* EditSayings.storyboard in Resources */ = {isa = PBXBuildFile; fileRef = A9CF2AE8242D41BE005633A7 /* EditSayings.storyboard */; };
		A9CF2AEB242D431E005633A7 /* TimingSensitivity.storyboard in Resources */ = {isa = PBXBuildFile; fileRef = A9CF2AEA242D431E005633A7 /* TimingSensitivity.storyboard */; };
		A9CF2AED242D44CA005633A7 /* TimingSensitivityCollectionViewController.swift in Sources */ = {isa = PBXBuildFile; fileRef = A9CF2AEC242D44CA005633A7 /* TimingSensitivityCollectionViewController.swift */; };
		A9CF2AEF242D44EE005633A7 /* TimingSensitivityViewController.swift in Sources */ = {isa = PBXBuildFile; fileRef = A9CF2AEE242D44EE005633A7 /* TimingSensitivityViewController.swift */; };
		A9CF2AF3242D4EDE005633A7 /* DwellTimeCollectionViewCell.xib in Resources */ = {isa = PBXBuildFile; fileRef = A9CF2AF2242D4EDE005633A7 /* DwellTimeCollectionViewCell.xib */; };
		A9CF2AF5242D4EF1005633A7 /* SensitivityCollectionViewCell.xib in Resources */ = {isa = PBXBuildFile; fileRef = A9CF2AF4242D4EF1005633A7 /* SensitivityCollectionViewCell.xib */; };
		A9CF2AF7242D4EFD005633A7 /* DwellTimeCollectionViewCell.swift in Sources */ = {isa = PBXBuildFile; fileRef = A9CF2AF6242D4EFD005633A7 /* DwellTimeCollectionViewCell.swift */; };
		A9CF2AF9242D4F0A005633A7 /* SensitivityCollectionViewCell.swift in Sources */ = {isa = PBXBuildFile; fileRef = A9CF2AF8242D4F0A005633A7 /* SensitivityCollectionViewCell.swift */; };
		A9DE16FE23F48FD30094DB64 /* TextSuggestionController.swift in Sources */ = {isa = PBXBuildFile; fileRef = A9DE16FD23F48FD30094DB64 /* TextSuggestionController.swift */; };
		A9DE170023F4900C0094DB64 /* TextExpression.swift in Sources */ = {isa = PBXBuildFile; fileRef = A9DE16FF23F4900C0094DB64 /* TextExpression.swift */; };
		A9DE170223F492B20094DB64 /* Array+Split.swift in Sources */ = {isa = PBXBuildFile; fileRef = A9DE170123F492B20094DB64 /* Array+Split.swift */; };
		A9DE170623F4C0AF0094DB64 /* TextSuggestion.swift in Sources */ = {isa = PBXBuildFile; fileRef = A9DE170523F4C0AF0094DB64 /* TextSuggestion.swift */; };
		A9DF00FA23E38DB00072C7E1 /* PageControlReusableView.swift in Sources */ = {isa = PBXBuildFile; fileRef = A9DF00F923E38DB00072C7E1 /* PageControlReusableView.swift */; };
		A9DFCC18242BDCD700136136 /* CategoryPaginationCollectionViewCell.swift in Sources */ = {isa = PBXBuildFile; fileRef = A9DFCC17242BDCD700136136 /* CategoryPaginationCollectionViewCell.swift */; };
		A9DFCC1A242BDD5300136136 /* PresetPaginationCollectionViewCell.swift in Sources */ = {isa = PBXBuildFile; fileRef = A9DFCC19242BDD5300136136 /* PresetPaginationCollectionViewCell.swift */; };
		A9DFCC20242D020100136136 /* PublishedValue.swift in Sources */ = {isa = PBXBuildFile; fileRef = A9DFCC1F242D020100136136 /* PublishedValue.swift */; };
		A9E665A7241A785F00FE577A /* CarouselGridCollectionViewController.swift in Sources */ = {isa = PBXBuildFile; fileRef = A9E665A6241A785F00FE577A /* CarouselGridCollectionViewController.swift */; };
		B81AC0A12405AF1100972E85 /* CategoryViewModel.swift in Sources */ = {isa = PBXBuildFile; fileRef = B81AC0A02405AF1100972E85 /* CategoryViewModel.swift */; };
		B81AC0A52405B62900972E85 /* PhraseViewModel.swift in Sources */ = {isa = PBXBuildFile; fileRef = B81AC0A42405B62900972E85 /* PhraseViewModel.swift */; };
		B81AC0AD2405D8C400972E85 /* ItemSelection.swift in Sources */ = {isa = PBXBuildFile; fileRef = B81AC0AC2405D8C400972E85 /* ItemSelection.swift */; };
		B81D234C23FDA7A8005741E8 /* CategoriesPageViewController.swift in Sources */ = {isa = PBXBuildFile; fileRef = B81D234B23FDA7A8005741E8 /* CategoriesPageViewController.swift */; };
		B81D234F23FDAB6D005741E8 /* CategoryPageCollectionViewController.swift in Sources */ = {isa = PBXBuildFile; fileRef = B81D234D23FDAB6D005741E8 /* CategoryPageCollectionViewController.swift */; };
		B81D235623FED535005741E8 /* PresetPaginationContainerCollectionViewCell.swift in Sources */ = {isa = PBXBuildFile; fileRef = B81D235523FED535005741E8 /* PresetPaginationContainerCollectionViewCell.swift */; };
		B81D235B23FED8EF005741E8 /* PresetPaginationContainerCollectionViewCell.xib in Resources */ = {isa = PBXBuildFile; fileRef = B81D235A23FED8EF005741E8 /* PresetPaginationContainerCollectionViewCell.xib */; };
		B81D235D23FEDAF9005741E8 /* UIPageViewController+ManualPagination.swift in Sources */ = {isa = PBXBuildFile; fileRef = B81D235C23FEDAF9005741E8 /* UIPageViewController+ManualPagination.swift */; };
		B81D235F23FEDC15005741E8 /* PresetsPageViewController.swift in Sources */ = {isa = PBXBuildFile; fileRef = B81D235E23FEDC15005741E8 /* PresetsPageViewController.swift */; };
		B81D236123FEDCD1005741E8 /* PresetPageCollectionViewController.swift in Sources */ = {isa = PBXBuildFile; fileRef = B81D236023FEDCD1005741E8 /* PresetPageCollectionViewController.swift */; };
		B81D236623FF31F6005741E8 /* PageIndicatorCollectionViewCell.swift in Sources */ = {isa = PBXBuildFile; fileRef = B81D236423FF31F6005741E8 /* PageIndicatorCollectionViewCell.swift */; };
		B81D236723FF31F6005741E8 /* PageIndicatorCollectionViewCell.xib in Resources */ = {isa = PBXBuildFile; fileRef = B81D236523FF31F6005741E8 /* PageIndicatorCollectionViewCell.xib */; };
		B81D236923FF3C82005741E8 /* PaginationContainerCollectionViewCell.swift in Sources */ = {isa = PBXBuildFile; fileRef = B81D236823FF3C82005741E8 /* PaginationContainerCollectionViewCell.swift */; };
		B838200F23F4B011005A79CD /* VocableCollectionViewCell.swift in Sources */ = {isa = PBXBuildFile; fileRef = B838200E23F4B011005A79CD /* VocableCollectionViewCell.swift */; };
		B838202323FC6B38005A79CD /* PaginationCollectionViewCell.swift in Sources */ = {isa = PBXBuildFile; fileRef = B838202223FC6B38005A79CD /* PaginationCollectionViewCell.swift */; };
		B838202F23FD894C005A79CD /* CategoryPaginationContainerCollectionViewCell.xib in Resources */ = {isa = PBXBuildFile; fileRef = B838202E23FD894C005A79CD /* CategoryPaginationContainerCollectionViewCell.xib */; };
		B879831123E0CEC300DC1A81 /* PresetsViewController.swift in Sources */ = {isa = PBXBuildFile; fileRef = B879831023E0CEC300DC1A81 /* PresetsViewController.swift */; };
		B879831523E0DA8300DC1A81 /* PresetItemCollectionViewCell.swift in Sources */ = {isa = PBXBuildFile; fileRef = B879831323E0DA8300DC1A81 /* PresetItemCollectionViewCell.swift */; };
		B8DA9DE823EB833200FEBE19 /* BorderedView.swift in Sources */ = {isa = PBXBuildFile; fileRef = B8DA9DE723EB833200FEBE19 /* BorderedView.swift */; };
		B8DA9DF023EDECEE00FEBE19 /* AppConfig.swift in Sources */ = {isa = PBXBuildFile; fileRef = B8DA9DEF23EDECEE00FEBE19 /* AppConfig.swift */; };
		B8DA9DF223F30BAF00FEBE19 /* Cell+NibLoading.swift in Sources */ = {isa = PBXBuildFile; fileRef = B8DA9DF123F30BAF00FEBE19 /* Cell+NibLoading.swift */; };
		B8DA9DF423F30BD200FEBE19 /* VectorUtils.swift in Sources */ = {isa = PBXBuildFile; fileRef = B8DA9DF323F30BD200FEBE19 /* VectorUtils.swift */; };
		B8DA9DFE23F3407000FEBE19 /* TextPresets.swift in Sources */ = {isa = PBXBuildFile; fileRef = B8DA9DFD23F3407000FEBE19 /* TextPresets.swift */; };
		B8EB51D12409860A00F425A6 /* GazeableAlertViewController.swift in Sources */ = {isa = PBXBuildFile; fileRef = B8EB51CF2409860A00F425A6 /* GazeableAlertViewController.swift */; };
/* End PBXBuildFile section */

/* Begin PBXContainerItemProxy section */
		54D3C41923E37CD40061EF47 /* PBXContainerItemProxy */ = {
			isa = PBXContainerItemProxy;
			containerPortal = 130C00AC20D2AD2A007C3163 /* Project object */;
			proxyType = 1;
			remoteGlobalIDString = 130C00B320D2AD2A007C3163;
			remoteInfo = EyeSpeak;
		};
/* End PBXContainerItemProxy section */

/* Begin PBXFileReference section */
		130C00B420D2AD2A007C3163 /* Vocable.app */ = {isa = PBXFileReference; explicitFileType = wrapper.application; includeInIndex = 0; path = Vocable.app; sourceTree = BUILT_PRODUCTS_DIR; };
		130C00B720D2AD2A007C3163 /* AppDelegate.swift */ = {isa = PBXFileReference; lastKnownFileType = sourcecode.swift; path = AppDelegate.swift; sourceTree = "<group>"; };
		130C00BE20D2AD2A007C3163 /* Base */ = {isa = PBXFileReference; lastKnownFileType = file.storyboard; name = Base; path = Base.lproj/Main.storyboard; sourceTree = "<group>"; };
		130C00C020D2AD2C007C3163 /* Assets.xcassets */ = {isa = PBXFileReference; lastKnownFileType = folder.assetcatalog; path = Assets.xcassets; sourceTree = "<group>"; };
		130C00C320D2AD2C007C3163 /* Base */ = {isa = PBXFileReference; lastKnownFileType = file.storyboard; name = Base; path = Base.lproj/LaunchScreen.storyboard; sourceTree = "<group>"; };
		130C00C520D2AD2C007C3163 /* Info.plist */ = {isa = PBXFileReference; lastKnownFileType = text.plist.xml; path = Info.plist; sourceTree = "<group>"; };
		3010A59A242602E5005A66D7 /* en */ = {isa = PBXFileReference; lastKnownFileType = text.json; name = en; path = en.lproj/textpresets.json; sourceTree = "<group>"; };
		3010A59C242602E9005A66D7 /* de */ = {isa = PBXFileReference; lastKnownFileType = text.json; name = de; path = de.lproj/textpresets.json; sourceTree = "<group>"; };
		30B979A424254CBC00309D7C /* WarningView.swift */ = {isa = PBXFileReference; lastKnownFileType = sourcecode.swift; path = WarningView.swift; sourceTree = "<group>"; };
		30B979B92425583E00309D7C /* en */ = {isa = PBXFileReference; lastKnownFileType = text.plist.strings; name = en; path = en.lproj/InfoPlist.strings; sourceTree = "<group>"; };
		30B979BB2425584300309D7C /* de */ = {isa = PBXFileReference; lastKnownFileType = text.plist.strings; name = de; path = de.lproj/InfoPlist.strings; sourceTree = "<group>"; };
		30B979BD2425587B00309D7C /* de */ = {isa = PBXFileReference; lastKnownFileType = text.plist.strings; name = de; path = Vocable/de.lproj/Localizable.strings; sourceTree = SOURCE_ROOT; };
		30B979BF242558FD00309D7C /* en */ = {isa = PBXFileReference; lastKnownFileType = text.plist.strings; name = en; path = Vocable/en.lproj/Localizable.strings; sourceTree = SOURCE_ROOT; };
		54D3C41423E37CD40061EF47 /* VocableTests.xctest */ = {isa = PBXFileReference; explicitFileType = wrapper.cfbundle; includeInIndex = 0; path = VocableTests.xctest; sourceTree = BUILT_PRODUCTS_DIR; };
		54D3C41623E37CD40061EF47 /* VocableTests.swift */ = {isa = PBXFileReference; lastKnownFileType = sourcecode.swift; path = VocableTests.swift; sourceTree = "<group>"; };
		54D3C41823E37CD40061EF47 /* Info.plist */ = {isa = PBXFileReference; lastKnownFileType = text.plist.xml; path = Info.plist; sourceTree = "<group>"; };
		64253CEC2419358D0044EAAA /* Settings.storyboard */ = {isa = PBXFileReference; fileEncoding = 4; lastKnownFileType = file.storyboard; path = Settings.storyboard; sourceTree = "<group>"; };
		64A54544242A490700218BE8 /* GazeEatingView.swift */ = {isa = PBXFileReference; lastKnownFileType = sourcecode.swift; path = GazeEatingView.swift; sourceTree = "<group>"; };
		64D04A57242951C00006962D /* GazeableAlertPresentationController.swift */ = {isa = PBXFileReference; lastKnownFileType = sourcecode.swift; path = GazeableAlertPresentationController.swift; sourceTree = "<group>"; };
		6B14DC722419590E0050C287 /* OutputTextView.swift */ = {isa = PBXFileReference; lastKnownFileType = sourcecode.swift; path = OutputTextView.swift; sourceTree = "<group>"; };
		6B17CD7B23E9DFD50050BCB8 /* AVSpeechSynthesizer+Shared.swift */ = {isa = PBXFileReference; lastKnownFileType = sourcecode.swift; path = "AVSpeechSynthesizer+Shared.swift"; sourceTree = "<group>"; };
		6B17CD7F23EA045D0050BCB8 /* ViewControllerWrapperView.swift */ = {isa = PBXFileReference; lastKnownFileType = sourcecode.swift; path = ViewControllerWrapperView.swift; sourceTree = "<group>"; };
		6B1C7F3123F5BB5200BB3FD9 /* HeadGazeTrackingInterpolator.swift */ = {isa = PBXFileReference; lastKnownFileType = sourcecode.swift; path = HeadGazeTrackingInterpolator.swift; sourceTree = "<group>"; };
		6B3DCC1E24101F530039E45E /* TrackingDebugOverlayViewController.storyboard */ = {isa = PBXFileReference; lastKnownFileType = file.storyboard; path = TrackingDebugOverlayViewController.storyboard; sourceTree = "<group>"; };
		6B3DCC2024101FA80039E45E /* TrackingDebugOverlayViewController.swift */ = {isa = PBXFileReference; lastKnownFileType = sourcecode.swift; path = TrackingDebugOverlayViewController.swift; sourceTree = "<group>"; };
		6B823BAD23F4ADE30099F65E /* PIDControlConstants.swift */ = {isa = PBXFileReference; fileEncoding = 4; lastKnownFileType = sourcecode.swift; path = PIDControlConstants.swift; sourceTree = "<group>"; };
		6B823BB323F4ADE30099F65E /* FormatterExtensions.swift */ = {isa = PBXFileReference; fileEncoding = 4; lastKnownFileType = sourcecode.swift; path = FormatterExtensions.swift; sourceTree = "<group>"; };
		6B823BB623F4ADE30099F65E /* SingleControlDisplayable.swift */ = {isa = PBXFileReference; fileEncoding = 4; lastKnownFileType = sourcecode.swift; path = SingleControlDisplayable.swift; sourceTree = "<group>"; };
		6B823BB723F4ADE30099F65E /* SingleControlView.swift */ = {isa = PBXFileReference; fileEncoding = 4; lastKnownFileType = sourcecode.swift; path = SingleControlView.swift; sourceTree = "<group>"; };
		6B823BB823F4ADE30099F65E /* ControlsView.swift */ = {isa = PBXFileReference; fileEncoding = 4; lastKnownFileType = sourcecode.swift; path = ControlsView.swift; sourceTree = "<group>"; };
		6B823BB923F4ADE30099F65E /* Pulse.swift */ = {isa = PBXFileReference; fileEncoding = 4; lastKnownFileType = sourcecode.swift; path = Pulse.swift; sourceTree = "<group>"; };
		6B823BBB23F4ADE30099F65E /* TunningView.swift */ = {isa = PBXFileReference; fileEncoding = 4; lastKnownFileType = sourcecode.swift; path = TunningView.swift; sourceTree = "<group>"; };
		6B823BBC23F4ADE30099F65E /* TunningWindow.swift */ = {isa = PBXFileReference; fileEncoding = 4; lastKnownFileType = sourcecode.swift; path = TunningWindow.swift; sourceTree = "<group>"; };
		6B823BBD23F4ADE30099F65E /* Queue.swift */ = {isa = PBXFileReference; fileEncoding = 4; lastKnownFileType = sourcecode.swift; path = Queue.swift; sourceTree = "<group>"; };
		6B823BBE23F4ADE30099F65E /* TunningViewController.swift */ = {isa = PBXFileReference; fileEncoding = 4; lastKnownFileType = sourcecode.swift; path = TunningViewController.swift; sourceTree = "<group>"; };
		6B823BBF23F4ADE30099F65E /* PulseExtension.swift */ = {isa = PBXFileReference; fileEncoding = 4; lastKnownFileType = sourcecode.swift; path = PulseExtension.swift; sourceTree = "<group>"; };
		6B823BD223F4AE250099F65E /* PIDInterpolator.swift */ = {isa = PBXFileReference; lastKnownFileType = sourcecode.swift; path = PIDInterpolator.swift; sourceTree = "<group>"; };
		6B9DFA4C23E889DB0037673E /* UIHeadGazeViewController.swift */ = {isa = PBXFileReference; fileEncoding = 4; lastKnownFileType = sourcecode.swift; path = UIHeadGazeViewController.swift; sourceTree = "<group>"; };
		6B9DFA4D23E889DB0037673E /* HeadGazeWindow.swift */ = {isa = PBXFileReference; fileEncoding = 4; lastKnownFileType = sourcecode.swift; path = HeadGazeWindow.swift; sourceTree = "<group>"; };
		6B9DFA4E23E889DB0037673E /* UIHeadGaze.swift */ = {isa = PBXFileReference; fileEncoding = 4; lastKnownFileType = sourcecode.swift; path = UIHeadGaze.swift; sourceTree = "<group>"; };
		6B9DFA5023E889DB0037673E /* UIHeadGazeEvent.swift */ = {isa = PBXFileReference; fileEncoding = 4; lastKnownFileType = sourcecode.swift; path = UIHeadGazeEvent.swift; sourceTree = "<group>"; };
		6B9DFA5123E889DB0037673E /* Extensions.swift */ = {isa = PBXFileReference; fileEncoding = 4; lastKnownFileType = sourcecode.swift; path = Extensions.swift; sourceTree = "<group>"; };
		6B9DFA5423E889DB0037673E /* UIVirtualCursorView.swift */ = {isa = PBXFileReference; fileEncoding = 4; lastKnownFileType = sourcecode.swift; path = UIVirtualCursorView.swift; sourceTree = "<group>"; };
		6B9DFA5623E889DB0037673E /* UIHeadGazeRecognizer.swift */ = {isa = PBXFileReference; fileEncoding = 4; lastKnownFileType = sourcecode.swift; path = UIHeadGazeRecognizer.swift; sourceTree = "<group>"; };
		6B9DFA6823E88A1B0037673E /* GazeLib.scnassets */ = {isa = PBXFileReference; lastKnownFileType = wrapper.scnassets; path = GazeLib.scnassets; sourceTree = "<group>"; };
		6B9DFA6B23E88A250037673E /* InterpolableValues.swift */ = {isa = PBXFileReference; lastKnownFileType = sourcecode.swift; path = InterpolableValues.swift; sourceTree = "<group>"; };
		6B9DFA6C23E88A250037673E /* Interpolation.swift */ = {isa = PBXFileReference; lastKnownFileType = sourcecode.swift; path = Interpolation.swift; sourceTree = "<group>"; };
		6B9DFA6D23E88A250037673E /* LowPassInterpolator.swift */ = {isa = PBXFileReference; lastKnownFileType = sourcecode.swift; path = LowPassInterpolator.swift; sourceTree = "<group>"; };
		6B9DFA7323E8D1270037673E /* TrackingContainerViewController.swift */ = {isa = PBXFileReference; lastKnownFileType = sourcecode.swift; path = TrackingContainerViewController.swift; sourceTree = "<group>"; };
		6B9DFA7523E8D5990037673E /* UICollectionView+Gaze.swift */ = {isa = PBXFileReference; lastKnownFileType = sourcecode.swift; path = "UICollectionView+Gaze.swift"; sourceTree = "<group>"; };
		6BB56BA72422AC2500EA787E /* ToastView.swift */ = {isa = PBXFileReference; lastKnownFileType = sourcecode.swift; path = ToastView.swift; sourceTree = "<group>"; };
		6BB56BA92422B40200EA787E /* PublishedDefault.swift */ = {isa = PBXFileReference; lastKnownFileType = sourcecode.swift; path = PublishedDefault.swift; sourceTree = "<group>"; };
		6BFB18BD24002BFE002C3515 /* NSPersistentContainer+Shared.swift */ = {isa = PBXFileReference; lastKnownFileType = sourcecode.swift; path = "NSPersistentContainer+Shared.swift"; sourceTree = "<group>"; };
		6BFB18C124002C7B002C3515 /* Phrases.xcdatamodel */ = {isa = PBXFileReference; lastKnownFileType = wrapper.xcdatamodel; path = Phrases.xcdatamodel; sourceTree = "<group>"; };
		6BFB18C324004406002C3515 /* NSManagedObject+Helpers.swift */ = {isa = PBXFileReference; lastKnownFileType = sourcecode.swift; path = "NSManagedObject+Helpers.swift"; sourceTree = "<group>"; };
		6BFB18C524004711002C3515 /* ModelObjectExtensions.swift */ = {isa = PBXFileReference; lastKnownFileType = sourcecode.swift; path = ModelObjectExtensions.swift; sourceTree = "<group>"; };
		71004B0C242926A2006833B8 /* SelectionMode.storyboard */ = {isa = PBXFileReference; lastKnownFileType = file.storyboard; path = SelectionMode.storyboard; sourceTree = "<group>"; };
		714EFD44241964D800DC773C /* EditSayingsViewController.swift */ = {isa = PBXFileReference; lastKnownFileType = sourcecode.swift; path = EditSayingsViewController.swift; sourceTree = "<group>"; };
		718D7FAD2419546F00FDEF93 /* EditSayingsCollectionViewCell.swift */ = {isa = PBXFileReference; lastKnownFileType = sourcecode.swift; path = EditSayingsCollectionViewCell.swift; sourceTree = "<group>"; };
		718D7FAF241954C400FDEF93 /* EditSayingsCollectionViewCell.xib */ = {isa = PBXFileReference; lastKnownFileType = file.xib; path = EditSayingsCollectionViewCell.xib; sourceTree = "<group>"; };
		7192E408242BC58F008E4A0A /* ToastWindow.swift */ = {isa = PBXFileReference; lastKnownFileType = sourcecode.swift; path = ToastWindow.swift; sourceTree = "<group>"; };
		7192E40A242E6562008E4A0A /* ToastContainerViewController.swift */ = {isa = PBXFileReference; lastKnownFileType = sourcecode.swift; path = ToastContainerViewController.swift; sourceTree = "<group>"; };
		71B856432416CEB600CB163B /* ToastView.xib */ = {isa = PBXFileReference; lastKnownFileType = file.xib; path = ToastView.xib; sourceTree = "<group>"; };
		71DBE5EA240DE4D000BA8D01 /* WarningView.xib */ = {isa = PBXFileReference; lastKnownFileType = file.xib; path = WarningView.xib; sourceTree = "<group>"; };
		71FA2854242406540051498A /* SelectionModeViewController.swift */ = {isa = PBXFileReference; lastKnownFileType = sourcecode.swift; path = SelectionModeViewController.swift; sourceTree = "<group>"; };
		71FA2856242413670051498A /* SelectionModeCollectionViewController.swift */ = {isa = PBXFileReference; lastKnownFileType = sourcecode.swift; path = SelectionModeCollectionViewController.swift; sourceTree = "<group>"; };
		7F55BDAD242E3BD300166C31 /* ar */ = {isa = PBXFileReference; lastKnownFileType = text.plist.strings; name = ar; path = ar.lproj/Main.strings; sourceTree = "<group>"; };
		7F55BDAE242E3BD400166C31 /* ar */ = {isa = PBXFileReference; lastKnownFileType = text.plist.strings; name = ar; path = ar.lproj/LaunchScreen.strings; sourceTree = "<group>"; };
		7F55BDAF242E3BD500166C31 /* ar */ = {isa = PBXFileReference; lastKnownFileType = text.json; name = ar; path = ar.lproj/textpresets.json; sourceTree = "<group>"; };
		7F55BDB0242E3BD600166C31 /* ar */ = {isa = PBXFileReference; lastKnownFileType = text.plist.strings; name = ar; path = ../ar.lproj/Localizable.strings; sourceTree = "<group>"; };
		7F55BDB1242E3BD600166C31 /* ar */ = {isa = PBXFileReference; lastKnownFileType = text.plist.strings; name = ar; path = ar.lproj/InfoPlist.strings; sourceTree = "<group>"; };
		9D15E0542271F0DC0058DF57 /* CursorView.swift */ = {isa = PBXFileReference; lastKnownFileType = sourcecode.swift; path = CursorView.swift; sourceTree = "<group>"; };
		9DB58D4822666BC200E99C3B /* UIColor+AppExtensions.swift */ = {isa = PBXFileReference; lastKnownFileType = sourcecode.swift; path = "UIColor+AppExtensions.swift"; sourceTree = "<group>"; };
		A91A9F4824192782008552E8 /* EditSayingsKeyboardViewController.swift */ = {isa = PBXFileReference; lastKnownFileType = sourcecode.swift; path = EditSayingsKeyboardViewController.swift; sourceTree = "<group>"; };
		A920A4AE23EA1BD300CF5B08 /* PresetUICollectionViewCompositionalLayout.swift */ = {isa = PBXFileReference; lastKnownFileType = sourcecode.swift; path = PresetUICollectionViewCompositionalLayout.swift; sourceTree = "<group>"; };
		A9299C7423F5FBEE00903AB6 /* KeyboardKeyCollectionViewCell.swift */ = {isa = PBXFileReference; lastKnownFileType = sourcecode.swift; path = KeyboardKeyCollectionViewCell.swift; sourceTree = "<group>"; };
		A9299C7623F5FC6F00903AB6 /* KeyboardKeyCollectionViewCell.xib */ = {isa = PBXFileReference; lastKnownFileType = file.xib; path = KeyboardKeyCollectionViewCell.xib; sourceTree = "<group>"; };
		A92FFB8C23ECCB5400AF2D0B /* SettingsCollectionViewController.swift */ = {isa = PBXFileReference; lastKnownFileType = sourcecode.swift; path = SettingsCollectionViewController.swift; sourceTree = "<group>"; };
		A9326C8C241C1A3300F7026C /* EditSayingsCollectionViewController.swift */ = {isa = PBXFileReference; lastKnownFileType = sourcecode.swift; path = EditSayingsCollectionViewController.swift; sourceTree = "<group>"; };
		A944D0042405AE8C00F3863E /* GazeableButton.swift */ = {isa = PBXFileReference; lastKnownFileType = sourcecode.swift; path = GazeableButton.swift; sourceTree = "<group>"; };
		A944D0062405C61400F3863E /* SettingsViewController.swift */ = {isa = PBXFileReference; lastKnownFileType = sourcecode.swift; path = SettingsViewController.swift; sourceTree = "<group>"; };
		A944D0082406D54400F3863E /* SettingsToggleCollectionViewCell.swift */ = {isa = PBXFileReference; lastKnownFileType = sourcecode.swift; path = SettingsToggleCollectionViewCell.swift; sourceTree = "<group>"; };
		A944D00A2406D55F00F3863E /* SettingsToggleCollectionViewCell.xib */ = {isa = PBXFileReference; lastKnownFileType = file.xib; path = SettingsToggleCollectionViewCell.xib; sourceTree = "<group>"; };
		A946553123FC2CB20033D71F /* TextFieldCollectionViewCell.xib */ = {isa = PBXFileReference; lastKnownFileType = file.xib; path = TextFieldCollectionViewCell.xib; sourceTree = "<group>"; };
		A946553323FC2CC20033D71F /* TextFieldCollectionViewCell.swift */ = {isa = PBXFileReference; lastKnownFileType = sourcecode.swift; path = TextFieldCollectionViewCell.swift; sourceTree = "<group>"; };
		A94720CD241A8D9B00F7B4FF /* PaginationView.swift */ = {isa = PBXFileReference; lastKnownFileType = sourcecode.swift; path = PaginationView.swift; sourceTree = "<group>"; };
		A94A6CCC2412D38A00625275 /* NavigationModel.swift */ = {isa = PBXFileReference; lastKnownFileType = sourcecode.swift; path = NavigationModel.swift; sourceTree = "<group>"; };
		A95D07BD24326475004ECE64 /* CursorSensitivity.swift */ = {isa = PBXFileReference; lastKnownFileType = sourcecode.swift; path = CursorSensitivity.swift; sourceTree = "<group>"; };
		A96D61D424229F6400577144 /* SettingsCollectionViewCell.swift */ = {isa = PBXFileReference; lastKnownFileType = sourcecode.swift; path = SettingsCollectionViewCell.swift; sourceTree = "<group>"; };
		A96D61D624229F7400577144 /* SettingsCollectionViewCell.xib */ = {isa = PBXFileReference; lastKnownFileType = file.xib; path = SettingsCollectionViewCell.xib; sourceTree = "<group>"; };
		A97814F923FF3B1200ECC609 /* CategorySectionBackground.swift */ = {isa = PBXFileReference; lastKnownFileType = sourcecode.swift; path = CategorySectionBackground.swift; sourceTree = "<group>"; };
		A98E8A2223F1DBDF00BF1F22 /* SettingsFooterCollectionViewCell.swift */ = {isa = PBXFileReference; lastKnownFileType = sourcecode.swift; path = SettingsFooterCollectionViewCell.swift; sourceTree = "<group>"; };
		A98E8A2423F1DBF200BF1F22 /* SettingsFooterCollectionViewCell.xib */ = {isa = PBXFileReference; lastKnownFileType = file.xib; path = SettingsFooterCollectionViewCell.xib; sourceTree = "<group>"; };
		A99AF23023FC8BF700BE1184 /* TextTransaction.swift */ = {isa = PBXFileReference; lastKnownFileType = sourcecode.swift; path = TextTransaction.swift; sourceTree = "<group>"; };
		A99AF23223FDA8B600BE1184 /* SuggestionCollectionViewCell.swift */ = {isa = PBXFileReference; lastKnownFileType = sourcecode.swift; path = SuggestionCollectionViewCell.swift; sourceTree = "<group>"; };
		A99AF23423FDA8DC00BE1184 /* SuggestionCollectionViewCell.xib */ = {isa = PBXFileReference; lastKnownFileType = file.xib; path = SuggestionCollectionViewCell.xib; sourceTree = "<group>"; };
		A9B32C8B240EB6250084E151 /* KeyboardModel.swift */ = {isa = PBXFileReference; lastKnownFileType = sourcecode.swift; path = KeyboardModel.swift; sourceTree = "<group>"; };
		A9C32CFE242271F3000EC6F7 /* Phrase+Helpers.swift */ = {isa = PBXFileReference; lastKnownFileType = sourcecode.swift; path = "Phrase+Helpers.swift"; sourceTree = "<group>"; };
		A9CF2AE8242D41BE005633A7 /* EditSayings.storyboard */ = {isa = PBXFileReference; fileEncoding = 4; lastKnownFileType = file.storyboard; path = EditSayings.storyboard; sourceTree = "<group>"; };
		A9CF2AEA242D431E005633A7 /* TimingSensitivity.storyboard */ = {isa = PBXFileReference; lastKnownFileType = file.storyboard; path = TimingSensitivity.storyboard; sourceTree = "<group>"; };
		A9CF2AEC242D44CA005633A7 /* TimingSensitivityCollectionViewController.swift */ = {isa = PBXFileReference; lastKnownFileType = sourcecode.swift; path = TimingSensitivityCollectionViewController.swift; sourceTree = "<group>"; };
		A9CF2AEE242D44EE005633A7 /* TimingSensitivityViewController.swift */ = {isa = PBXFileReference; lastKnownFileType = sourcecode.swift; path = TimingSensitivityViewController.swift; sourceTree = "<group>"; };
		A9CF2AF2242D4EDE005633A7 /* DwellTimeCollectionViewCell.xib */ = {isa = PBXFileReference; lastKnownFileType = file.xib; path = DwellTimeCollectionViewCell.xib; sourceTree = "<group>"; };
		A9CF2AF4242D4EF1005633A7 /* SensitivityCollectionViewCell.xib */ = {isa = PBXFileReference; lastKnownFileType = file.xib; path = SensitivityCollectionViewCell.xib; sourceTree = "<group>"; };
		A9CF2AF6242D4EFD005633A7 /* DwellTimeCollectionViewCell.swift */ = {isa = PBXFileReference; lastKnownFileType = sourcecode.swift; path = DwellTimeCollectionViewCell.swift; sourceTree = "<group>"; };
		A9CF2AF8242D4F0A005633A7 /* SensitivityCollectionViewCell.swift */ = {isa = PBXFileReference; lastKnownFileType = sourcecode.swift; path = SensitivityCollectionViewCell.swift; sourceTree = "<group>"; };
		A9DE16FD23F48FD30094DB64 /* TextSuggestionController.swift */ = {isa = PBXFileReference; lastKnownFileType = sourcecode.swift; path = TextSuggestionController.swift; sourceTree = "<group>"; };
		A9DE16FF23F4900C0094DB64 /* TextExpression.swift */ = {isa = PBXFileReference; lastKnownFileType = sourcecode.swift; path = TextExpression.swift; sourceTree = "<group>"; };
		A9DE170123F492B20094DB64 /* Array+Split.swift */ = {isa = PBXFileReference; lastKnownFileType = sourcecode.swift; path = "Array+Split.swift"; sourceTree = "<group>"; };
		A9DE170523F4C0AF0094DB64 /* TextSuggestion.swift */ = {isa = PBXFileReference; lastKnownFileType = sourcecode.swift; path = TextSuggestion.swift; sourceTree = "<group>"; };
		A9DF00F923E38DB00072C7E1 /* PageControlReusableView.swift */ = {isa = PBXFileReference; lastKnownFileType = sourcecode.swift; path = PageControlReusableView.swift; sourceTree = "<group>"; };
		A9DFCC17242BDCD700136136 /* CategoryPaginationCollectionViewCell.swift */ = {isa = PBXFileReference; fileEncoding = 4; lastKnownFileType = sourcecode.swift; path = CategoryPaginationCollectionViewCell.swift; sourceTree = "<group>"; };
		A9DFCC19242BDD5300136136 /* PresetPaginationCollectionViewCell.swift */ = {isa = PBXFileReference; fileEncoding = 4; lastKnownFileType = sourcecode.swift; path = PresetPaginationCollectionViewCell.swift; sourceTree = "<group>"; };
		A9DFCC1F242D020100136136 /* PublishedValue.swift */ = {isa = PBXFileReference; lastKnownFileType = sourcecode.swift; path = PublishedValue.swift; sourceTree = "<group>"; };
		A9E665A6241A785F00FE577A /* CarouselGridCollectionViewController.swift */ = {isa = PBXFileReference; lastKnownFileType = sourcecode.swift; path = CarouselGridCollectionViewController.swift; sourceTree = "<group>"; };
		B81AC0A02405AF1100972E85 /* CategoryViewModel.swift */ = {isa = PBXFileReference; lastKnownFileType = sourcecode.swift; path = CategoryViewModel.swift; sourceTree = "<group>"; };
		B81AC0A42405B62900972E85 /* PhraseViewModel.swift */ = {isa = PBXFileReference; lastKnownFileType = sourcecode.swift; path = PhraseViewModel.swift; sourceTree = "<group>"; };
		B81AC0AC2405D8C400972E85 /* ItemSelection.swift */ = {isa = PBXFileReference; lastKnownFileType = sourcecode.swift; path = ItemSelection.swift; sourceTree = "<group>"; };
		B81D234B23FDA7A8005741E8 /* CategoriesPageViewController.swift */ = {isa = PBXFileReference; lastKnownFileType = sourcecode.swift; path = CategoriesPageViewController.swift; sourceTree = "<group>"; };
		B81D234D23FDAB6D005741E8 /* CategoryPageCollectionViewController.swift */ = {isa = PBXFileReference; lastKnownFileType = sourcecode.swift; path = CategoryPageCollectionViewController.swift; sourceTree = "<group>"; };
		B81D235523FED535005741E8 /* PresetPaginationContainerCollectionViewCell.swift */ = {isa = PBXFileReference; lastKnownFileType = sourcecode.swift; path = PresetPaginationContainerCollectionViewCell.swift; sourceTree = "<group>"; };
		B81D235A23FED8EF005741E8 /* PresetPaginationContainerCollectionViewCell.xib */ = {isa = PBXFileReference; fileEncoding = 4; lastKnownFileType = file.xib; path = PresetPaginationContainerCollectionViewCell.xib; sourceTree = "<group>"; };
		B81D235C23FEDAF9005741E8 /* UIPageViewController+ManualPagination.swift */ = {isa = PBXFileReference; lastKnownFileType = sourcecode.swift; path = "UIPageViewController+ManualPagination.swift"; sourceTree = "<group>"; };
		B81D235E23FEDC15005741E8 /* PresetsPageViewController.swift */ = {isa = PBXFileReference; lastKnownFileType = sourcecode.swift; path = PresetsPageViewController.swift; sourceTree = "<group>"; };
		B81D236023FEDCD1005741E8 /* PresetPageCollectionViewController.swift */ = {isa = PBXFileReference; lastKnownFileType = sourcecode.swift; path = PresetPageCollectionViewController.swift; sourceTree = "<group>"; };
		B81D236423FF31F6005741E8 /* PageIndicatorCollectionViewCell.swift */ = {isa = PBXFileReference; lastKnownFileType = sourcecode.swift; path = PageIndicatorCollectionViewCell.swift; sourceTree = "<group>"; };
		B81D236523FF31F6005741E8 /* PageIndicatorCollectionViewCell.xib */ = {isa = PBXFileReference; lastKnownFileType = file.xib; path = PageIndicatorCollectionViewCell.xib; sourceTree = "<group>"; };
		B81D236823FF3C82005741E8 /* PaginationContainerCollectionViewCell.swift */ = {isa = PBXFileReference; fileEncoding = 4; lastKnownFileType = sourcecode.swift; path = PaginationContainerCollectionViewCell.swift; sourceTree = "<group>"; };
		B838200E23F4B011005A79CD /* VocableCollectionViewCell.swift */ = {isa = PBXFileReference; lastKnownFileType = sourcecode.swift; path = VocableCollectionViewCell.swift; sourceTree = "<group>"; };
		B838202223FC6B38005A79CD /* PaginationCollectionViewCell.swift */ = {isa = PBXFileReference; lastKnownFileType = sourcecode.swift; path = PaginationCollectionViewCell.swift; sourceTree = "<group>"; };
		B838202C23FD8934005A79CD /* CategoryPaginationContainerCollectionViewCell.swift */ = {isa = PBXFileReference; fileEncoding = 4; lastKnownFileType = sourcecode.swift; path = CategoryPaginationContainerCollectionViewCell.swift; sourceTree = "<group>"; };
		B838202E23FD894C005A79CD /* CategoryPaginationContainerCollectionViewCell.xib */ = {isa = PBXFileReference; fileEncoding = 4; lastKnownFileType = file.xib; path = CategoryPaginationContainerCollectionViewCell.xib; sourceTree = "<group>"; };
		B879831023E0CEC300DC1A81 /* PresetsViewController.swift */ = {isa = PBXFileReference; fileEncoding = 4; lastKnownFileType = sourcecode.swift; path = PresetsViewController.swift; sourceTree = "<group>"; };
		B879831323E0DA8300DC1A81 /* PresetItemCollectionViewCell.swift */ = {isa = PBXFileReference; lastKnownFileType = sourcecode.swift; path = PresetItemCollectionViewCell.swift; sourceTree = "<group>"; };
		B8DA9DE723EB833200FEBE19 /* BorderedView.swift */ = {isa = PBXFileReference; fileEncoding = 4; lastKnownFileType = sourcecode.swift; path = BorderedView.swift; sourceTree = "<group>"; };
		B8DA9DEF23EDECEE00FEBE19 /* AppConfig.swift */ = {isa = PBXFileReference; fileEncoding = 4; lastKnownFileType = sourcecode.swift; path = AppConfig.swift; sourceTree = "<group>"; };
		B8DA9DF123F30BAF00FEBE19 /* Cell+NibLoading.swift */ = {isa = PBXFileReference; fileEncoding = 4; lastKnownFileType = sourcecode.swift; path = "Cell+NibLoading.swift"; sourceTree = "<group>"; };
		B8DA9DF323F30BD200FEBE19 /* VectorUtils.swift */ = {isa = PBXFileReference; fileEncoding = 4; lastKnownFileType = sourcecode.swift; path = VectorUtils.swift; sourceTree = "<group>"; };
		B8DA9DFD23F3407000FEBE19 /* TextPresets.swift */ = {isa = PBXFileReference; lastKnownFileType = sourcecode.swift; path = TextPresets.swift; sourceTree = "<group>"; };
		B8EB51CF2409860A00F425A6 /* GazeableAlertViewController.swift */ = {isa = PBXFileReference; lastKnownFileType = sourcecode.swift; path = GazeableAlertViewController.swift; sourceTree = "<group>"; };
/* End PBXFileReference section */

/* Begin PBXFrameworksBuildPhase section */
		130C00B120D2AD2A007C3163 /* Frameworks */ = {
			isa = PBXFrameworksBuildPhase;
			buildActionMask = 2147483647;
			files = (
			);
			runOnlyForDeploymentPostprocessing = 0;
		};
		54D3C41123E37CD40061EF47 /* Frameworks */ = {
			isa = PBXFrameworksBuildPhase;
			buildActionMask = 2147483647;
			files = (
			);
			runOnlyForDeploymentPostprocessing = 0;
		};
/* End PBXFrameworksBuildPhase section */

/* Begin PBXGroup section */
		130C00AB20D2AD2A007C3163 = {
			isa = PBXGroup;
			children = (
				130C00B620D2AD2A007C3163 /* Vocable */,
				54D3C41523E37CD40061EF47 /* VocableTests */,
				130C00B520D2AD2A007C3163 /* Products */,
			);
			sourceTree = "<group>";
		};
		130C00B520D2AD2A007C3163 /* Products */ = {
			isa = PBXGroup;
			children = (
				130C00B420D2AD2A007C3163 /* Vocable.app */,
				54D3C41423E37CD40061EF47 /* VocableTests.xctest */,
			);
			name = Products;
			sourceTree = "<group>";
		};
		130C00B620D2AD2A007C3163 /* Vocable */ = {
			isa = PBXGroup;
			children = (
				B879831223E0DA5800DC1A81 /* Common */,
				6BFB18BF24002C55002C3515 /* CoreData */,
				B8DA9DF723F30D9900FEBE19 /* Extensions */,
				6B9DFA4B23E889DB0037673E /* HeadGazeLib */,
				B8DA9DF523F30C5E00FEBE19 /* Features */,
				9D15E0562272119E0058DF57 /* Utilities */,
				130C00B720D2AD2A007C3163 /* AppDelegate.swift */,
				B8DA9DEF23EDECEE00FEBE19 /* AppConfig.swift */,
				130C00BD20D2AD2A007C3163 /* Main.storyboard */,
				139EDEE921419C400009A99F /* Supporting Files */,
			);
			path = Vocable;
			sourceTree = "<group>";
		};
		139EDEE921419C400009A99F /* Supporting Files */ = {
			isa = PBXGroup;
			children = (
				130C00C020D2AD2C007C3163 /* Assets.xcassets */,
				130C00C220D2AD2C007C3163 /* LaunchScreen.storyboard */,
				130C00C520D2AD2C007C3163 /* Info.plist */,
				3010A59B242602E5005A66D7 /* textpresets.json */,
				30B979BC2425587B00309D7C /* Localizable.strings */,
				30B979BA2425583E00309D7C /* InfoPlist.strings */,
			);
			path = "Supporting Files";
			sourceTree = "<group>";
		};
		54D3C41523E37CD40061EF47 /* VocableTests */ = {
			isa = PBXGroup;
			children = (
				54D3C41623E37CD40061EF47 /* VocableTests.swift */,
				54D3C41823E37CD40061EF47 /* Info.plist */,
			);
			path = VocableTests;
			sourceTree = "<group>";
		};
		6B823BA923F4ADE30099F65E /* PulseController */ = {
			isa = PBXGroup;
			children = (
				6B3DCC2024101FA80039E45E /* TrackingDebugOverlayViewController.swift */,
				6B3DCC1E24101F530039E45E /* TrackingDebugOverlayViewController.storyboard */,
				6B823BB323F4ADE30099F65E /* FormatterExtensions.swift */,
				6B823BAD23F4ADE30099F65E /* PIDControlConstants.swift */,
				6B823BB623F4ADE30099F65E /* SingleControlDisplayable.swift */,
				6B823BB723F4ADE30099F65E /* SingleControlView.swift */,
				6B823BB823F4ADE30099F65E /* ControlsView.swift */,
				6B823BB923F4ADE30099F65E /* Pulse.swift */,
				6B823BBF23F4ADE30099F65E /* PulseExtension.swift */,
				6B823BBB23F4ADE30099F65E /* TunningView.swift */,
				6B823BBC23F4ADE30099F65E /* TunningWindow.swift */,
				6B823BBD23F4ADE30099F65E /* Queue.swift */,
				6B823BBE23F4ADE30099F65E /* TunningViewController.swift */,
			);
			path = PulseController;
			sourceTree = "<group>";
		};
		6B9DFA4B23E889DB0037673E /* HeadGazeLib */ = {
			isa = PBXGroup;
			children = (
				6B9DFA5123E889DB0037673E /* Extensions.swift */,
				6B9DFA4D23E889DB0037673E /* HeadGazeWindow.swift */,
				7192E408242BC58F008E4A0A /* ToastWindow.swift */,
				6B1C7F3123F5BB5200BB3FD9 /* HeadGazeTrackingInterpolator.swift */,
				6B9DFA4C23E889DB0037673E /* UIHeadGazeViewController.swift */,
				6B9DFA4E23E889DB0037673E /* UIHeadGaze.swift */,
				6B9DFA5023E889DB0037673E /* UIHeadGazeEvent.swift */,
				6B9DFA5423E889DB0037673E /* UIVirtualCursorView.swift */,
				6B9DFA5623E889DB0037673E /* UIHeadGazeRecognizer.swift */,
				6B9DFA6823E88A1B0037673E /* GazeLib.scnassets */,
				6B9DFA6A23E88A250037673E /* Interpolation */,
			);
			path = HeadGazeLib;
			sourceTree = "<group>";
		};
		6B9DFA6A23E88A250037673E /* Interpolation */ = {
			isa = PBXGroup;
			children = (
				6B9DFA6B23E88A250037673E /* InterpolableValues.swift */,
				6B9DFA6C23E88A250037673E /* Interpolation.swift */,
				6B9DFA6D23E88A250037673E /* LowPassInterpolator.swift */,
				6B823BD223F4AE250099F65E /* PIDInterpolator.swift */,
				6B823BA923F4ADE30099F65E /* PulseController */,
			);
			path = Interpolation;
			sourceTree = "<group>";
		};
		6BFB18BF24002C55002C3515 /* CoreData */ = {
			isa = PBXGroup;
			children = (
				6BFB18BD24002BFE002C3515 /* NSPersistentContainer+Shared.swift */,
				6BFB18C324004406002C3515 /* NSManagedObject+Helpers.swift */,
				6BFB18C524004711002C3515 /* ModelObjectExtensions.swift */,
				6BFB18C024002C7B002C3515 /* Phrases.xcdatamodeld */,
			);
			path = CoreData;
			sourceTree = "<group>";
		};
		714EFD412419636500DC773C /* EditSayings */ = {
			isa = PBXGroup;
			children = (
				A9CF2AE8242D41BE005633A7 /* EditSayings.storyboard */,
				714EFD44241964D800DC773C /* EditSayingsViewController.swift */,
				A9326C8C241C1A3300F7026C /* EditSayingsCollectionViewController.swift */,
				A91A9F4824192782008552E8 /* EditSayingsKeyboardViewController.swift */,
				718D7FAD2419546F00FDEF93 /* EditSayingsCollectionViewCell.swift */,
				718D7FAF241954C400FDEF93 /* EditSayingsCollectionViewCell.xib */,
			);
			path = EditSayings;
			sourceTree = "<group>";
		};
		9D15E0562272119E0058DF57 /* Utilities */ = {
			isa = PBXGroup;
			children = (
				6B17CD7B23E9DFD50050BCB8 /* AVSpeechSynthesizer+Shared.swift */,
				B8DA9DF323F30BD200FEBE19 /* VectorUtils.swift */,
				A9DE16FD23F48FD30094DB64 /* TextSuggestionController.swift */,
				A9DE16FF23F4900C0094DB64 /* TextExpression.swift */,
				A9DE170123F492B20094DB64 /* Array+Split.swift */,
				B81D235C23FEDAF9005741E8 /* UIPageViewController+ManualPagination.swift */,
				A9C32CFE242271F3000EC6F7 /* Phrase+Helpers.swift */,
			);
			path = Utilities;
			sourceTree = "<group>";
		};
		A92FFB9023ECD73400AF2D0B /* Settings */ = {
			isa = PBXGroup;
			children = (
				64253CEC2419358D0044EAAA /* Settings.storyboard */,
				A92FFB8C23ECCB5400AF2D0B /* SettingsCollectionViewController.swift */,
				A944D0062405C61400F3863E /* SettingsViewController.swift */,
				714EFD412419636500DC773C /* EditSayings */,
				A9DFCC21242D3A5000136136 /* TimingSensitivity */,
				A9DFCC22242D3CF500136136 /* SelectionMode */,
				A96D61D82422A00D00577144 /* Views */,
			);
			path = Settings;
			sourceTree = "<group>";
		};
		A94A6CCB2412D33F00625275 /* Model */ = {
			isa = PBXGroup;
			children = (
				A9B32C8B240EB6250084E151 /* KeyboardModel.swift */,
			);
			path = Model;
			sourceTree = "<group>";
		};
		A95D07BC24326465004ECE64 /* Model */ = {
			isa = PBXGroup;
			children = (
				A95D07BD24326475004ECE64 /* CursorSensitivity.swift */,
			);
			path = Model;
			sourceTree = "<group>";
		};
		A96D61D82422A00D00577144 /* Views */ = {
			isa = PBXGroup;
			children = (
				A944D00A2406D55F00F3863E /* SettingsToggleCollectionViewCell.xib */,
				A944D0082406D54400F3863E /* SettingsToggleCollectionViewCell.swift */,
				A98E8A2223F1DBDF00BF1F22 /* SettingsFooterCollectionViewCell.swift */,
				A98E8A2423F1DBF200BF1F22 /* SettingsFooterCollectionViewCell.xib */,
				A96D61D424229F6400577144 /* SettingsCollectionViewCell.swift */,
				A96D61D624229F7400577144 /* SettingsCollectionViewCell.xib */,
			);
			path = Views;
			sourceTree = "<group>";
		};
		A9CF2AFA242D4F11005633A7 /* Views */ = {
			isa = PBXGroup;
			children = (
				A9CF2AF2242D4EDE005633A7 /* DwellTimeCollectionViewCell.xib */,
				A9CF2AF6242D4EFD005633A7 /* DwellTimeCollectionViewCell.swift */,
				A9CF2AF4242D4EF1005633A7 /* SensitivityCollectionViewCell.xib */,
				A9CF2AF8242D4F0A005633A7 /* SensitivityCollectionViewCell.swift */,
			);
			path = Views;
			sourceTree = "<group>";
		};
		A9DFCC21242D3A5000136136 /* TimingSensitivity */ = {
			isa = PBXGroup;
			children = (
				A95D07BC24326465004ECE64 /* Model */,
				A9CF2AEA242D431E005633A7 /* TimingSensitivity.storyboard */,
				A9CF2AEE242D44EE005633A7 /* TimingSensitivityViewController.swift */,
				A9CF2AEC242D44CA005633A7 /* TimingSensitivityCollectionViewController.swift */,
				A9CF2AFA242D4F11005633A7 /* Views */,
			);
			path = TimingSensitivity;
			sourceTree = "<group>";
		};
		A9DFCC22242D3CF500136136 /* SelectionMode */ = {
			isa = PBXGroup;
			children = (
				71004B0C242926A2006833B8 /* SelectionMode.storyboard */,
				71FA2854242406540051498A /* SelectionModeViewController.swift */,
				71FA2856242413670051498A /* SelectionModeCollectionViewController.swift */,
			);
			path = SelectionMode;
			sourceTree = "<group>";
		};
		B81D235723FED551005741E8 /* Pagination */ = {
			isa = PBXGroup;
			children = (
				B81D236A240030D8005741E8 /* Containers */,
				B838202223FC6B38005A79CD /* PaginationCollectionViewCell.swift */,
				A9DFCC19242BDD5300136136 /* PresetPaginationCollectionViewCell.swift */,
				A9DFCC17242BDCD700136136 /* CategoryPaginationCollectionViewCell.swift */,
				B81D236423FF31F6005741E8 /* PageIndicatorCollectionViewCell.swift */,
				B81D236523FF31F6005741E8 /* PageIndicatorCollectionViewCell.xib */,
			);
			path = Pagination;
			sourceTree = "<group>";
		};
		B81D236A240030D8005741E8 /* Containers */ = {
			isa = PBXGroup;
			children = (
				B81D236823FF3C82005741E8 /* PaginationContainerCollectionViewCell.swift */,
				B838202E23FD894C005A79CD /* CategoryPaginationContainerCollectionViewCell.xib */,
				B838202C23FD8934005A79CD /* CategoryPaginationContainerCollectionViewCell.swift */,
				B81D235A23FED8EF005741E8 /* PresetPaginationContainerCollectionViewCell.xib */,
				B81D235523FED535005741E8 /* PresetPaginationContainerCollectionViewCell.swift */,
			);
			path = Containers;
			sourceTree = "<group>";
		};
		B838202723FC99AE005A79CD /* Views */ = {
			isa = PBXGroup;
			children = (
				B8EB51CE240985E900F425A6 /* GazeableAlertController */,
				B8DA9DE723EB833200FEBE19 /* BorderedView.swift */,
				9D15E0542271F0DC0058DF57 /* CursorView.swift */,
				A944D0042405AE8C00F3863E /* GazeableButton.swift */,
				64A54544242A490700218BE8 /* GazeEatingView.swift */,
				A9DF00F923E38DB00072C7E1 /* PageControlReusableView.swift */,
				6B9DFA7323E8D1270037673E /* TrackingContainerViewController.swift */,
				6B17CD7F23EA045D0050BCB8 /* ViewControllerWrapperView.swift */,
				B838200E23F4B011005A79CD /* VocableCollectionViewCell.swift */,
				71DBE5EA240DE4D000BA8D01 /* WarningView.xib */,
				30B979A424254CBC00309D7C /* WarningView.swift */,
				71B856432416CEB600CB163B /* ToastView.xib */,
				6BB56BA72422AC2500EA787E /* ToastView.swift */,
				A94720CD241A8D9B00F7B4FF /* PaginationView.swift */,
			);
			path = Views;
			sourceTree = "<group>";
		};
		B838202B23FD88F2005A79CD /* Categories */ = {
			isa = PBXGroup;
			children = (
				B81D234D23FDAB6D005741E8 /* CategoryPageCollectionViewController.swift */,
				B81D234B23FDA7A8005741E8 /* CategoriesPageViewController.swift */,
			);
			path = Categories;
			sourceTree = "<group>";
		};
		B879831223E0DA5800DC1A81 /* Common */ = {
			isa = PBXGroup;
			children = (
				B838202723FC99AE005A79CD /* Views */,
				6BB56BA92422B40200EA787E /* PublishedDefault.swift */,
				A9DFCC1F242D020100136136 /* PublishedValue.swift */,
				7192E40A242E6562008E4A0A /* ToastContainerViewController.swift */,
				B81AC0AC2405D8C400972E85 /* ItemSelection.swift */,
				A9E665A6241A785F00FE577A /* CarouselGridCollectionViewController.swift */,
			);
			path = Common;
			sourceTree = "<group>";
		};
		B8DA9DF523F30C5E00FEBE19 /* Features */ = {
			isa = PBXGroup;
			children = (
				B8DA9DF823F33B1B00FEBE19 /* Keyboard */,
				B8DA9DF623F30CC400FEBE19 /* Presets */,
				A92FFB9023ECD73400AF2D0B /* Settings */,
			);
			path = Features;
			sourceTree = "<group>";
		};
		B8DA9DF623F30CC400FEBE19 /* Presets */ = {
			isa = PBXGroup;
			children = (
				B879831023E0CEC300DC1A81 /* PresetsViewController.swift */,
				B838202B23FD88F2005A79CD /* Categories */,
				B8DA9DFF23F3436800FEBE19 /* Models */,
				B81D235723FED551005741E8 /* Pagination */,
				B81D235E23FEDC15005741E8 /* PresetsPageViewController.swift */,
				B81D236023FEDCD1005741E8 /* PresetPageCollectionViewController.swift */,
				B879831323E0DA8300DC1A81 /* PresetItemCollectionViewCell.swift */,
				A920A4AE23EA1BD300CF5B08 /* PresetUICollectionViewCompositionalLayout.swift */,
				A946553123FC2CB20033D71F /* TextFieldCollectionViewCell.xib */,
				A946553323FC2CC20033D71F /* TextFieldCollectionViewCell.swift */,
				A97814F923FF3B1200ECC609 /* CategorySectionBackground.swift */,
				6B14DC722419590E0050C287 /* OutputTextView.swift */,
			);
			path = Presets;
			sourceTree = "<group>";
		};
		B8DA9DF723F30D9900FEBE19 /* Extensions */ = {
			isa = PBXGroup;
			children = (
				6B9DFA7523E8D5990037673E /* UICollectionView+Gaze.swift */,
				B8DA9DF123F30BAF00FEBE19 /* Cell+NibLoading.swift */,
				9DB58D4822666BC200E99C3B /* UIColor+AppExtensions.swift */,
			);
			path = Extensions;
			sourceTree = "<group>";
		};
		B8DA9DF823F33B1B00FEBE19 /* Keyboard */ = {
			isa = PBXGroup;
			children = (
				A94A6CCB2412D33F00625275 /* Model */,
				A9299C7423F5FBEE00903AB6 /* KeyboardKeyCollectionViewCell.swift */,
				A9299C7623F5FC6F00903AB6 /* KeyboardKeyCollectionViewCell.xib */,
				A99AF23223FDA8B600BE1184 /* SuggestionCollectionViewCell.swift */,
				A99AF23423FDA8DC00BE1184 /* SuggestionCollectionViewCell.xib */,
			);
			path = Keyboard;
			sourceTree = "<group>";
		};
		B8DA9DFF23F3436800FEBE19 /* Models */ = {
			isa = PBXGroup;
			children = (
				B8DA9DFD23F3407000FEBE19 /* TextPresets.swift */,
				A9DE170523F4C0AF0094DB64 /* TextSuggestion.swift */,
				A99AF23023FC8BF700BE1184 /* TextTransaction.swift */,
				B81AC0A02405AF1100972E85 /* CategoryViewModel.swift */,
				B81AC0A42405B62900972E85 /* PhraseViewModel.swift */,
				A94A6CCC2412D38A00625275 /* NavigationModel.swift */,
			);
			path = Models;
			sourceTree = "<group>";
		};
		B8EB51CE240985E900F425A6 /* GazeableAlertController */ = {
			isa = PBXGroup;
			children = (
				B8EB51CF2409860A00F425A6 /* GazeableAlertViewController.swift */,
				64D04A57242951C00006962D /* GazeableAlertPresentationController.swift */,
			);
			path = GazeableAlertController;
			sourceTree = "<group>";
		};
/* End PBXGroup section */

/* Begin PBXNativeTarget section */
		130C00B320D2AD2A007C3163 /* Vocable */ = {
			isa = PBXNativeTarget;
			buildConfigurationList = 130C00C820D2AD2C007C3163 /* Build configuration list for PBXNativeTarget "Vocable" */;
			buildPhases = (
				130C00B020D2AD2A007C3163 /* Sources */,
				130C00B120D2AD2A007C3163 /* Frameworks */,
				130C00B220D2AD2A007C3163 /* Resources */,
				54481D4823E9CBF000ECF249 /* ShellScript */,
			);
			buildRules = (
			);
			dependencies = (
			);
			name = Vocable;
			productName = EyeTrackingTest;
			productReference = 130C00B420D2AD2A007C3163 /* Vocable.app */;
			productType = "com.apple.product-type.application";
		};
		54D3C41323E37CD40061EF47 /* VocableTests */ = {
			isa = PBXNativeTarget;
			buildConfigurationList = 54D3C41D23E37CD40061EF47 /* Build configuration list for PBXNativeTarget "VocableTests" */;
			buildPhases = (
				54D3C41023E37CD40061EF47 /* Sources */,
				54D3C41123E37CD40061EF47 /* Frameworks */,
				54D3C41223E37CD40061EF47 /* Resources */,
			);
			buildRules = (
			);
			dependencies = (
				54D3C41A23E37CD40061EF47 /* PBXTargetDependency */,
			);
			name = VocableTests;
			productName = EyeSpeakTests;
			productReference = 54D3C41423E37CD40061EF47 /* VocableTests.xctest */;
			productType = "com.apple.product-type.bundle.unit-test";
		};
/* End PBXNativeTarget section */

/* Begin PBXProject section */
		130C00AC20D2AD2A007C3163 /* Project object */ = {
			isa = PBXProject;
			attributes = {
				LastSwiftUpdateCheck = 1130;
				LastUpgradeCheck = 1140;
				ORGANIZATIONNAME = WillowTree;
				TargetAttributes = {
					130C00B320D2AD2A007C3163 = {
						CreatedOnToolsVersion = 10.0;
						LastSwiftMigration = 1030;
					};
					54D3C41323E37CD40061EF47 = {
						CreatedOnToolsVersion = 11.3.1;
						TestTargetID = 130C00B320D2AD2A007C3163;
					};
				};
			};
			buildConfigurationList = 130C00AF20D2AD2A007C3163 /* Build configuration list for PBXProject "Vocable" */;
			compatibilityVersion = "Xcode 9.3";
			developmentRegion = en;
			hasScannedForEncodings = 0;
			knownRegions = (
				en,
				Base,
				de,
				ar,
			);
			mainGroup = 130C00AB20D2AD2A007C3163;
			productRefGroup = 130C00B520D2AD2A007C3163 /* Products */;
			projectDirPath = "";
			projectRoot = "";
			targets = (
				130C00B320D2AD2A007C3163 /* Vocable */,
				54D3C41323E37CD40061EF47 /* VocableTests */,
			);
		};
/* End PBXProject section */

/* Begin PBXResourcesBuildPhase section */
		130C00B220D2AD2A007C3163 /* Resources */ = {
			isa = PBXResourcesBuildPhase;
			buildActionMask = 2147483647;
			files = (
				A9CF2AF5242D4EF1005633A7 /* SensitivityCollectionViewCell.xib in Resources */,
				718D7FB0241954C400FDEF93 /* EditSayingsCollectionViewCell.xib in Resources */,
				71DBE5EB240DE4D000BA8D01 /* WarningView.xib in Resources */,
				30B979BE2425587B00309D7C /* Localizable.strings in Resources */,
				A99AF23523FDA8DC00BE1184 /* SuggestionCollectionViewCell.xib in Resources */,
				A9299C7723F5FC6F00903AB6 /* KeyboardKeyCollectionViewCell.xib in Resources */,
				A96D61D724229F7400577144 /* SettingsCollectionViewCell.xib in Resources */,
				71B856442416CEB600CB163B /* ToastView.xib in Resources */,
				A98E8A2523F1DBF200BF1F22 /* SettingsFooterCollectionViewCell.xib in Resources */,
				B81D236723FF31F6005741E8 /* PageIndicatorCollectionViewCell.xib in Resources */,
				B81D235B23FED8EF005741E8 /* PresetPaginationContainerCollectionViewCell.xib in Resources */,
				A9CF2AE9242D41BE005633A7 /* EditSayings.storyboard in Resources */,
				30B979B82425583E00309D7C /* InfoPlist.strings in Resources */,
				3010A599242602E5005A66D7 /* textpresets.json in Resources */,
				130C00C420D2AD2C007C3163 /* LaunchScreen.storyboard in Resources */,
				A9CF2AEB242D431E005633A7 /* TimingSensitivity.storyboard in Resources */,
				6B9DFA6923E88A1B0037673E /* GazeLib.scnassets in Resources */,
				130C00C120D2AD2C007C3163 /* Assets.xcassets in Resources */,
				71004B0D242926A2006833B8 /* SelectionMode.storyboard in Resources */,
				130C00BF20D2AD2A007C3163 /* Main.storyboard in Resources */,
				A946553223FC2CB20033D71F /* TextFieldCollectionViewCell.xib in Resources */,
				B838202F23FD894C005A79CD /* CategoryPaginationContainerCollectionViewCell.xib in Resources */,
				A9CF2AF3242D4EDE005633A7 /* DwellTimeCollectionViewCell.xib in Resources */,
				A944D00B2406D55F00F3863E /* SettingsToggleCollectionViewCell.xib in Resources */,
				6B3DCC1F24101F530039E45E /* TrackingDebugOverlayViewController.storyboard in Resources */,
				64253CED2419358D0044EAAA /* Settings.storyboard in Resources */,
			);
			runOnlyForDeploymentPostprocessing = 0;
		};
		54D3C41223E37CD40061EF47 /* Resources */ = {
			isa = PBXResourcesBuildPhase;
			buildActionMask = 2147483647;
			files = (
			);
			runOnlyForDeploymentPostprocessing = 0;
		};
/* End PBXResourcesBuildPhase section */

/* Begin PBXShellScriptBuildPhase section */
		54481D4823E9CBF000ECF249 /* ShellScript */ = {
			isa = PBXShellScriptBuildPhase;
			buildActionMask = 2147483647;
			files = (
			);
			inputFileListPaths = (
			);
			inputPaths = (
			);
			outputFileListPaths = (
			);
			outputPaths = (
			);
			runOnlyForDeploymentPostprocessing = 0;
			shellPath = /bin/sh;
			shellScript = "if which swiftlint >/dev/null; then\n  swiftlint\nelse\n  echo \"warning: SwiftLint not installed, download from https://github.com/realm/SwiftLint\"\nfi\n";
		};
/* End PBXShellScriptBuildPhase section */

/* Begin PBXSourcesBuildPhase section */
		130C00B020D2AD2A007C3163 /* Sources */ = {
			isa = PBXSourcesBuildPhase;
			buildActionMask = 2147483647;
			files = (
				A944D0092406D54400F3863E /* SettingsToggleCollectionViewCell.swift in Sources */,
				64A54545242A490700218BE8 /* GazeEatingView.swift in Sources */,
				6BFB18C424004406002C3515 /* NSManagedObject+Helpers.swift in Sources */,
				A94A6CCD2412D38A00625275 /* NavigationModel.swift in Sources */,
				B81D236623FF31F6005741E8 /* PageIndicatorCollectionViewCell.swift in Sources */,
				B81D236923FF3C82005741E8 /* PaginationContainerCollectionViewCell.swift in Sources */,
				6B823BCA23F4ADE30099F65E /* ControlsView.swift in Sources */,
				6B823BCE23F4ADE30099F65E /* Queue.swift in Sources */,
				B81AC0A12405AF1100972E85 /* CategoryViewModel.swift in Sources */,
				6B823BC623F4ADE30099F65E /* FormatterExtensions.swift in Sources */,
				B81AC0A52405B62900972E85 /* PhraseViewModel.swift in Sources */,
				B879831123E0CEC300DC1A81 /* PresetsViewController.swift in Sources */,
				A97814FA23FF3B1200ECC609 /* CategorySectionBackground.swift in Sources */,
				A920A4AF23EA1BD300CF5B08 /* PresetUICollectionViewCompositionalLayout.swift in Sources */,
				6B823BC923F4ADE30099F65E /* SingleControlView.swift in Sources */,
				6BFB18C724005E18002C3515 /* CategoryPaginationContainerCollectionViewCell.swift in Sources */,
				B838202323FC6B38005A79CD /* PaginationCollectionViewCell.swift in Sources */,
				71FA2855242406540051498A /* SelectionModeViewController.swift in Sources */,
				6B823BD323F4AE250099F65E /* PIDInterpolator.swift in Sources */,
				B8DA9DE823EB833200FEBE19 /* BorderedView.swift in Sources */,
				6B9DFA6023E889DB0037673E /* Extensions.swift in Sources */,
				6B17CD7C23E9DFD50050BCB8 /* AVSpeechSynthesizer+Shared.swift in Sources */,
				B8DA9DFE23F3407000FEBE19 /* TextPresets.swift in Sources */,
				9D15E0552271F0DC0058DF57 /* CursorView.swift in Sources */,
				6B9DFA5C23E889DB0037673E /* HeadGazeWindow.swift in Sources */,
				6B823BCF23F4ADE30099F65E /* TunningViewController.swift in Sources */,
				7192E40B242E6562008E4A0A /* ToastContainerViewController.swift in Sources */,
				A9E665A7241A785F00FE577A /* CarouselGridCollectionViewController.swift in Sources */,
				6B14DC732419590E0050C287 /* OutputTextView.swift in Sources */,
				A944D0052405AE8C00F3863E /* GazeableButton.swift in Sources */,
				6B9DFA6423E889DB0037673E /* UIHeadGazeRecognizer.swift in Sources */,
				B81AC0AD2405D8C400972E85 /* ItemSelection.swift in Sources */,
				6B17CD8023EA045D0050BCB8 /* ViewControllerWrapperView.swift in Sources */,
				B8DA9DF223F30BAF00FEBE19 /* Cell+NibLoading.swift in Sources */,
				6BB56BA82422AC2500EA787E /* ToastView.swift in Sources */,
				A9DFCC20242D020100136136 /* PublishedValue.swift in Sources */,
				A9C32CFF242271F3000EC6F7 /* Phrase+Helpers.swift in Sources */,
				6B9DFA6E23E88A5F0037673E /* LowPassInterpolator.swift in Sources */,
				A96D61D524229F6400577144 /* SettingsCollectionViewCell.swift in Sources */,
				A9326C8D241C1A3300F7026C /* EditSayingsCollectionViewController.swift in Sources */,
				A95D07BE24326475004ECE64 /* CursorSensitivity.swift in Sources */,
				B81D235623FED535005741E8 /* PresetPaginationContainerCollectionViewCell.swift in Sources */,
				71FA2857242413670051498A /* SelectionModeCollectionViewController.swift in Sources */,
				714EFD45241964D800DC773C /* EditSayingsViewController.swift in Sources */,
				6B9DFA7423E8D1270037673E /* TrackingContainerViewController.swift in Sources */,
				6BFB18BE24002BFE002C3515 /* NSPersistentContainer+Shared.swift in Sources */,
				A9DE170623F4C0AF0094DB64 /* TextSuggestion.swift in Sources */,
				6BFB18C624004711002C3515 /* ModelObjectExtensions.swift in Sources */,
				6B823BC823F4ADE30099F65E /* SingleControlDisplayable.swift in Sources */,
				B8DA9DF023EDECEE00FEBE19 /* AppConfig.swift in Sources */,
				6B9DFA7623E8D59A0037673E /* UICollectionView+Gaze.swift in Sources */,
				6B9DFA7023E88A630037673E /* InterpolableValues.swift in Sources */,
				A9DE16FE23F48FD30094DB64 /* TextSuggestionController.swift in Sources */,
				B81D234F23FDAB6D005741E8 /* CategoryPageCollectionViewController.swift in Sources */,
				6B3DCC2124101FA80039E45E /* TrackingDebugOverlayViewController.swift in Sources */,
				6B1C7F3223F5BB5200BB3FD9 /* HeadGazeTrackingInterpolator.swift in Sources */,
				64D04A58242951C00006962D /* GazeableAlertPresentationController.swift in Sources */,
				A9DE170223F492B20094DB64 /* Array+Split.swift in Sources */,
				6B9DFA5D23E889DB0037673E /* UIHeadGaze.swift in Sources */,
				6B9DFA6F23E88A610037673E /* Interpolation.swift in Sources */,
				6B823BD023F4ADE30099F65E /* PulseExtension.swift in Sources */,
				B81D234C23FDA7A8005741E8 /* CategoriesPageViewController.swift in Sources */,
				130C00B820D2AD2A007C3163 /* AppDelegate.swift in Sources */,
				A9DF00FA23E38DB00072C7E1 /* PageControlReusableView.swift in Sources */,
				A91A9F4924192782008552E8 /* EditSayingsKeyboardViewController.swift in Sources */,
				A99AF23123FC8BF700BE1184 /* TextTransaction.swift in Sources */,
				A9DFCC18242BDCD700136136 /* CategoryPaginationCollectionViewCell.swift in Sources */,
				9DB58D4922666BC200E99C3B /* UIColor+AppExtensions.swift in Sources */,
				6B823BCB23F4ADE30099F65E /* Pulse.swift in Sources */,
				A9CF2AEF242D44EE005633A7 /* TimingSensitivityViewController.swift in Sources */,
				B8DA9DF423F30BD200FEBE19 /* VectorUtils.swift in Sources */,
				A92FFB8D23ECCB5400AF2D0B /* SettingsCollectionViewController.swift in Sources */,
				A946553423FC2CC20033D71F /* TextFieldCollectionViewCell.swift in Sources */,
				B879831523E0DA8300DC1A81 /* PresetItemCollectionViewCell.swift in Sources */,
				6B823BCC23F4ADE30099F65E /* TunningView.swift in Sources */,
				6B9DFA5F23E889DB0037673E /* UIHeadGazeEvent.swift in Sources */,
				A9DE170023F4900C0094DB64 /* TextExpression.swift in Sources */,
				A9B32C8C240EB6250084E151 /* KeyboardModel.swift in Sources */,
				718D7FAE2419546F00FDEF93 /* EditSayingsCollectionViewCell.swift in Sources */,
				A9299C7523F5FBEE00903AB6 /* KeyboardKeyCollectionViewCell.swift in Sources */,
				6B9DFA5B23E889DB0037673E /* UIHeadGazeViewController.swift in Sources */,
				6BB56BAA2422B40300EA787E /* PublishedDefault.swift in Sources */,
				6B823BCD23F4ADE30099F65E /* TunningWindow.swift in Sources */,
				A94720CE241A8D9B00F7B4FF /* PaginationView.swift in Sources */,
				B838200F23F4B011005A79CD /* VocableCollectionViewCell.swift in Sources */,
				B8EB51D12409860A00F425A6 /* GazeableAlertViewController.swift in Sources */,
				B81D235F23FEDC15005741E8 /* PresetsPageViewController.swift in Sources */,
				A99AF23323FDA8B600BE1184 /* SuggestionCollectionViewCell.swift in Sources */,
				A9CF2AED242D44CA005633A7 /* TimingSensitivityCollectionViewController.swift in Sources */,
				6BFB18C224002C7B002C3515 /* Phrases.xcdatamodeld in Sources */,
				A98E8A2323F1DBDF00BF1F22 /* SettingsFooterCollectionViewCell.swift in Sources */,
				A944D0072405C61400F3863E /* SettingsViewController.swift in Sources */,
				A9CF2AF9242D4F0A005633A7 /* SensitivityCollectionViewCell.swift in Sources */,
				B81D235D23FEDAF9005741E8 /* UIPageViewController+ManualPagination.swift in Sources */,
				6B9DFA6223E889DB0037673E /* UIVirtualCursorView.swift in Sources */,
				7192E409242BC58F008E4A0A /* ToastWindow.swift in Sources */,
				B81D236123FEDCD1005741E8 /* PresetPageCollectionViewController.swift in Sources */,
				6B823BC223F4ADE30099F65E /* PIDControlConstants.swift in Sources */,
				A9CF2AF7242D4EFD005633A7 /* DwellTimeCollectionViewCell.swift in Sources */,
				A9DFCC1A242BDD5300136136 /* PresetPaginationCollectionViewCell.swift in Sources */,
				30B979A524254CBC00309D7C /* WarningView.swift in Sources */,
			);
			runOnlyForDeploymentPostprocessing = 0;
		};
		54D3C41023E37CD40061EF47 /* Sources */ = {
			isa = PBXSourcesBuildPhase;
			buildActionMask = 2147483647;
			files = (
				54D3C41723E37CD40061EF47 /* VocableTests.swift in Sources */,
			);
			runOnlyForDeploymentPostprocessing = 0;
		};
/* End PBXSourcesBuildPhase section */

/* Begin PBXTargetDependency section */
		54D3C41A23E37CD40061EF47 /* PBXTargetDependency */ = {
			isa = PBXTargetDependency;
			target = 130C00B320D2AD2A007C3163 /* Vocable */;
			targetProxy = 54D3C41923E37CD40061EF47 /* PBXContainerItemProxy */;
		};
/* End PBXTargetDependency section */

/* Begin PBXVariantGroup section */
		130C00BD20D2AD2A007C3163 /* Main.storyboard */ = {
			isa = PBXVariantGroup;
			children = (
				130C00BE20D2AD2A007C3163 /* Base */,
				7F55BDAD242E3BD300166C31 /* ar */,
			);
			name = Main.storyboard;
			sourceTree = "<group>";
		};
		130C00C220D2AD2C007C3163 /* LaunchScreen.storyboard */ = {
			isa = PBXVariantGroup;
			children = (
				130C00C320D2AD2C007C3163 /* Base */,
				7F55BDAE242E3BD400166C31 /* ar */,
			);
			name = LaunchScreen.storyboard;
			sourceTree = "<group>";
		};
		3010A59B242602E5005A66D7 /* textpresets.json */ = {
			isa = PBXVariantGroup;
			children = (
				3010A59A242602E5005A66D7 /* en */,
				3010A59C242602E9005A66D7 /* de */,
				7F55BDAF242E3BD500166C31 /* ar */,
			);
			name = textpresets.json;
			sourceTree = "<group>";
		};
		30B979BA2425583E00309D7C /* InfoPlist.strings */ = {
			isa = PBXVariantGroup;
			children = (
				30B979B92425583E00309D7C /* en */,
				30B979BB2425584300309D7C /* de */,
				7F55BDB1242E3BD600166C31 /* ar */,
			);
			name = InfoPlist.strings;
			sourceTree = "<group>";
		};
		30B979BC2425587B00309D7C /* Localizable.strings */ = {
			isa = PBXVariantGroup;
			children = (
				30B979BD2425587B00309D7C /* de */,
				30B979BF242558FD00309D7C /* en */,
				7F55BDB0242E3BD600166C31 /* ar */,
			);
			name = Localizable.strings;
			sourceTree = "<group>";
		};
/* End PBXVariantGroup section */

/* Begin XCBuildConfiguration section */
		130C00C620D2AD2C007C3163 /* Debug */ = {
			isa = XCBuildConfiguration;
			buildSettings = {
				ALWAYS_SEARCH_USER_PATHS = NO;
				CLANG_ANALYZER_LOCALIZABILITY_NONLOCALIZED = YES;
				CLANG_ANALYZER_NONNULL = YES;
				CLANG_ANALYZER_NUMBER_OBJECT_CONVERSION = YES_AGGRESSIVE;
				CLANG_CXX_LANGUAGE_STANDARD = "gnu++14";
				CLANG_CXX_LIBRARY = "libc++";
				CLANG_ENABLE_MODULES = YES;
				CLANG_ENABLE_OBJC_ARC = YES;
				CLANG_ENABLE_OBJC_WEAK = YES;
				CLANG_WARN_BLOCK_CAPTURE_AUTORELEASING = YES;
				CLANG_WARN_BOOL_CONVERSION = YES;
				CLANG_WARN_COMMA = YES;
				CLANG_WARN_CONSTANT_CONVERSION = YES;
				CLANG_WARN_DEPRECATED_OBJC_IMPLEMENTATIONS = YES;
				CLANG_WARN_DIRECT_OBJC_ISA_USAGE = YES_ERROR;
				CLANG_WARN_DOCUMENTATION_COMMENTS = YES;
				CLANG_WARN_EMPTY_BODY = YES;
				CLANG_WARN_ENUM_CONVERSION = YES;
				CLANG_WARN_INFINITE_RECURSION = YES;
				CLANG_WARN_INT_CONVERSION = YES;
				CLANG_WARN_NON_LITERAL_NULL_CONVERSION = YES;
				CLANG_WARN_OBJC_IMPLICIT_RETAIN_SELF = YES;
				CLANG_WARN_OBJC_LITERAL_CONVERSION = YES;
				CLANG_WARN_OBJC_ROOT_CLASS = YES_ERROR;
				CLANG_WARN_RANGE_LOOP_ANALYSIS = YES;
				CLANG_WARN_STRICT_PROTOTYPES = YES;
				CLANG_WARN_SUSPICIOUS_MOVE = YES;
				CLANG_WARN_UNGUARDED_AVAILABILITY = YES_AGGRESSIVE;
				CLANG_WARN_UNREACHABLE_CODE = YES;
				CLANG_WARN__DUPLICATE_METHOD_MATCH = YES;
				CODE_SIGN_IDENTITY = "iPhone Developer";
				COPY_PHASE_STRIP = NO;
				CURRENT_PROJECT_VERSION = 1.0.0;
				DEBUG_INFORMATION_FORMAT = dwarf;
				ENABLE_STRICT_OBJC_MSGSEND = YES;
				ENABLE_TESTABILITY = YES;
				GCC_C_LANGUAGE_STANDARD = gnu11;
				GCC_DYNAMIC_NO_PIC = NO;
				GCC_NO_COMMON_BLOCKS = YES;
				GCC_OPTIMIZATION_LEVEL = 0;
				GCC_PREPROCESSOR_DEFINITIONS = (
					"DEBUG=1",
					"$(inherited)",
				);
				GCC_WARN_64_TO_32_BIT_CONVERSION = YES;
				GCC_WARN_ABOUT_RETURN_TYPE = YES_ERROR;
				GCC_WARN_UNDECLARED_SELECTOR = YES;
				GCC_WARN_UNINITIALIZED_AUTOS = YES_AGGRESSIVE;
				GCC_WARN_UNUSED_FUNCTION = YES;
				GCC_WARN_UNUSED_VARIABLE = YES;
				IPHONEOS_DEPLOYMENT_TARGET = 13.0;
				MTL_ENABLE_DEBUG_INFO = INCLUDE_SOURCE;
				ONLY_ACTIVE_ARCH = YES;
				SDKROOT = iphoneos;
				SWIFT_ACTIVE_COMPILATION_CONDITIONS = DEBUG;
				SWIFT_OPTIMIZATION_LEVEL = "-Onone";
				VERSIONING_SYSTEM = "apple-generic";
			};
			name = Debug;
		};
		130C00C720D2AD2C007C3163 /* Release */ = {
			isa = XCBuildConfiguration;
			buildSettings = {
				ALWAYS_SEARCH_USER_PATHS = NO;
				CLANG_ANALYZER_LOCALIZABILITY_NONLOCALIZED = YES;
				CLANG_ANALYZER_NONNULL = YES;
				CLANG_ANALYZER_NUMBER_OBJECT_CONVERSION = YES_AGGRESSIVE;
				CLANG_CXX_LANGUAGE_STANDARD = "gnu++14";
				CLANG_CXX_LIBRARY = "libc++";
				CLANG_ENABLE_MODULES = YES;
				CLANG_ENABLE_OBJC_ARC = YES;
				CLANG_ENABLE_OBJC_WEAK = YES;
				CLANG_WARN_BLOCK_CAPTURE_AUTORELEASING = YES;
				CLANG_WARN_BOOL_CONVERSION = YES;
				CLANG_WARN_COMMA = YES;
				CLANG_WARN_CONSTANT_CONVERSION = YES;
				CLANG_WARN_DEPRECATED_OBJC_IMPLEMENTATIONS = YES;
				CLANG_WARN_DIRECT_OBJC_ISA_USAGE = YES_ERROR;
				CLANG_WARN_DOCUMENTATION_COMMENTS = YES;
				CLANG_WARN_EMPTY_BODY = YES;
				CLANG_WARN_ENUM_CONVERSION = YES;
				CLANG_WARN_INFINITE_RECURSION = YES;
				CLANG_WARN_INT_CONVERSION = YES;
				CLANG_WARN_NON_LITERAL_NULL_CONVERSION = YES;
				CLANG_WARN_OBJC_IMPLICIT_RETAIN_SELF = YES;
				CLANG_WARN_OBJC_LITERAL_CONVERSION = YES;
				CLANG_WARN_OBJC_ROOT_CLASS = YES_ERROR;
				CLANG_WARN_RANGE_LOOP_ANALYSIS = YES;
				CLANG_WARN_STRICT_PROTOTYPES = YES;
				CLANG_WARN_SUSPICIOUS_MOVE = YES;
				CLANG_WARN_UNGUARDED_AVAILABILITY = YES_AGGRESSIVE;
				CLANG_WARN_UNREACHABLE_CODE = YES;
				CLANG_WARN__DUPLICATE_METHOD_MATCH = YES;
				CODE_SIGN_IDENTITY = "iPhone Developer";
				COPY_PHASE_STRIP = NO;
				CURRENT_PROJECT_VERSION = 1.0.0;
				DEBUG_INFORMATION_FORMAT = "dwarf-with-dsym";
				ENABLE_NS_ASSERTIONS = NO;
				ENABLE_STRICT_OBJC_MSGSEND = YES;
				GCC_C_LANGUAGE_STANDARD = gnu11;
				GCC_NO_COMMON_BLOCKS = YES;
				GCC_WARN_64_TO_32_BIT_CONVERSION = YES;
				GCC_WARN_ABOUT_RETURN_TYPE = YES_ERROR;
				GCC_WARN_UNDECLARED_SELECTOR = YES;
				GCC_WARN_UNINITIALIZED_AUTOS = YES_AGGRESSIVE;
				GCC_WARN_UNUSED_FUNCTION = YES;
				GCC_WARN_UNUSED_VARIABLE = YES;
				IPHONEOS_DEPLOYMENT_TARGET = 13.0;
				MTL_ENABLE_DEBUG_INFO = NO;
				SDKROOT = iphoneos;
				SWIFT_COMPILATION_MODE = wholemodule;
				SWIFT_OPTIMIZATION_LEVEL = "-O";
				VALIDATE_PRODUCT = YES;
				VERSIONING_SYSTEM = "apple-generic";
			};
			name = Release;
		};
		130C00C920D2AD2C007C3163 /* Debug */ = {
			isa = XCBuildConfiguration;
			buildSettings = {
				ASSETCATALOG_COMPILER_APPICON_NAME = AppIcon;
				CODE_SIGN_IDENTITY = "iPhone Developer";
				CODE_SIGN_STYLE = Manual;
				CURRENT_PROJECT_VERSION = 1;
				DEBUG_INFORMATION_FORMAT = "dwarf-with-dsym";
				DEVELOPMENT_TEAM = 753J68XC6W;
				INFOPLIST_FILE = "Vocable/Supporting Files/Info.plist";
				IPHONEOS_DEPLOYMENT_TARGET = 13.0;
				LD_RUNPATH_SEARCH_PATHS = (
					"$(inherited)",
					"@executable_path/Frameworks",
				);
				MARKETING_VERSION = 1.3.1;
				PRODUCT_BUNDLE_IDENTIFIER = com.willowtreeapps.eyespeakaac;
				PRODUCT_NAME = "$(TARGET_NAME)";
				PROVISIONING_PROFILE_SPECIFIER = "match Development com.willowtreeapps.eyespeakaac";
				SWIFT_VERSION = 5.0;
				TARGETED_DEVICE_FAMILY = "1,2";
			};
			name = Debug;
		};
		130C00CA20D2AD2C007C3163 /* Release */ = {
			isa = XCBuildConfiguration;
			buildSettings = {
				ASSETCATALOG_COMPILER_APPICON_NAME = AppIcon;
				CODE_SIGN_IDENTITY = "iPhone Distribution";
				CODE_SIGN_STYLE = Manual;
				CURRENT_PROJECT_VERSION = 1;
				DEVELOPMENT_TEAM = 753J68XC6W;
				INFOPLIST_FILE = "Vocable/Supporting Files/Info.plist";
				IPHONEOS_DEPLOYMENT_TARGET = 13.0;
				LD_RUNPATH_SEARCH_PATHS = (
					"$(inherited)",
					"@executable_path/Frameworks",
				);
				MARKETING_VERSION = 1.3.1;
				PRODUCT_BUNDLE_IDENTIFIER = com.willowtreeapps.eyespeakaac;
				PRODUCT_NAME = "$(TARGET_NAME)";
				PROVISIONING_PROFILE_SPECIFIER = "match AdHoc com.willowtreeapps.eyespeakaac";
				SWIFT_ACTIVE_COMPILATION_CONDITIONS = RELEASE;
				SWIFT_VERSION = 5.0;
				TARGETED_DEVICE_FAMILY = "1,2";
			};
			name = Release;
		};
		54D3C41B23E37CD40061EF47 /* Debug */ = {
			isa = XCBuildConfiguration;
			buildSettings = {
				BUNDLE_LOADER = "$(TEST_HOST)";
				CODE_SIGN_STYLE = Automatic;
				DEVELOPMENT_TEAM = 753J68XC6W;
				INFOPLIST_FILE = VocableTests/Info.plist;
				IPHONEOS_DEPLOYMENT_TARGET = 13.0;
				LD_RUNPATH_SEARCH_PATHS = (
					"$(inherited)",
					"@executable_path/Frameworks",
					"@loader_path/Frameworks",
				);
				MTL_FAST_MATH = YES;
				PRODUCT_BUNDLE_IDENTIFIER = com.willowtreeapps.eyespeakaactests;
				PRODUCT_NAME = "$(TARGET_NAME)";
				SWIFT_VERSION = 5.0;
				TARGETED_DEVICE_FAMILY = "1,2";
				TEST_HOST = "$(BUILT_PRODUCTS_DIR)/Vocable.app/Vocable";
			};
			name = Debug;
		};
		54D3C41C23E37CD40061EF47 /* Release */ = {
			isa = XCBuildConfiguration;
			buildSettings = {
				BUNDLE_LOADER = "$(TEST_HOST)";
				CODE_SIGN_STYLE = Automatic;
				DEVELOPMENT_TEAM = 753J68XC6W;
				INFOPLIST_FILE = VocableTests/Info.plist;
				IPHONEOS_DEPLOYMENT_TARGET = 13.0;
				LD_RUNPATH_SEARCH_PATHS = (
					"$(inherited)",
					"@executable_path/Frameworks",
					"@loader_path/Frameworks",
				);
				MTL_FAST_MATH = YES;
				PRODUCT_BUNDLE_IDENTIFIER = com.willowtreeapps.eyespeakaactests;
				PRODUCT_NAME = "$(TARGET_NAME)";
				SWIFT_VERSION = 5.0;
				TARGETED_DEVICE_FAMILY = "1,2";
				TEST_HOST = "$(BUILT_PRODUCTS_DIR)/Vocable.app/Vocable";
			};
			name = Release;
		};
		54D3C41E23E380440061EF47 /* AppStore */ = {
			isa = XCBuildConfiguration;
			buildSettings = {
				ALWAYS_SEARCH_USER_PATHS = NO;
				CLANG_ANALYZER_LOCALIZABILITY_NONLOCALIZED = YES;
				CLANG_ANALYZER_NONNULL = YES;
				CLANG_ANALYZER_NUMBER_OBJECT_CONVERSION = YES_AGGRESSIVE;
				CLANG_CXX_LANGUAGE_STANDARD = "gnu++14";
				CLANG_CXX_LIBRARY = "libc++";
				CLANG_ENABLE_MODULES = YES;
				CLANG_ENABLE_OBJC_ARC = YES;
				CLANG_ENABLE_OBJC_WEAK = YES;
				CLANG_WARN_BLOCK_CAPTURE_AUTORELEASING = YES;
				CLANG_WARN_BOOL_CONVERSION = YES;
				CLANG_WARN_COMMA = YES;
				CLANG_WARN_CONSTANT_CONVERSION = YES;
				CLANG_WARN_DEPRECATED_OBJC_IMPLEMENTATIONS = YES;
				CLANG_WARN_DIRECT_OBJC_ISA_USAGE = YES_ERROR;
				CLANG_WARN_DOCUMENTATION_COMMENTS = YES;
				CLANG_WARN_EMPTY_BODY = YES;
				CLANG_WARN_ENUM_CONVERSION = YES;
				CLANG_WARN_INFINITE_RECURSION = YES;
				CLANG_WARN_INT_CONVERSION = YES;
				CLANG_WARN_NON_LITERAL_NULL_CONVERSION = YES;
				CLANG_WARN_OBJC_IMPLICIT_RETAIN_SELF = YES;
				CLANG_WARN_OBJC_LITERAL_CONVERSION = YES;
				CLANG_WARN_OBJC_ROOT_CLASS = YES_ERROR;
				CLANG_WARN_RANGE_LOOP_ANALYSIS = YES;
				CLANG_WARN_STRICT_PROTOTYPES = YES;
				CLANG_WARN_SUSPICIOUS_MOVE = YES;
				CLANG_WARN_UNGUARDED_AVAILABILITY = YES_AGGRESSIVE;
				CLANG_WARN_UNREACHABLE_CODE = YES;
				CLANG_WARN__DUPLICATE_METHOD_MATCH = YES;
				CODE_SIGN_IDENTITY = "iPhone Developer";
				COPY_PHASE_STRIP = NO;
				CURRENT_PROJECT_VERSION = 1.0.0;
				DEBUG_INFORMATION_FORMAT = "dwarf-with-dsym";
				ENABLE_NS_ASSERTIONS = NO;
				ENABLE_STRICT_OBJC_MSGSEND = YES;
				GCC_C_LANGUAGE_STANDARD = gnu11;
				GCC_NO_COMMON_BLOCKS = YES;
				GCC_WARN_64_TO_32_BIT_CONVERSION = YES;
				GCC_WARN_ABOUT_RETURN_TYPE = YES_ERROR;
				GCC_WARN_UNDECLARED_SELECTOR = YES;
				GCC_WARN_UNINITIALIZED_AUTOS = YES_AGGRESSIVE;
				GCC_WARN_UNUSED_FUNCTION = YES;
				GCC_WARN_UNUSED_VARIABLE = YES;
				IPHONEOS_DEPLOYMENT_TARGET = 13.0;
				MTL_ENABLE_DEBUG_INFO = NO;
				SDKROOT = iphoneos;
				SWIFT_COMPILATION_MODE = wholemodule;
				SWIFT_OPTIMIZATION_LEVEL = "-O";
				VALIDATE_PRODUCT = YES;
				VERSIONING_SYSTEM = "apple-generic";
			};
			name = AppStore;
		};
		54D3C41F23E380440061EF47 /* AppStore */ = {
			isa = XCBuildConfiguration;
			buildSettings = {
				ASSETCATALOG_COMPILER_APPICON_NAME = AppIcon;
				CODE_SIGN_IDENTITY = "iPhone Distribution";
				CODE_SIGN_STYLE = Manual;
				CURRENT_PROJECT_VERSION = 1;
				DEVELOPMENT_TEAM = 753J68XC6W;
				INFOPLIST_FILE = "Vocable/Supporting Files/Info.plist";
				IPHONEOS_DEPLOYMENT_TARGET = 13.0;
				LD_RUNPATH_SEARCH_PATHS = (
					"$(inherited)",
					"@executable_path/Frameworks",
				);
				MARKETING_VERSION = 1.3.1;
				PRODUCT_BUNDLE_IDENTIFIER = com.willowtreeapps.eyespeakaac;
				PRODUCT_NAME = "$(TARGET_NAME)";
				PROVISIONING_PROFILE_SPECIFIER = "match AppStore com.willowtreeapps.eyespeakaac";
				SWIFT_ACTIVE_COMPILATION_CONDITIONS = RELEASE;
				SWIFT_VERSION = 5.0;
				TARGETED_DEVICE_FAMILY = "1,2";
			};
			name = AppStore;
		};
		54D3C42023E380440061EF47 /* AppStore */ = {
			isa = XCBuildConfiguration;
			buildSettings = {
				BUNDLE_LOADER = "$(TEST_HOST)";
				CODE_SIGN_STYLE = Automatic;
				DEVELOPMENT_TEAM = 753J68XC6W;
				INFOPLIST_FILE = VocableTests/Info.plist;
				IPHONEOS_DEPLOYMENT_TARGET = 13.0;
				LD_RUNPATH_SEARCH_PATHS = (
					"$(inherited)",
					"@executable_path/Frameworks",
					"@loader_path/Frameworks",
				);
				MTL_FAST_MATH = YES;
				PRODUCT_BUNDLE_IDENTIFIER = com.willowtreeapps.eyespeakaactests;
				PRODUCT_NAME = "$(TARGET_NAME)";
				SWIFT_VERSION = 5.0;
				TARGETED_DEVICE_FAMILY = "1,2";
				TEST_HOST = "$(BUILT_PRODUCTS_DIR)/Vocable.app/Vocable";
			};
			name = AppStore;
		};
/* End XCBuildConfiguration section */

/* Begin XCConfigurationList section */
		130C00AF20D2AD2A007C3163 /* Build configuration list for PBXProject "Vocable" */ = {
			isa = XCConfigurationList;
			buildConfigurations = (
				130C00C620D2AD2C007C3163 /* Debug */,
				130C00C720D2AD2C007C3163 /* Release */,
				54D3C41E23E380440061EF47 /* AppStore */,
			);
			defaultConfigurationIsVisible = 0;
			defaultConfigurationName = Release;
		};
		130C00C820D2AD2C007C3163 /* Build configuration list for PBXNativeTarget "Vocable" */ = {
			isa = XCConfigurationList;
			buildConfigurations = (
				130C00C920D2AD2C007C3163 /* Debug */,
				130C00CA20D2AD2C007C3163 /* Release */,
				54D3C41F23E380440061EF47 /* AppStore */,
			);
			defaultConfigurationIsVisible = 0;
			defaultConfigurationName = Release;
		};
		54D3C41D23E37CD40061EF47 /* Build configuration list for PBXNativeTarget "VocableTests" */ = {
			isa = XCConfigurationList;
			buildConfigurations = (
				54D3C41B23E37CD40061EF47 /* Debug */,
				54D3C41C23E37CD40061EF47 /* Release */,
				54D3C42023E380440061EF47 /* AppStore */,
			);
			defaultConfigurationIsVisible = 0;
			defaultConfigurationName = Release;
		};
/* End XCConfigurationList section */

/* Begin XCVersionGroup section */
		6BFB18C024002C7B002C3515 /* Phrases.xcdatamodeld */ = {
			isa = XCVersionGroup;
			children = (
				6BFB18C124002C7B002C3515 /* Phrases.xcdatamodel */,
			);
			currentVersion = 6BFB18C124002C7B002C3515 /* Phrases.xcdatamodel */;
			path = Phrases.xcdatamodeld;
			sourceTree = "<group>";
			versionGroupType = wrapper.xcdatamodel;
		};
/* End XCVersionGroup section */
	};
	rootObject = 130C00AC20D2AD2A007C3163 /* Project object */;
}
