{
  "object": {
    "pins": [
      {
        "package": "VocableCore",
        "repositoryURL": "https://github.com/willowtreeapps/vocable-ios-spm.git",
        "state": {
          "branch": null,
          "revision": "a26f550b5752112e66b7b9bd4d9b5e5f288981eb",
          "version": "0.0.8"
        }
      }
    ]
  },
  "version": 1
}
