{
  "object": {
    "pins": [
      {
        "package": "VocableCore",
        "repositoryURL": "https://github.com/willowtreeapps/vocable-ios-spm.git",
        "state": {
          "branch": null,
          "revision": "384aef4f5aea71d595877091229f9b3e3a4dec1c",
          "version": "0.0.1"
        }
      }
    ]
  },
  "version": 1
}
