// !$*UTF8*$!
{
	archiveVersion = 1;
	classes = {
	};
	objectVersion = 50;
	objects = {

/* Begin PBXBuildFile section */
		138AC6D321CBE24900833B63 /* AppDelegate.swift in Sources */ = {isa = PBXBuildFile; fileRef = 138AC6D221CBE24900833B63 /* AppDelegate.swift */; };
		138AC6D521CBE24900833B63 /* art.scnassets in Resources */ = {isa = PBXBuildFile; fileRef = 138AC6D421CBE24900833B63 /* art.scnassets */; };
		138AC6D721CBE24900833B63 /* SimpleHeadTrackingViewController.swift in Sources */ = {isa = PBXBuildFile; fileRef = 138AC6D621CBE24900833B63 /* SimpleHeadTrackingViewController.swift */; };
		138AC6DA21CBE24900833B63 /* Main.storyboard in Resources */ = {isa = PBXBuildFile; fileRef = 138AC6D821CBE24900833B63 /* Main.storyboard */; };
		138AC6DC21CBE24B00833B63 /* Assets.xcassets in Resources */ = {isa = PBXBuildFile; fileRef = 138AC6DB21CBE24B00833B63 /* Assets.xcassets */; };
		138AC6DF21CBE24B00833B63 /* LaunchScreen.storyboard in Resources */ = {isa = PBXBuildFile; fileRef = 138AC6DD21CBE24B00833B63 /* LaunchScreen.storyboard */; };
/* End PBXBuildFile section */

/* Begin PBXFileReference section */
		138AC6CF21CBE24900833B63 /* SimpleHeadTrackingExample.app */ = {isa = PBXFileReference; explicitFileType = wrapper.application; includeInIndex = 0; path = SimpleHeadTrackingExample.app; sourceTree = BUILT_PRODUCTS_DIR; };
		138AC6D221CBE24900833B63 /* AppDelegate.swift */ = {isa = PBXFileReference; lastKnownFileType = sourcecode.swift; path = AppDelegate.swift; sourceTree = "<group>"; };
		138AC6D421CBE24900833B63 /* art.scnassets */ = {isa = PBXFileReference; lastKnownFileType = wrapper.scnassets; path = art.scnassets; sourceTree = "<group>"; };
		138AC6D621CBE24900833B63 /* SimpleHeadTrackingViewController.swift */ = {isa = PBXFileReference; lastKnownFileType = sourcecode.swift; path = SimpleHeadTrackingViewController.swift; sourceTree = "<group>"; };
		138AC6D921CBE24900833B63 /* Base */ = {isa = PBXFileReference; lastKnownFileType = file.storyboard; name = Base; path = Base.lproj/Main.storyboard; sourceTree = "<group>"; };
		138AC6DB21CBE24B00833B63 /* Assets.xcassets */ = {isa = PBXFileReference; lastKnownFileType = folder.assetcatalog; path = Assets.xcassets; sourceTree = "<group>"; };
		138AC6DE21CBE24B00833B63 /* Base */ = {isa = PBXFileReference; lastKnownFileType = file.storyboard; name = Base; path = Base.lproj/LaunchScreen.storyboard; sourceTree = "<group>"; };
		138AC6E021CBE24B00833B63 /* Info.plist */ = {isa = PBXFileReference; lastKnownFileType = text.plist.xml; path = Info.plist; sourceTree = "<group>"; };
/* End PBXFileReference section */

/* Begin PBXFrameworksBuildPhase section */
		138AC6CC21CBE24900833B63 /* Frameworks */ = {
			isa = PBXFrameworksBuildPhase;
			buildActionMask = 2147483647;
			files = (
			);
			runOnlyForDeploymentPostprocessing = 0;
		};
/* End PBXFrameworksBuildPhase section */

/* Begin PBXGroup section */
		138AC6C621CBE24900833B63 = {
			isa = PBXGroup;
			children = (
				138AC6D121CBE24900833B63 /* SimpleHeadTrackingExample */,
				138AC6D021CBE24900833B63 /* Products */,
			);
			sourceTree = "<group>";
		};
		138AC6D021CBE24900833B63 /* Products */ = {
			isa = PBXGroup;
			children = (
				138AC6CF21CBE24900833B63 /* SimpleHeadTrackingExample.app */,
			);
			name = Products;
			sourceTree = "<group>";
		};
		138AC6D121CBE24900833B63 /* SimpleHeadTrackingExample */ = {
			isa = PBXGroup;
			children = (
				138AC6D221CBE24900833B63 /* AppDelegate.swift */,
				138AC6D621CBE24900833B63 /* SimpleHeadTrackingViewController.swift */,
				138AC6D821CBE24900833B63 /* Main.storyboard */,
				138AC6D421CBE24900833B63 /* art.scnassets */,
				138AC6DB21CBE24B00833B63 /* Assets.xcassets */,
				138AC6DD21CBE24B00833B63 /* LaunchScreen.storyboard */,
				138AC6E021CBE24B00833B63 /* Info.plist */,
			);
			path = SimpleHeadTrackingExample;
			sourceTree = "<group>";
		};
/* End PBXGroup section */

/* Begin PBXNativeTarget section */
		138AC6CE21CBE24900833B63 /* SimpleHeadTrackingExample */ = {
			isa = PBXNativeTarget;
			buildConfigurationList = 138AC6E321CBE24B00833B63 /* Build configuration list for PBXNativeTarget "SimpleHeadTrackingExample" */;
			buildPhases = (
				138AC6CB21CBE24900833B63 /* Sources */,
				138AC6CC21CBE24900833B63 /* Frameworks */,
				138AC6CD21CBE24900833B63 /* Resources */,
			);
			buildRules = (
			);
			dependencies = (
			);
			name = SimpleHeadTrackingExample;
			productName = SimpleHeadTrackingExample;
			productReference = 138AC6CF21CBE24900833B63 /* SimpleHeadTrackingExample.app */;
			productType = "com.apple.product-type.application";
		};
/* End PBXNativeTarget section */

/* Begin PBXProject section */
		138AC6C721CBE24900833B63 /* Project object */ = {
			isa = PBXProject;
			attributes = {
				LastSwiftUpdateCheck = 1010;
				LastUpgradeCheck = 1010;
				ORGANIZATIONNAME = WillowTree;
				TargetAttributes = {
					138AC6CE21CBE24900833B63 = {
						CreatedOnToolsVersion = 10.1;
					};
				};
			};
			buildConfigurationList = 138AC6CA21CBE24900833B63 /* Build configuration list for PBXProject "SimpleHeadTrackingExample" */;
			compatibilityVersion = "Xcode 9.3";
			developmentRegion = en;
			hasScannedForEncodings = 0;
			knownRegions = (
				en,
				Base,
			);
			mainGroup = 138AC6C621CBE24900833B63;
			productRefGroup = 138AC6D021CBE24900833B63 /* Products */;
			projectDirPath = "";
			projectRoot = "";
			targets = (
				138AC6CE21CBE24900833B63 /* SimpleHeadTrackingExample */,
			);
		};
/* End PBXProject section */

/* Begin PBXResourcesBuildPhase section */
		138AC6CD21CBE24900833B63 /* Resources */ = {
			isa = PBXResourcesBuildPhase;
			buildActionMask = 2147483647;
			files = (
				138AC6D521CBE24900833B63 /* art.scnassets in Resources */,
				138AC6DF21CBE24B00833B63 /* LaunchScreen.storyboard in Resources */,
				138AC6DC21CBE24B00833B63 /* Assets.xcassets in Resources */,
				138AC6DA21CBE24900833B63 /* Main.storyboard in Resources */,
			);
			runOnlyForDeploymentPostprocessing = 0;
		};
/* End PBXResourcesBuildPhase section */

/* Begin PBXSourcesBuildPhase section */
		138AC6CB21CBE24900833B63 /* Sources */ = {
			isa = PBXSourcesBuildPhase;
			buildActionMask = 2147483647;
			files = (
				138AC6D721CBE24900833B63 /* SimpleHeadTrackingViewController.swift in Sources */,
				138AC6D321CBE24900833B63 /* AppDelegate.swift in Sources */,
			);
			runOnlyForDeploymentPostprocessing = 0;
		};
/* End PBXSourcesBuildPhase section */

/* Begin PBXVariantGroup section */
		138AC6D821CBE24900833B63 /* Main.storyboard */ = {
			isa = PBXVariantGroup;
			children = (
				138AC6D921CBE24900833B63 /* Base */,
			);
			name = Main.storyboard;
			sourceTree = "<group>";
		};
		138AC6DD21CBE24B00833B63 /* LaunchScreen.storyboard */ = {
			isa = PBXVariantGroup;
			children = (
				138AC6DE21CBE24B00833B63 /* Base */,
			);
			name = LaunchScreen.storyboard;
			sourceTree = "<group>";
		};
/* End PBXVariantGroup section */

/* Begin XCBuildConfiguration section */
		138AC6E121CBE24B00833B63 /* Debug */ = {
			isa = XCBuildConfiguration;
			buildSettings = {
				ALWAYS_SEARCH_USER_PATHS = NO;
				CLANG_ANALYZER_NONNULL = YES;
				CLANG_ANALYZER_NUMBER_OBJECT_CONVERSION = YES_AGGRESSIVE;
				CLANG_CXX_LANGUAGE_STANDARD = "gnu++14";
				CLANG_CXX_LIBRARY = "libc++";
				CLANG_ENABLE_MODULES = YES;
				CLANG_ENABLE_OBJC_ARC = YES;
				CLANG_ENABLE_OBJC_WEAK = YES;
				CLANG_WARN_BLOCK_CAPTURE_AUTORELEASING = YES;
				CLANG_WARN_BOOL_CONVERSION = YES;
				CLANG_WARN_COMMA = YES;
				CLANG_WARN_CONSTANT_CONVERSION = YES;
				CLANG_WARN_DEPRECATED_OBJC_IMPLEMENTATIONS = YES;
				CLANG_WARN_DIRECT_OBJC_ISA_USAGE = YES_ERROR;
				CLANG_WARN_DOCUMENTATION_COMMENTS = YES;
				CLANG_WARN_EMPTY_BODY = YES;
				CLANG_WARN_ENUM_CONVERSION = YES;
				CLANG_WARN_INFINITE_RECURSION = YES;
				CLANG_WARN_INT_CONVERSION = YES;
				CLANG_WARN_NON_LITERAL_NULL_CONVERSION = YES;
				CLANG_WARN_OBJC_IMPLICIT_RETAIN_SELF = YES;
				CLANG_WARN_OBJC_LITERAL_CONVERSION = YES;
				CLANG_WARN_OBJC_ROOT_CLASS = YES_ERROR;
				CLANG_WARN_RANGE_LOOP_ANALYSIS = YES;
				CLANG_WARN_STRICT_PROTOTYPES = YES;
				CLANG_WARN_SUSPICIOUS_MOVE = YES;
				CLANG_WARN_UNGUARDED_AVAILABILITY = YES_AGGRESSIVE;
				CLANG_WARN_UNREACHABLE_CODE = YES;
				CLANG_WARN__DUPLICATE_METHOD_MATCH = YES;
				CODE_SIGN_IDENTITY = "iPhone Developer";
				COPY_PHASE_STRIP = NO;
				DEBUG_INFORMATION_FORMAT = dwarf;
				ENABLE_STRICT_OBJC_MSGSEND = YES;
				ENABLE_TESTABILITY = YES;
				GCC_C_LANGUAGE_STANDARD = gnu11;
				GCC_DYNAMIC_NO_PIC = NO;
				GCC_NO_COMMON_BLOCKS = YES;
				GCC_OPTIMIZATION_LEVEL = 0;
				GCC_PREPROCESSOR_DEFINITIONS = (
					"DEBUG=1",
					"$(inherited)",
				);
				GCC_WARN_64_TO_32_BIT_CONVERSION = YES;
				GCC_WARN_ABOUT_RETURN_TYPE = YES_ERROR;
				GCC_WARN_UNDECLARED_SELECTOR = YES;
				GCC_WARN_UNINITIALIZED_AUTOS = YES_AGGRESSIVE;
				GCC_WARN_UNUSED_FUNCTION = YES;
				GCC_WARN_UNUSED_VARIABLE = YES;
				IPHONEOS_DEPLOYMENT_TARGET = 12.1;
				MTL_ENABLE_DEBUG_INFO = INCLUDE_SOURCE;
				MTL_FAST_MATH = YES;
				ONLY_ACTIVE_ARCH = YES;
				SDKROOT = iphoneos;
				SWIFT_ACTIVE_COMPILATION_CONDITIONS = DEBUG;
				SWIFT_OPTIMIZATION_LEVEL = "-Onone";
			};
			name = Debug;
		};
		138AC6E221CBE24B00833B63 /* Release */ = {
			isa = XCBuildConfiguration;
			buildSettings = {
				ALWAYS_SEARCH_USER_PATHS = NO;
				CLANG_ANALYZER_NONNULL = YES;
				CLANG_ANALYZER_NUMBER_OBJECT_CONVERSION = YES_AGGRESSIVE;
				CLANG_CXX_LANGUAGE_STANDARD = "gnu++14";
				CLANG_CXX_LIBRARY = "libc++";
				CLANG_ENABLE_MODULES = YES;
				CLANG_ENABLE_OBJC_ARC = YES;
				CLANG_ENABLE_OBJC_WEAK = YES;
				CLANG_WARN_BLOCK_CAPTURE_AUTORELEASING = YES;
				CLANG_WARN_BOOL_CONVERSION = YES;
				CLANG_WARN_COMMA = YES;
				CLANG_WARN_CONSTANT_CONVERSION = YES;
				CLANG_WARN_DEPRECATED_OBJC_IMPLEMENTATIONS = YES;
				CLANG_WARN_DIRECT_OBJC_ISA_USAGE = YES_ERROR;
				CLANG_WARN_DOCUMENTATION_COMMENTS = YES;
				CLANG_WARN_EMPTY_BODY = YES;
				CLANG_WARN_ENUM_CONVERSION = YES;
				CLANG_WARN_INFINITE_RECURSION = YES;
				CLANG_WARN_INT_CONVERSION = YES;
				CLANG_WARN_NON_LITERAL_NULL_CONVERSION = YES;
				CLANG_WARN_OBJC_IMPLICIT_RETAIN_SELF = YES;
				CLANG_WARN_OBJC_LITERAL_CONVERSION = YES;
				CLANG_WARN_OBJC_ROOT_CLASS = YES_ERROR;
				CLANG_WARN_RANGE_LOOP_ANALYSIS = YES;
				CLANG_WARN_STRICT_PROTOTYPES = YES;
				CLANG_WARN_SUSPICIOUS_MOVE = YES;
				CLANG_WARN_UNGUARDED_AVAILABILITY = YES_AGGRESSIVE;
				CLANG_WARN_UNREACHABLE_CODE = YES;
				CLANG_WARN__DUPLICATE_METHOD_MATCH = YES;
				CODE_SIGN_IDENTITY = "iPhone Developer";
				COPY_PHASE_STRIP = NO;
				DEBUG_INFORMATION_FORMAT = "dwarf-with-dsym";
				ENABLE_NS_ASSERTIONS = NO;
				ENABLE_STRICT_OBJC_MSGSEND = YES;
				GCC_C_LANGUAGE_STANDARD = gnu11;
				GCC_NO_COMMON_BLOCKS = YES;
				GCC_WARN_64_TO_32_BIT_CONVERSION = YES;
				GCC_WARN_ABOUT_RETURN_TYPE = YES_ERROR;
				GCC_WARN_UNDECLARED_SELECTOR = YES;
				GCC_WARN_UNINITIALIZED_AUTOS = YES_AGGRESSIVE;
				GCC_WARN_UNUSED_FUNCTION = YES;
				GCC_WARN_UNUSED_VARIABLE = YES;
				IPHONEOS_DEPLOYMENT_TARGET = 12.1;
				MTL_ENABLE_DEBUG_INFO = NO;
				MTL_FAST_MATH = YES;
				SDKROOT = iphoneos;
				SWIFT_COMPILATION_MODE = wholemodule;
				SWIFT_OPTIMIZATION_LEVEL = "-O";
				VALIDATE_PRODUCT = YES;
			};
			name = Release;
		};
		138AC6E421CBE24B00833B63 /* Debug */ = {
			isa = XCBuildConfiguration;
			buildSettings = {
				ASSETCATALOG_COMPILER_APPICON_NAME = AppIcon;
				CODE_SIGN_STYLE = Automatic;
				DEVELOPMENT_TEAM = 7UMFPW78PV;
				INFOPLIST_FILE = SimpleHeadTrackingExample/Info.plist;
				LD_RUNPATH_SEARCH_PATHS = (
					"$(inherited)",
					"@executable_path/Frameworks",
				);
				PRODUCT_BUNDLE_IDENTIFIER = com.willowtree.SimpleHeadTrackingExample;
				PRODUCT_NAME = "$(TARGET_NAME)";
				SWIFT_VERSION = 4.2;
				TARGETED_DEVICE_FAMILY = "1,2";
			};
			name = Debug;
		};
		138AC6E521CBE24B00833B63 /* Release */ = {
			isa = XCBuildConfiguration;
			buildSettings = {
				ASSETCATALOG_COMPILER_APPICON_NAME = AppIcon;
				CODE_SIGN_STYLE = Automatic;
				DEVELOPMENT_TEAM = 7UMFPW78PV;
				INFOPLIST_FILE = SimpleHeadTrackingExample/Info.plist;
				LD_RUNPATH_SEARCH_PATHS = (
					"$(inherited)",
					"@executable_path/Frameworks",
				);
				PRODUCT_BUNDLE_IDENTIFIER = com.willowtree.SimpleHeadTrackingExample;
				PRODUCT_NAME = "$(TARGET_NAME)";
				SWIFT_VERSION = 4.2;
				TARGETED_DEVICE_FAMILY = "1,2";
			};
			name = Release;
		};
/* End XCBuildConfiguration section */

/* Begin XCConfigurationList section */
		138AC6CA21CBE24900833B63 /* Build configuration list for PBXProject "SimpleHeadTrackingExample" */ = {
			isa = XCConfigurationList;
			buildConfigurations = (
				138AC6E121CBE24B00833B63 /* Debug */,
				138AC6E221CBE24B00833B63 /* Release */,
			);
			defaultConfigurationIsVisible = 0;
			defaultConfigurationName = Release;
		};
		138AC6E321CBE24B00833B63 /* Build configuration list for PBXNativeTarget "SimpleHeadTrackingExample" */ = {
			isa = XCConfigurationList;
			buildConfigurations = (
				138AC6E421CBE24B00833B63 /* Debug */,
				138AC6E521CBE24B00833B63 /* Release */,
			);
			defaultConfigurationIsVisible = 0;
			defaultConfigurationName = Release;
		};
/* End XCConfigurationList section */
	};
	rootObject = 138AC6C721CBE24900833B63 /* Project object */;
}
